// !$*UTF8*$!
{
	archiveVersion = 1;
	classes = {
	};
	objectVersion = 50;
	objects = {

/* Begin PBXBuildFile section */
		AA091797247AFBEE0074CF6E /* MARC8Record1.marc8 in Resources */ = {isa = PBXBuildFile; fileRef = AA091796247AFBEE0074CF6E /* MARC8Record1.marc8 */; };
		AA14E83720D8D2AD00430A87 /* libyaz.dylib in Frameworks */ = {isa = PBXBuildFile; fileRef = AA14E82A20D8C84B00430A87 /* libyaz.dylib */; };
		AA19396D22E2C58000429C54 /* ClassificationRecord.marc8 in Resources */ = {isa = PBXBuildFile; fileRef = AA19396C22E2C58000429C54 /* ClassificationRecord.marc8 */; };
		AA19396F22E6366B00429C54 /* Bibliotek+Internal.h in Headers */ = {isa = PBXBuildFile; fileRef = AA19396E22E635CF00429C54 /* Bibliotek+Internal.h */; };
		AA19397522E7708900429C54 /* BibliographicRecord.marc8 in Resources */ = {isa = PBXBuildFile; fileRef = AA19397422E7708900429C54 /* BibliographicRecord.marc8 */; };
		AA19397822E8DF2D00429C54 /* BibMARCInputStream.h in Headers */ = {isa = PBXBuildFile; fileRef = AA19397622E8DF2D00429C54 /* BibMARCInputStream.h */; settings = {ATTRIBUTES = (Public, ); }; };
		AA19397922E8DF2D00429C54 /* BibMARCInputStream.m in Sources */ = {isa = PBXBuildFile; fileRef = AA19397722E8DF2D00429C54 /* BibMARCInputStream.m */; };
		AA258AF021FA2E1D00CDF88E /* NSCharacterSet+BibASCIICharacterSet.m in Sources */ = {isa = PBXBuildFile; fileRef = AA258AEE21FA2E1D00CDF88E /* NSCharacterSet+BibASCIICharacterSet.m */; };
		AA258AF121FB8EF200CDF88E /* NSCharacterSet+BibASCIICharacterSet.h in Headers */ = {isa = PBXBuildFile; fileRef = AA258AED21FA2E1D00CDF88E /* NSCharacterSet+BibASCIICharacterSet.h */; };
		AA258AFC21FE3C2A00CDF88E /* NSString+BibCharacterSetValidation.h in Headers */ = {isa = PBXBuildFile; fileRef = AA258AFA21FE3C2A00CDF88E /* NSString+BibCharacterSetValidation.h */; };
		AA258AFD21FE3C2A00CDF88E /* NSString+BibCharacterSetValidation.m in Sources */ = {isa = PBXBuildFile; fileRef = AA258AFB21FE3C2A00CDF88E /* NSString+BibCharacterSetValidation.m */; };
		AA2F88DC2121171A0085A637 /* libyaz.dylib in CopyFiles */ = {isa = PBXBuildFile; fileRef = AA14E82A20D8C84B00430A87 /* libyaz.dylib */; settings = {ATTRIBUTES = (CodeSignOnCopy, ); }; };
		AA382B2A24439CA1009F624D /* BibMarcIO.h in Headers */ = {isa = PBXBuildFile; fileRef = AA382B2824439CA1009F624D /* BibMarcIO.h */; };
		AA382B2B24439CA1009F624D /* BibMarcIO.m in Sources */ = {isa = PBXBuildFile; fileRef = AA382B2924439CA1009F624D /* BibMarcIO.m */; };
		AA51EA8B211AA98B00BF28BE /* BibConnectionOptions.h in Headers */ = {isa = PBXBuildFile; fileRef = AA51EA89211AA98B00BF28BE /* BibConnectionOptions.h */; settings = {ATTRIBUTES = (Public, ); }; };
		AA51EA8C211AA98B00BF28BE /* BibConnectionOptions.m in Sources */ = {isa = PBXBuildFile; fileRef = AA51EA8A211AA98B00BF28BE /* BibConnectionOptions.m */; };
		AA51EA8E211AAAEB00BF28BE /* BibConnectionOptions+Private.h in Headers */ = {isa = PBXBuildFile; fileRef = AA51EA8D211AAAEA00BF28BE /* BibConnectionOptions+Private.h */; settings = {ATTRIBUTES = (Private, ); }; };
		AA51EA91211AB79A00BF28BE /* BibConnectionEndpoint.h in Headers */ = {isa = PBXBuildFile; fileRef = AA51EA8F211AB79A00BF28BE /* BibConnectionEndpoint.h */; settings = {ATTRIBUTES = (Public, ); }; };
		AA51EA92211AB79A00BF28BE /* BibConnectionEndpoint.m in Sources */ = {isa = PBXBuildFile; fileRef = AA51EA90211AB79A00BF28BE /* BibConnectionEndpoint.m */; };
		AA51EA96211AC93C00BF28BE /* BibConnectionEndpoint.swift in Sources */ = {isa = PBXBuildFile; fileRef = AA51EA95211AC93C00BF28BE /* BibConnectionEndpoint.swift */; };
		AA51EA98211AC9DF00BF28BE /* BibConnectionOptions.swift in Sources */ = {isa = PBXBuildFile; fileRef = AA51EA97211AC9DE00BF28BE /* BibConnectionOptions.swift */; };
		AA51EA9A211C181900BF28BE /* BibConnection.swift in Sources */ = {isa = PBXBuildFile; fileRef = AA51EA99211C181900BF28BE /* BibConnection.swift */; };
		AA59055220AA43DD00D41982 /* BibConnection.h in Headers */ = {isa = PBXBuildFile; fileRef = AA59055020AA43DD00D41982 /* BibConnection.h */; settings = {ATTRIBUTES = (Public, ); }; };
		AA59055320AA43DD00D41982 /* BibConnection.m in Sources */ = {isa = PBXBuildFile; fileRef = AA59055120AA43DD00D41982 /* BibConnection.m */; };
		AA59056820AB419C00D41982 /* BibConnection+Private.h in Headers */ = {isa = PBXBuildFile; fileRef = AA59056720AB419900D41982 /* BibConnection+Private.h */; settings = {ATTRIBUTES = (Private, ); }; };
		AA59F0D720A9FACF00D41982 /* Bibliotek.h in Headers */ = {isa = PBXBuildFile; fileRef = AA59F0D520A9FACF00D41982 /* Bibliotek.h */; settings = {ATTRIBUTES = (Public, ); }; };
		AA6D18D620B5B6CC00603E61 /* BibFetchRequest.h in Headers */ = {isa = PBXBuildFile; fileRef = AA6D18D420B5B6CC00603E61 /* BibFetchRequest.h */; settings = {ATTRIBUTES = (Public, ); }; };
		AA6D18D720B5B6CC00603E61 /* BibFetchRequest.m in Sources */ = {isa = PBXBuildFile; fileRef = AA6D18D520B5B6CC00603E61 /* BibFetchRequest.m */; };
		AA6D18D920B5B9FC00603E61 /* BibFetchRequest+Private.h in Headers */ = {isa = PBXBuildFile; fileRef = AA6D18D820B5B9FC00603E61 /* BibFetchRequest+Private.h */; settings = {ATTRIBUTES = (Private, ); }; };
		AA79FFD924685D0100134C98 /* BibFieldPath.h in Headers */ = {isa = PBXBuildFile; fileRef = AA79FFD724685D0100134C98 /* BibFieldPath.h */; settings = {ATTRIBUTES = (Public, ); }; };
		AA79FFDA24685D0100134C98 /* BibFieldPath.m in Sources */ = {isa = PBXBuildFile; fileRef = AA79FFD824685D0100134C98 /* BibFieldPath.m */; };
		AA79FFDC246868B300134C98 /* FieldPath.swift in Sources */ = {isa = PBXBuildFile; fileRef = AA79FFDB246868B300134C98 /* FieldPath.swift */; };
		AA79FFDE2469A1AF00134C98 /* RecordFieldAccessTests.swift in Sources */ = {isa = PBXBuildFile; fileRef = AA79FFDD2469A1AF00134C98 /* RecordFieldAccessTests.swift */; };
		AA99BAF62301E4370055C078 /* BibHasher.h in Headers */ = {isa = PBXBuildFile; fileRef = AA99BAF42301E4370055C078 /* BibHasher.h */; };
		AA99BAF72301E4370055C078 /* BibHasher.m in Sources */ = {isa = PBXBuildFile; fileRef = AA99BAF52301E4370055C078 /* BibHasher.m */; };
		AA99BAFE23020BE30055C078 /* BibField.h in Headers */ = {isa = PBXBuildFile; fileRef = AA99BAFC23020BE30055C078 /* BibField.h */; settings = {ATTRIBUTES = (Public, ); }; };
		AA99BAFF23020BE30055C078 /* BibField.m in Sources */ = {isa = PBXBuildFile; fileRef = AA99BAFD23020BE30055C078 /* BibField.m */; };
		AAA30B9C22F48F7900AF7AE5 /* BibMARCInputStream.swift in Sources */ = {isa = PBXBuildFile; fileRef = AAA30B9B22F48F7900AF7AE5 /* BibMARCInputStream.swift */; };
		AAA4DFFF22EBE2780003AF7B /* BibMARCInputStreamTests.m in Sources */ = {isa = PBXBuildFile; fileRef = AAA4DFFE22EBE2780003AF7B /* BibMARCInputStreamTests.m */; };
		AAA4E00122EBF5D20003AF7B /* FieldTag.swift in Sources */ = {isa = PBXBuildFile; fileRef = AAA4E00022EBF5D20003AF7B /* FieldTag.swift */; };
		AAA4E00322EBFBA40003AF7B /* ControlField.swift in Sources */ = {isa = PBXBuildFile; fileRef = AAA4E00222EBFBA40003AF7B /* ControlField.swift */; };
		AAA4E00522EBFF670003AF7B /* Subfield.swift in Sources */ = {isa = PBXBuildFile; fileRef = AAA4E00422EBFF670003AF7B /* Subfield.swift */; };
		AAA4E00722EC03170003AF7B /* ContentIndicatorList.swift in Sources */ = {isa = PBXBuildFile; fileRef = AAA4E00622EC03170003AF7B /* ContentIndicatorList.swift */; };
		AAA4E00922EC0C730003AF7B /* ContentField.swift in Sources */ = {isa = PBXBuildFile; fileRef = AAA4E00822EC0C730003AF7B /* ContentField.swift */; };
		AAA4E00B22EC119A0003AF7B /* Record.swift in Sources */ = {isa = PBXBuildFile; fileRef = AAA4E00A22EC119A0003AF7B /* Record.swift */; };
		AAA4E01722ED66A70003AF7B /* BibMetadata+Internal.h in Headers */ = {isa = PBXBuildFile; fileRef = AAA4E01622ED66A70003AF7B /* BibMetadata+Internal.h */; };
		AAA4E01922ED719F0003AF7B /* Metadata.swift in Sources */ = {isa = PBXBuildFile; fileRef = AAA4E01822ED719F0003AF7B /* Metadata.swift */; };
		AAA4E01C22EE0D5A0003AF7B /* BibRecordKind.h in Headers */ = {isa = PBXBuildFile; fileRef = AAA4E01A22EE0D5A0003AF7B /* BibRecordKind.h */; settings = {ATTRIBUTES = (Public, ); }; };
		AAA4E01D22EE0D5A0003AF7B /* BibRecordKind.m in Sources */ = {isa = PBXBuildFile; fileRef = AAA4E01B22EE0D5A0003AF7B /* BibRecordKind.m */; };
		AAA4E01F22EE270E0003AF7B /* RecordKind.swift in Sources */ = {isa = PBXBuildFile; fileRef = AAA4E01E22EE270E0003AF7B /* RecordKind.swift */; };
		AAAA428920B9F32A00BDB52B /* Bibliotek.framework in Frameworks */ = {isa = PBXBuildFile; fileRef = AA59F0D220A9FACF00D41982 /* Bibliotek.framework */; };
		AAAA429120B9F35600BDB52B /* BibliotekTests.swift in Sources */ = {isa = PBXBuildFile; fileRef = AAAA429020B9F35600BDB52B /* BibliotekTests.swift */; };
		AAAA429E20BB0E3600BDB52B /* BibConstants.h in Headers */ = {isa = PBXBuildFile; fileRef = AAAA429C20BB0E3600BDB52B /* BibConstants.h */; settings = {ATTRIBUTES = (Public, ); }; };
		AAAA429F20BB0E3600BDB52B /* BibConstants.m in Sources */ = {isa = PBXBuildFile; fileRef = AAAA429D20BB0E3600BDB52B /* BibConstants.m */; };
		AAAA42A220BB156100BDB52B /* BibRecordList.h in Headers */ = {isa = PBXBuildFile; fileRef = AAAA42A020BB156100BDB52B /* BibRecordList.h */; settings = {ATTRIBUTES = (Public, ); }; };
		AAAA42A320BB156100BDB52B /* BibRecordList.m in Sources */ = {isa = PBXBuildFile; fileRef = AAAA42A120BB156100BDB52B /* BibRecordList.m */; };
		AAAA42A520BB187000BDB52B /* BibRecordList+Private.h in Headers */ = {isa = PBXBuildFile; fileRef = AAAA42A420BB187000BDB52B /* BibRecordList+Private.h */; settings = {ATTRIBUTES = (Private, ); }; };
		AAAFD992247B5F1F00D2D1F0 /* MARC8Record2.marc8 in Resources */ = {isa = PBXBuildFile; fileRef = AAAFD991247B5F1F00D2D1F0 /* MARC8Record2.marc8 */; };
		AAAFD995247B65EC00D2D1F0 /* BibCharacterConversion.h in Headers */ = {isa = PBXBuildFile; fileRef = AAAFD993247B65EC00D2D1F0 /* BibCharacterConversion.h */; };
		AAAFD996247B65EC00D2D1F0 /* BibCharacterConversion.m in Sources */ = {isa = PBXBuildFile; fileRef = AAAFD994247B65EC00D2D1F0 /* BibCharacterConversion.m */; };
		AAAFD998247B712400D2D1F0 /* BibCharacterConversionTests.m in Sources */ = {isa = PBXBuildFile; fileRef = AAAFD997247B712400D2D1F0 /* BibCharacterConversionTests.m */; };
		AAAFD99B247C3A6300D2D1F0 /* BibLCCallNumber.h in Headers */ = {isa = PBXBuildFile; fileRef = AAAFD999247C3A6300D2D1F0 /* BibLCCallNumber.h */; settings = {ATTRIBUTES = (Public, ); }; };
		AAAFD99C247C3A6300D2D1F0 /* BibLCCallNumber.m in Sources */ = {isa = PBXBuildFile; fileRef = AAAFD99A247C3A6300D2D1F0 /* BibLCCallNumber.m */; };
		AAAFD99F247C3C5500D2D1F0 /* BibLCCallNumber+Internal.h in Headers */ = {isa = PBXBuildFile; fileRef = AAAFD99E247C3C5500D2D1F0 /* BibLCCallNumber+Internal.h */; };
		AAAFD9A1247C473A00D2D1F0 /* BibLCCallNumber+Internal.c in Sources */ = {isa = PBXBuildFile; fileRef = AAAFD9A0247C473A00D2D1F0 /* BibLCCallNumber+Internal.c */; };
		AAAFD9A3247CC03800D2D1F0 /* BibLCCallNumberTests.m in Sources */ = {isa = PBXBuildFile; fileRef = AAAFD9A2247CC03800D2D1F0 /* BibLCCallNumberTests.m */; };
		AAAFD9A5247CDAB200D2D1F0 /* BibLCCallNumber.swift in Sources */ = {isa = PBXBuildFile; fileRef = AAAFD9A4247CDAB200D2D1F0 /* BibLCCallNumber.swift */; };
		AAB7864F2454C2D90018A833 /* BibMARCOutputStream.h in Headers */ = {isa = PBXBuildFile; fileRef = AAB7864D2454C2D90018A833 /* BibMARCOutputStream.h */; settings = {ATTRIBUTES = (Public, ); }; };
		AAB786502454C2D90018A833 /* BibMARCOutputStream.m in Sources */ = {isa = PBXBuildFile; fileRef = AAB7864E2454C2D90018A833 /* BibMARCOutputStream.m */; };
		AAB786522454F0550018A833 /* BibMARCOutputStreamTests.m in Sources */ = {isa = PBXBuildFile; fileRef = AAB786512454F0550018A833 /* BibMARCOutputStreamTests.m */; };
		AAB7865424550AFB0018A833 /* BibMARCOutputStream.swift in Sources */ = {isa = PBXBuildFile; fileRef = AAB7865324550AFB0018A833 /* BibMARCOutputStream.swift */; };
		AAB786582455FCEB0018A833 /* BibMARCSerialization.h in Headers */ = {isa = PBXBuildFile; fileRef = AAB786562455FCEB0018A833 /* BibMARCSerialization.h */; settings = {ATTRIBUTES = (Public, ); }; };
		AAB786592455FCEB0018A833 /* BibMARCSerialization.m in Sources */ = {isa = PBXBuildFile; fileRef = AAB786572455FCEB0018A833 /* BibMARCSerialization.m */; };
		AAB7865B2456208E0018A833 /* BibMARCSerializationInput.m in Sources */ = {isa = PBXBuildFile; fileRef = AAB7865A2456208E0018A833 /* BibMARCSerializationInput.m */; };
		AAB7865D2456210F0018A833 /* BibMARCSerializationOutput.m in Sources */ = {isa = PBXBuildFile; fileRef = AAB7865C2456210F0018A833 /* BibMARCSerializationOutput.m */; };
		AAB7865F24566E2B0018A833 /* BibMARCSerialization.swift in Sources */ = {isa = PBXBuildFile; fileRef = AAB7865E24566E2B0018A833 /* BibMARCSerialization.swift */; };
		AABDC1FC22DAAA0F00345A58 /* BibMetadata.h in Headers */ = {isa = PBXBuildFile; fileRef = AABDC1FA22DAAA0E00345A58 /* BibMetadata.h */; settings = {ATTRIBUTES = (Public, ); }; };
		AABDC1FF22DAB2FD00345A58 /* BibLeader.m in Sources */ = {isa = PBXBuildFile; fileRef = AABDC1FD22DAB2FD00345A58 /* BibLeader.m */; };
		AABDC20022DAB2FD00345A58 /* BibLeader.h in Headers */ = {isa = PBXBuildFile; fileRef = AABDC1FE22DAB2FD00345A58 /* BibLeader.h */; };
		AABDC20322DABA5300345A58 /* BibMetadata.m in Sources */ = {isa = PBXBuildFile; fileRef = AABDC1F922DAAA0E00345A58 /* BibMetadata.m */; };
		AABDC20622DAC10500345A58 /* BibDirectoryEntry.m in Sources */ = {isa = PBXBuildFile; fileRef = AABDC20422DAC10500345A58 /* BibDirectoryEntry.m */; };
		AABDC20722DAC10500345A58 /* BibDirectoryEntry.h in Headers */ = {isa = PBXBuildFile; fileRef = AABDC20522DAC10500345A58 /* BibDirectoryEntry.h */; };
		AABDC20A22DAC17A00345A58 /* BibFieldTag.m in Sources */ = {isa = PBXBuildFile; fileRef = AABDC20822DAC17A00345A58 /* BibFieldTag.m */; };
		AABDC20B22DAC17A00345A58 /* BibFieldTag.h in Headers */ = {isa = PBXBuildFile; fileRef = AABDC20922DAC17A00345A58 /* BibFieldTag.h */; settings = {ATTRIBUTES = (Public, ); }; };
		AABDC20E22DAC99F00345A58 /* BibControlField.h in Headers */ = {isa = PBXBuildFile; fileRef = AABDC20C22DAC99F00345A58 /* BibControlField.h */; settings = {ATTRIBUTES = (Public, ); }; };
		AABDC20F22DAC99F00345A58 /* BibControlField.m in Sources */ = {isa = PBXBuildFile; fileRef = AABDC20D22DAC99F00345A58 /* BibControlField.m */; };
		AABDC21222DACDBC00345A58 /* BibContentIndicatorList.m in Sources */ = {isa = PBXBuildFile; fileRef = AABDC21022DACDBC00345A58 /* BibContentIndicatorList.m */; };
		AABDC21322DACDBC00345A58 /* BibContentIndicatorList.h in Headers */ = {isa = PBXBuildFile; fileRef = AABDC21122DACDBC00345A58 /* BibContentIndicatorList.h */; settings = {ATTRIBUTES = (Public, ); }; };
		AABDC21A22DAE05200345A58 /* BibSubfield.h in Headers */ = {isa = PBXBuildFile; fileRef = AABDC21822DAE05200345A58 /* BibSubfield.h */; settings = {ATTRIBUTES = (Public, ); }; };
		AABDC21B22DAE05200345A58 /* BibSubfield.m in Sources */ = {isa = PBXBuildFile; fileRef = AABDC21922DAE05200345A58 /* BibSubfield.m */; };
		AABDC21E22DAE32D00345A58 /* BibContentField.h in Headers */ = {isa = PBXBuildFile; fileRef = AABDC21C22DAE32C00345A58 /* BibContentField.h */; settings = {ATTRIBUTES = (Public, ); }; };
		AABDC21F22DAE32D00345A58 /* BibContentField.m in Sources */ = {isa = PBXBuildFile; fileRef = AABDC21D22DAE32C00345A58 /* BibContentField.m */; };
		AABDC22222DAE7CD00345A58 /* BibRecord.h in Headers */ = {isa = PBXBuildFile; fileRef = AABDC22022DAE7CD00345A58 /* BibRecord.h */; settings = {ATTRIBUTES = (Public, ); }; };
		AABDC22322DAE7CD00345A58 /* BibRecord.m in Sources */ = {isa = PBXBuildFile; fileRef = AABDC22122DAE7CD00345A58 /* BibRecord.m */; };
		AACEDD6420C1A946004ACA07 /* BibConstants.swift in Sources */ = {isa = PBXBuildFile; fileRef = AACEDD6320C1A946004ACA07 /* BibConstants.swift */; };
		AADE536620CE2E8F0043CE5B /* BibRecordList.swift in Sources */ = {isa = PBXBuildFile; fileRef = AADE536520CE2E8F0043CE5B /* BibRecordList.swift */; };
/* End PBXBuildFile section */

/* Begin PBXContainerItemProxy section */
		AA14E83420D8D13F00430A87 /* PBXContainerItemProxy */ = {
			isa = PBXContainerItemProxy;
			containerPortal = AA59F0C920A9FACF00D41982 /* Project object */;
			proxyType = 1;
			remoteGlobalIDString = AA14E83020D8D10400430A87;
			remoteInfo = "yaz-config";
		};
		AA14E83820D8D34000430A87 /* PBXContainerItemProxy */ = {
			isa = PBXContainerItemProxy;
			containerPortal = AA59F0C920A9FACF00D41982 /* Project object */;
			proxyType = 1;
			remoteGlobalIDString = AA5900E620AA274F00D41982;
			remoteInfo = libyaz;
		};
		AAAA428A20B9F32A00BDB52B /* PBXContainerItemProxy */ = {
			isa = PBXContainerItemProxy;
			containerPortal = AA59F0C920A9FACF00D41982 /* Project object */;
			proxyType = 1;
			remoteGlobalIDString = AA59F0D120A9FACF00D41982;
			remoteInfo = Bibliotek;
		};
/* End PBXContainerItemProxy section */

/* Begin PBXCopyFilesBuildPhase section */
		AA2F88DB212117170085A637 /* CopyFiles */ = {
			isa = PBXCopyFilesBuildPhase;
			buildActionMask = 2147483647;
			dstPath = "";
			dstSubfolderSpec = 10;
			files = (
				AA2F88DC2121171A0085A637 /* libyaz.dylib in CopyFiles */,
			);
			runOnlyForDeploymentPostprocessing = 0;
		};
/* End PBXCopyFilesBuildPhase section */

/* Begin PBXFileReference section */
		AA091796247AFBEE0074CF6E /* MARC8Record1.marc8 */ = {isa = PBXFileReference; lastKnownFileType = text; path = MARC8Record1.marc8; sourceTree = "<group>"; };
		AA14E82720D8C2FD00430A87 /* configure */ = {isa = PBXFileReference; lastKnownFileType = text.script.sh; path = configure; sourceTree = "<group>"; };
		AA14E82A20D8C84B00430A87 /* libyaz.dylib */ = {isa = PBXFileReference; lastKnownFileType = "compiled.mach-o.dylib"; name = libyaz.dylib; path = lib/libyaz.dylib; sourceTree = BUILT_PRODUCTS_DIR; };
		AA19396C22E2C58000429C54 /* ClassificationRecord.marc8 */ = {isa = PBXFileReference; fileEncoding = 4; lastKnownFileType = text; path = ClassificationRecord.marc8; sourceTree = "<group>"; };
		AA19396E22E635CF00429C54 /* Bibliotek+Internal.h */ = {isa = PBXFileReference; lastKnownFileType = sourcecode.c.h; path = "Bibliotek+Internal.h"; sourceTree = "<group>"; };
		AA19397422E7708900429C54 /* BibliographicRecord.marc8 */ = {isa = PBXFileReference; fileEncoding = 4; lastKnownFileType = text; path = BibliographicRecord.marc8; sourceTree = "<group>"; };
		AA19397622E8DF2D00429C54 /* BibMARCInputStream.h */ = {isa = PBXFileReference; lastKnownFileType = sourcecode.c.h; path = BibMARCInputStream.h; sourceTree = "<group>"; };
		AA19397722E8DF2D00429C54 /* BibMARCInputStream.m */ = {isa = PBXFileReference; lastKnownFileType = sourcecode.c.objc; path = BibMARCInputStream.m; sourceTree = "<group>"; };
		AA258AED21FA2E1D00CDF88E /* NSCharacterSet+BibASCIICharacterSet.h */ = {isa = PBXFileReference; lastKnownFileType = sourcecode.c.h; path = "NSCharacterSet+BibASCIICharacterSet.h"; sourceTree = "<group>"; };
		AA258AEE21FA2E1D00CDF88E /* NSCharacterSet+BibASCIICharacterSet.m */ = {isa = PBXFileReference; lastKnownFileType = sourcecode.c.objc; path = "NSCharacterSet+BibASCIICharacterSet.m"; sourceTree = "<group>"; };
		AA258AFA21FE3C2A00CDF88E /* NSString+BibCharacterSetValidation.h */ = {isa = PBXFileReference; lastKnownFileType = sourcecode.c.h; path = "NSString+BibCharacterSetValidation.h"; sourceTree = "<group>"; };
		AA258AFB21FE3C2A00CDF88E /* NSString+BibCharacterSetValidation.m */ = {isa = PBXFileReference; lastKnownFileType = sourcecode.c.objc; path = "NSString+BibCharacterSetValidation.m"; sourceTree = "<group>"; };
		AA37678820CDB34000CF101D /* Brewfile */ = {isa = PBXFileReference; lastKnownFileType = text; path = Brewfile; sourceTree = "<group>"; };
		AA382B2824439CA1009F624D /* BibMarcIO.h */ = {isa = PBXFileReference; lastKnownFileType = sourcecode.c.h; path = BibMarcIO.h; sourceTree = "<group>"; };
		AA382B2924439CA1009F624D /* BibMarcIO.m */ = {isa = PBXFileReference; lastKnownFileType = sourcecode.c.objc; path = BibMarcIO.m; sourceTree = "<group>"; };
		AA51EA89211AA98B00BF28BE /* BibConnectionOptions.h */ = {isa = PBXFileReference; lastKnownFileType = sourcecode.c.h; path = BibConnectionOptions.h; sourceTree = "<group>"; };
		AA51EA8A211AA98B00BF28BE /* BibConnectionOptions.m */ = {isa = PBXFileReference; lastKnownFileType = sourcecode.c.objc; path = BibConnectionOptions.m; sourceTree = "<group>"; };
		AA51EA8D211AAAEA00BF28BE /* BibConnectionOptions+Private.h */ = {isa = PBXFileReference; lastKnownFileType = sourcecode.c.h; path = "BibConnectionOptions+Private.h"; sourceTree = "<group>"; };
		AA51EA8F211AB79A00BF28BE /* BibConnectionEndpoint.h */ = {isa = PBXFileReference; lastKnownFileType = sourcecode.c.h; path = BibConnectionEndpoint.h; sourceTree = "<group>"; };
		AA51EA90211AB79A00BF28BE /* BibConnectionEndpoint.m */ = {isa = PBXFileReference; lastKnownFileType = sourcecode.c.objc; path = BibConnectionEndpoint.m; sourceTree = "<group>"; };
		AA51EA95211AC93C00BF28BE /* BibConnectionEndpoint.swift */ = {isa = PBXFileReference; lastKnownFileType = sourcecode.swift; path = BibConnectionEndpoint.swift; sourceTree = "<group>"; };
		AA51EA97211AC9DE00BF28BE /* BibConnectionOptions.swift */ = {isa = PBXFileReference; lastKnownFileType = sourcecode.swift; path = BibConnectionOptions.swift; sourceTree = "<group>"; };
		AA51EA99211C181900BF28BE /* BibConnection.swift */ = {isa = PBXFileReference; lastKnownFileType = sourcecode.swift; path = BibConnection.swift; sourceTree = "<group>"; };
		AA59055020AA43DD00D41982 /* BibConnection.h */ = {isa = PBXFileReference; lastKnownFileType = sourcecode.c.h; path = BibConnection.h; sourceTree = "<group>"; };
		AA59055120AA43DD00D41982 /* BibConnection.m */ = {isa = PBXFileReference; lastKnownFileType = sourcecode.c.objc; path = BibConnection.m; sourceTree = "<group>"; };
		AA59056720AB419900D41982 /* BibConnection+Private.h */ = {isa = PBXFileReference; lastKnownFileType = sourcecode.c.h; path = "BibConnection+Private.h"; sourceTree = "<group>"; };
		AA59F0D220A9FACF00D41982 /* Bibliotek.framework */ = {isa = PBXFileReference; explicitFileType = wrapper.framework; includeInIndex = 0; path = Bibliotek.framework; sourceTree = BUILT_PRODUCTS_DIR; };
		AA59F0D520A9FACF00D41982 /* Bibliotek.h */ = {isa = PBXFileReference; lastKnownFileType = sourcecode.c.h; path = Bibliotek.h; sourceTree = "<group>"; };
		AA59F0D620A9FACF00D41982 /* Info.plist */ = {isa = PBXFileReference; lastKnownFileType = text.plist.xml; path = Info.plist; sourceTree = "<group>"; };
		AA6D18D420B5B6CC00603E61 /* BibFetchRequest.h */ = {isa = PBXFileReference; lastKnownFileType = sourcecode.c.h; path = BibFetchRequest.h; sourceTree = "<group>"; };
		AA6D18D520B5B6CC00603E61 /* BibFetchRequest.m */ = {isa = PBXFileReference; lastKnownFileType = sourcecode.c.objc; path = BibFetchRequest.m; sourceTree = "<group>"; };
		AA6D18D820B5B9FC00603E61 /* BibFetchRequest+Private.h */ = {isa = PBXFileReference; lastKnownFileType = sourcecode.c.h; path = "BibFetchRequest+Private.h"; sourceTree = "<group>"; };
		AA79FFD724685D0100134C98 /* BibFieldPath.h */ = {isa = PBXFileReference; lastKnownFileType = sourcecode.c.h; path = BibFieldPath.h; sourceTree = "<group>"; };
		AA79FFD824685D0100134C98 /* BibFieldPath.m */ = {isa = PBXFileReference; lastKnownFileType = sourcecode.c.objc; path = BibFieldPath.m; sourceTree = "<group>"; };
		AA79FFDB246868B300134C98 /* FieldPath.swift */ = {isa = PBXFileReference; lastKnownFileType = sourcecode.swift; path = FieldPath.swift; sourceTree = "<group>"; };
		AA79FFDD2469A1AF00134C98 /* RecordFieldAccessTests.swift */ = {isa = PBXFileReference; lastKnownFileType = sourcecode.swift; path = RecordFieldAccessTests.swift; sourceTree = "<group>"; };
		AA99BAF42301E4370055C078 /* BibHasher.h */ = {isa = PBXFileReference; lastKnownFileType = sourcecode.c.h; path = BibHasher.h; sourceTree = "<group>"; };
		AA99BAF52301E4370055C078 /* BibHasher.m */ = {isa = PBXFileReference; lastKnownFileType = sourcecode.c.objc; path = BibHasher.m; sourceTree = "<group>"; };
		AA99BAFC23020BE30055C078 /* BibField.h */ = {isa = PBXFileReference; lastKnownFileType = sourcecode.c.h; path = BibField.h; sourceTree = "<group>"; };
		AA99BAFD23020BE30055C078 /* BibField.m */ = {isa = PBXFileReference; lastKnownFileType = sourcecode.c.objc; path = BibField.m; sourceTree = "<group>"; };
		AA9F66D120D0C0F000CE4DA7 /* Bibliotek.playground */ = {isa = PBXFileReference; lastKnownFileType = file.playground; path = Bibliotek.playground; sourceTree = "<group>"; xcLanguageSpecificationIdentifier = xcode.lang.swift; };
		AAA30B9B22F48F7900AF7AE5 /* BibMARCInputStream.swift */ = {isa = PBXFileReference; lastKnownFileType = sourcecode.swift; path = BibMARCInputStream.swift; sourceTree = "<group>"; };
		AAA4DFFE22EBE2780003AF7B /* BibMARCInputStreamTests.m */ = {isa = PBXFileReference; lastKnownFileType = sourcecode.c.objc; path = BibMARCInputStreamTests.m; sourceTree = "<group>"; };
		AAA4E00022EBF5D20003AF7B /* FieldTag.swift */ = {isa = PBXFileReference; lastKnownFileType = sourcecode.swift; path = FieldTag.swift; sourceTree = "<group>"; };
		AAA4E00222EBFBA40003AF7B /* ControlField.swift */ = {isa = PBXFileReference; lastKnownFileType = sourcecode.swift; path = ControlField.swift; sourceTree = "<group>"; };
		AAA4E00422EBFF670003AF7B /* Subfield.swift */ = {isa = PBXFileReference; lastKnownFileType = sourcecode.swift; path = Subfield.swift; sourceTree = "<group>"; };
		AAA4E00622EC03170003AF7B /* ContentIndicatorList.swift */ = {isa = PBXFileReference; lastKnownFileType = sourcecode.swift; path = ContentIndicatorList.swift; sourceTree = "<group>"; };
		AAA4E00822EC0C730003AF7B /* ContentField.swift */ = {isa = PBXFileReference; lastKnownFileType = sourcecode.swift; path = ContentField.swift; sourceTree = "<group>"; };
		AAA4E00A22EC119A0003AF7B /* Record.swift */ = {isa = PBXFileReference; lastKnownFileType = sourcecode.swift; path = Record.swift; sourceTree = "<group>"; };
		AAA4E01622ED66A70003AF7B /* BibMetadata+Internal.h */ = {isa = PBXFileReference; lastKnownFileType = sourcecode.c.h; path = "BibMetadata+Internal.h"; sourceTree = "<group>"; };
		AAA4E01822ED719F0003AF7B /* Metadata.swift */ = {isa = PBXFileReference; lastKnownFileType = sourcecode.swift; path = Metadata.swift; sourceTree = "<group>"; };
		AAA4E01A22EE0D5A0003AF7B /* BibRecordKind.h */ = {isa = PBXFileReference; lastKnownFileType = sourcecode.c.h; path = BibRecordKind.h; sourceTree = "<group>"; };
		AAA4E01B22EE0D5A0003AF7B /* BibRecordKind.m */ = {isa = PBXFileReference; lastKnownFileType = sourcecode.c.objc; path = BibRecordKind.m; sourceTree = "<group>"; };
		AAA4E01E22EE270E0003AF7B /* RecordKind.swift */ = {isa = PBXFileReference; lastKnownFileType = sourcecode.swift; path = RecordKind.swift; sourceTree = "<group>"; };
		AAAA428420B9F32900BDB52B /* BibliotekTests.xctest */ = {isa = PBXFileReference; explicitFileType = wrapper.cfbundle; includeInIndex = 0; path = BibliotekTests.xctest; sourceTree = BUILT_PRODUCTS_DIR; };
		AAAA428820B9F32A00BDB52B /* Info.plist */ = {isa = PBXFileReference; lastKnownFileType = text.plist.xml; path = Info.plist; sourceTree = "<group>"; };
		AAAA429020B9F35600BDB52B /* BibliotekTests.swift */ = {isa = PBXFileReference; lastKnownFileType = sourcecode.swift; path = BibliotekTests.swift; sourceTree = "<group>"; };
		AAAA429C20BB0E3600BDB52B /* BibConstants.h */ = {isa = PBXFileReference; lastKnownFileType = sourcecode.c.h; path = BibConstants.h; sourceTree = "<group>"; };
		AAAA429D20BB0E3600BDB52B /* BibConstants.m */ = {isa = PBXFileReference; lastKnownFileType = sourcecode.c.objc; path = BibConstants.m; sourceTree = "<group>"; };
		AAAA42A020BB156100BDB52B /* BibRecordList.h */ = {isa = PBXFileReference; lastKnownFileType = sourcecode.c.h; path = BibRecordList.h; sourceTree = "<group>"; };
		AAAA42A120BB156100BDB52B /* BibRecordList.m */ = {isa = PBXFileReference; lastKnownFileType = sourcecode.c.objc; path = BibRecordList.m; sourceTree = "<group>"; };
		AAAA42A420BB187000BDB52B /* BibRecordList+Private.h */ = {isa = PBXFileReference; lastKnownFileType = sourcecode.c.h; path = "BibRecordList+Private.h"; sourceTree = "<group>"; };
		AAAFD991247B5F1F00D2D1F0 /* MARC8Record2.marc8 */ = {isa = PBXFileReference; fileEncoding = 4; lastKnownFileType = text; path = MARC8Record2.marc8; sourceTree = "<group>"; };
		AAAFD993247B65EC00D2D1F0 /* BibCharacterConversion.h */ = {isa = PBXFileReference; lastKnownFileType = sourcecode.c.h; path = BibCharacterConversion.h; sourceTree = "<group>"; };
		AAAFD994247B65EC00D2D1F0 /* BibCharacterConversion.m */ = {isa = PBXFileReference; lastKnownFileType = sourcecode.c.objc; path = BibCharacterConversion.m; sourceTree = "<group>"; };
		AAAFD997247B712400D2D1F0 /* BibCharacterConversionTests.m */ = {isa = PBXFileReference; lastKnownFileType = sourcecode.c.objc; path = BibCharacterConversionTests.m; sourceTree = "<group>"; };
		AAAFD999247C3A6300D2D1F0 /* BibLCCallNumber.h */ = {isa = PBXFileReference; lastKnownFileType = sourcecode.c.h; path = BibLCCallNumber.h; sourceTree = "<group>"; };
		AAAFD99A247C3A6300D2D1F0 /* BibLCCallNumber.m */ = {isa = PBXFileReference; lastKnownFileType = sourcecode.c.objc; path = BibLCCallNumber.m; sourceTree = "<group>"; };
		AAAFD99E247C3C5500D2D1F0 /* BibLCCallNumber+Internal.h */ = {isa = PBXFileReference; lastKnownFileType = sourcecode.c.h; path = "BibLCCallNumber+Internal.h"; sourceTree = "<group>"; };
		AAAFD9A0247C473A00D2D1F0 /* BibLCCallNumber+Internal.c */ = {isa = PBXFileReference; lastKnownFileType = sourcecode.c.c; path = "BibLCCallNumber+Internal.c"; sourceTree = "<group>"; };
		AAAFD9A2247CC03800D2D1F0 /* BibLCCallNumberTests.m */ = {isa = PBXFileReference; lastKnownFileType = sourcecode.c.objc; path = BibLCCallNumberTests.m; sourceTree = "<group>"; };
		AAAFD9A4247CDAB200D2D1F0 /* BibLCCallNumber.swift */ = {isa = PBXFileReference; lastKnownFileType = sourcecode.swift; path = BibLCCallNumber.swift; sourceTree = "<group>"; };
		AAB7864D2454C2D90018A833 /* BibMARCOutputStream.h */ = {isa = PBXFileReference; lastKnownFileType = sourcecode.c.h; path = BibMARCOutputStream.h; sourceTree = "<group>"; };
		AAB7864E2454C2D90018A833 /* BibMARCOutputStream.m */ = {isa = PBXFileReference; lastKnownFileType = sourcecode.c.objc; path = BibMARCOutputStream.m; sourceTree = "<group>"; };
		AAB786512454F0550018A833 /* BibMARCOutputStreamTests.m */ = {isa = PBXFileReference; fileEncoding = 4; lastKnownFileType = sourcecode.c.objc; path = BibMARCOutputStreamTests.m; sourceTree = "<group>"; };
		AAB7865324550AFB0018A833 /* BibMARCOutputStream.swift */ = {isa = PBXFileReference; lastKnownFileType = sourcecode.swift; path = BibMARCOutputStream.swift; sourceTree = "<group>"; };
		AAB786562455FCEB0018A833 /* BibMARCSerialization.h */ = {isa = PBXFileReference; lastKnownFileType = sourcecode.c.h; path = BibMARCSerialization.h; sourceTree = "<group>"; };
		AAB786572455FCEB0018A833 /* BibMARCSerialization.m */ = {isa = PBXFileReference; lastKnownFileType = sourcecode.c.objc; path = BibMARCSerialization.m; sourceTree = "<group>"; };
		AAB7865A2456208E0018A833 /* BibMARCSerializationInput.m */ = {isa = PBXFileReference; lastKnownFileType = sourcecode.c.objc; path = BibMARCSerializationInput.m; sourceTree = "<group>"; };
		AAB7865C2456210F0018A833 /* BibMARCSerializationOutput.m */ = {isa = PBXFileReference; fileEncoding = 4; lastKnownFileType = sourcecode.c.objc; path = BibMARCSerializationOutput.m; sourceTree = "<group>"; };
		AAB7865E24566E2B0018A833 /* BibMARCSerialization.swift */ = {isa = PBXFileReference; lastKnownFileType = sourcecode.swift; path = BibMARCSerialization.swift; sourceTree = "<group>"; };
		AABDC1F922DAAA0E00345A58 /* BibMetadata.m */ = {isa = PBXFileReference; fileEncoding = 4; lastKnownFileType = sourcecode.c.objc; path = BibMetadata.m; sourceTree = "<group>"; };
		AABDC1FA22DAAA0E00345A58 /* BibMetadata.h */ = {isa = PBXFileReference; fileEncoding = 4; lastKnownFileType = sourcecode.c.h; path = BibMetadata.h; sourceTree = "<group>"; };
		AABDC1FD22DAB2FD00345A58 /* BibLeader.m */ = {isa = PBXFileReference; fileEncoding = 4; lastKnownFileType = sourcecode.c.objc; path = BibLeader.m; sourceTree = "<group>"; };
		AABDC1FE22DAB2FD00345A58 /* BibLeader.h */ = {isa = PBXFileReference; fileEncoding = 4; lastKnownFileType = sourcecode.c.h; path = BibLeader.h; sourceTree = "<group>"; };
		AABDC20422DAC10500345A58 /* BibDirectoryEntry.m */ = {isa = PBXFileReference; fileEncoding = 4; lastKnownFileType = sourcecode.c.objc; path = BibDirectoryEntry.m; sourceTree = "<group>"; };
		AABDC20522DAC10500345A58 /* BibDirectoryEntry.h */ = {isa = PBXFileReference; fileEncoding = 4; lastKnownFileType = sourcecode.c.h; path = BibDirectoryEntry.h; sourceTree = "<group>"; };
		AABDC20822DAC17A00345A58 /* BibFieldTag.m */ = {isa = PBXFileReference; fileEncoding = 4; lastKnownFileType = sourcecode.c.objc; path = BibFieldTag.m; sourceTree = "<group>"; };
		AABDC20922DAC17A00345A58 /* BibFieldTag.h */ = {isa = PBXFileReference; fileEncoding = 4; lastKnownFileType = sourcecode.c.h; path = BibFieldTag.h; sourceTree = "<group>"; };
		AABDC20C22DAC99F00345A58 /* BibControlField.h */ = {isa = PBXFileReference; fileEncoding = 4; lastKnownFileType = sourcecode.c.h; path = BibControlField.h; sourceTree = "<group>"; };
		AABDC20D22DAC99F00345A58 /* BibControlField.m */ = {isa = PBXFileReference; fileEncoding = 4; lastKnownFileType = sourcecode.c.objc; path = BibControlField.m; sourceTree = "<group>"; };
		AABDC21022DACDBC00345A58 /* BibContentIndicatorList.m */ = {isa = PBXFileReference; fileEncoding = 4; lastKnownFileType = sourcecode.c.objc; path = BibContentIndicatorList.m; sourceTree = "<group>"; };
		AABDC21122DACDBC00345A58 /* BibContentIndicatorList.h */ = {isa = PBXFileReference; fileEncoding = 4; lastKnownFileType = sourcecode.c.h; path = BibContentIndicatorList.h; sourceTree = "<group>"; };
		AABDC21822DAE05200345A58 /* BibSubfield.h */ = {isa = PBXFileReference; fileEncoding = 4; lastKnownFileType = sourcecode.c.h; path = BibSubfield.h; sourceTree = "<group>"; };
		AABDC21922DAE05200345A58 /* BibSubfield.m */ = {isa = PBXFileReference; fileEncoding = 4; lastKnownFileType = sourcecode.c.objc; path = BibSubfield.m; sourceTree = "<group>"; };
		AABDC21C22DAE32C00345A58 /* BibContentField.h */ = {isa = PBXFileReference; fileEncoding = 4; lastKnownFileType = sourcecode.c.h; path = BibContentField.h; sourceTree = "<group>"; };
		AABDC21D22DAE32C00345A58 /* BibContentField.m */ = {isa = PBXFileReference; fileEncoding = 4; lastKnownFileType = sourcecode.c.objc; path = BibContentField.m; sourceTree = "<group>"; };
		AABDC22022DAE7CD00345A58 /* BibRecord.h */ = {isa = PBXFileReference; fileEncoding = 4; lastKnownFileType = sourcecode.c.h; path = BibRecord.h; sourceTree = "<group>"; };
		AABDC22122DAE7CD00345A58 /* BibRecord.m */ = {isa = PBXFileReference; fileEncoding = 4; lastKnownFileType = sourcecode.c.objc; path = BibRecord.m; sourceTree = "<group>"; };
		AACEDD6320C1A946004ACA07 /* BibConstants.swift */ = {isa = PBXFileReference; lastKnownFileType = sourcecode.swift; path = BibConstants.swift; sourceTree = "<group>"; };
		AACEDD6520C4757A004ACA07 /* LICENSE */ = {isa = PBXFileReference; lastKnownFileType = text; path = LICENSE; sourceTree = "<group>"; };
		AACEDD6620C47583004ACA07 /* README.md */ = {isa = PBXFileReference; lastKnownFileType = net.daringfireball.markdown; path = README.md; sourceTree = "<group>"; };
		AADE536520CE2E8F0043CE5B /* BibRecordList.swift */ = {isa = PBXFileReference; lastKnownFileType = sourcecode.swift; path = BibRecordList.swift; sourceTree = "<group>"; };
/* End PBXFileReference section */

/* Begin PBXFrameworksBuildPhase section */
		AA59F0CE20A9FACF00D41982 /* Frameworks */ = {
			isa = PBXFrameworksBuildPhase;
			buildActionMask = 2147483647;
			files = (
				AA14E83720D8D2AD00430A87 /* libyaz.dylib in Frameworks */,
			);
			runOnlyForDeploymentPostprocessing = 0;
		};
		AAAA428120B9F32900BDB52B /* Frameworks */ = {
			isa = PBXFrameworksBuildPhase;
			buildActionMask = 2147483647;
			files = (
				AAAA428920B9F32A00BDB52B /* Bibliotek.framework in Frameworks */,
			);
			runOnlyForDeploymentPostprocessing = 0;
		};
/* End PBXFrameworksBuildPhase section */

/* Begin PBXGroup section */
		AA14E83620D8D2AD00430A87 /* Frameworks */ = {
			isa = PBXGroup;
			children = (
			);
			name = Frameworks;
			sourceTree = "<group>";
		};
		AA258B0722079B4200CDF88E /* Foundation */ = {
			isa = PBXGroup;
			children = (
				AA258AED21FA2E1D00CDF88E /* NSCharacterSet+BibASCIICharacterSet.h */,
				AA258AEE21FA2E1D00CDF88E /* NSCharacterSet+BibASCIICharacterSet.m */,
				AA258AFA21FE3C2A00CDF88E /* NSString+BibCharacterSetValidation.h */,
				AA258AFB21FE3C2A00CDF88E /* NSString+BibCharacterSetValidation.m */,
				AA99BAF42301E4370055C078 /* BibHasher.h */,
				AA99BAF52301E4370055C078 /* BibHasher.m */,
			);
			path = Foundation;
			sourceTree = "<group>";
		};
		AA2F88D3212092000085A637 /* FetchRequest */ = {
			isa = PBXGroup;
			children = (
				AA6D18D420B5B6CC00603E61 /* BibFetchRequest.h */,
				AA6D18D820B5B9FC00603E61 /* BibFetchRequest+Private.h */,
				AA6D18D520B5B6CC00603E61 /* BibFetchRequest.m */,
			);
			path = FetchRequest;
			sourceTree = "<group>";
		};
		AA2F88D42120920C0085A637 /* RecordList */ = {
			isa = PBXGroup;
			children = (
				AAAA42A020BB156100BDB52B /* BibRecordList.h */,
				AAAA42A420BB187000BDB52B /* BibRecordList+Private.h */,
				AAAA42A120BB156100BDB52B /* BibRecordList.m */,
				AADE536520CE2E8F0043CE5B /* BibRecordList.swift */,
			);
			path = RecordList;
			sourceTree = "<group>";
		};
		AA59F0C820A9FACF00D41982 = {
			isa = PBXGroup;
			children = (
				AA59F0D420A9FACF00D41982 /* Bibliotek */,
				AAAA428520B9F32A00BDB52B /* BibliotekTests */,
				AA9F66D120D0C0F000CE4DA7 /* Bibliotek.playground */,
				AA59F0D320A9FACF00D41982 /* Products */,
				AA14E82720D8C2FD00430A87 /* configure */,
				AACEDD6520C4757A004ACA07 /* LICENSE */,
				AACEDD6620C47583004ACA07 /* README.md */,
				AA37678820CDB34000CF101D /* Brewfile */,
				AA14E82A20D8C84B00430A87 /* libyaz.dylib */,
				AA14E83620D8D2AD00430A87 /* Frameworks */,
			);
			sourceTree = "<group>";
		};
		AA59F0D320A9FACF00D41982 /* Products */ = {
			isa = PBXGroup;
			children = (
				AA59F0D220A9FACF00D41982 /* Bibliotek.framework */,
				AAAA428420B9F32900BDB52B /* BibliotekTests.xctest */,
			);
			name = Products;
			sourceTree = "<group>";
		};
		AA59F0D420A9FACF00D41982 /* Bibliotek */ = {
			isa = PBXGroup;
			children = (
				AA59F0D520A9FACF00D41982 /* Bibliotek.h */,
				AA19396E22E635CF00429C54 /* Bibliotek+Internal.h */,
				AAAA429C20BB0E3600BDB52B /* BibConstants.h */,
				AAAA429D20BB0E3600BDB52B /* BibConstants.m */,
				AACEDD6320C1A946004ACA07 /* BibConstants.swift */,
				AAAFD99D247C3A6C00D2D1F0 /* Classification */,
				AAAE231C212090FC00BB7E66 /* Connection */,
				AA2F88D3212092000085A637 /* FetchRequest */,
				AA258B0722079B4200CDF88E /* Foundation */,
				AABDC1F822DAA96C00345A58 /* Record */,
				AA2F88D42120920C0085A637 /* RecordList */,
				AAB78655245553050018A833 /* Serialzation */,
				AA59F0D620A9FACF00D41982 /* Info.plist */,
			);
			path = Bibliotek;
			sourceTree = "<group>";
		};
		AAA4E02022EE32CF0003AF7B /* ContentField */ = {
			isa = PBXGroup;
			children = (
				AABDC21122DACDBC00345A58 /* BibContentIndicatorList.h */,
				AABDC21022DACDBC00345A58 /* BibContentIndicatorList.m */,
				AAA4E00622EC03170003AF7B /* ContentIndicatorList.swift */,
				AABDC21822DAE05200345A58 /* BibSubfield.h */,
				AABDC21922DAE05200345A58 /* BibSubfield.m */,
				AAA4E00422EBFF670003AF7B /* Subfield.swift */,
				AABDC21C22DAE32C00345A58 /* BibContentField.h */,
				AABDC21D22DAE32C00345A58 /* BibContentField.m */,
				AAA4E00822EC0C730003AF7B /* ContentField.swift */,
			);
			path = ContentField;
			sourceTree = "<group>";
		};
		AAA4E02322EE334C0003AF7B /* Primitives */ = {
			isa = PBXGroup;
			children = (
				AABDC1FA22DAAA0E00345A58 /* BibMetadata.h */,
				AAA4E01622ED66A70003AF7B /* BibMetadata+Internal.h */,
				AABDC1F922DAAA0E00345A58 /* BibMetadata.m */,
				AAA4E01822ED719F0003AF7B /* Metadata.swift */,
				AAA4E01A22EE0D5A0003AF7B /* BibRecordKind.h */,
				AAA4E01B22EE0D5A0003AF7B /* BibRecordKind.m */,
				AAA4E01E22EE270E0003AF7B /* RecordKind.swift */,
				AABDC20922DAC17A00345A58 /* BibFieldTag.h */,
				AABDC20822DAC17A00345A58 /* BibFieldTag.m */,
				AAA4E00022EBF5D20003AF7B /* FieldTag.swift */,
				AA99BAFC23020BE30055C078 /* BibField.h */,
				AA99BAFD23020BE30055C078 /* BibField.m */,
				AA79FFD724685D0100134C98 /* BibFieldPath.h */,
				AA79FFD824685D0100134C98 /* BibFieldPath.m */,
				AA79FFDB246868B300134C98 /* FieldPath.swift */,
			);
			path = Primitives;
			sourceTree = "<group>";
		};
		AAAA428520B9F32A00BDB52B /* BibliotekTests */ = {
			isa = PBXGroup;
			children = (
				AAAA429020B9F35600BDB52B /* BibliotekTests.swift */,
				AA79FFDD2469A1AF00134C98 /* RecordFieldAccessTests.swift */,
				AAA4DFFE22EBE2780003AF7B /* BibMARCInputStreamTests.m */,
				AAB786512454F0550018A833 /* BibMARCOutputStreamTests.m */,
				AAB7865A2456208E0018A833 /* BibMARCSerializationInput.m */,
				AAB7865C2456210F0018A833 /* BibMARCSerializationOutput.m */,
				AAAFD997247B712400D2D1F0 /* BibCharacterConversionTests.m */,
				AAAFD9A2247CC03800D2D1F0 /* BibLCCallNumberTests.m */,
				AA19396C22E2C58000429C54 /* ClassificationRecord.marc8 */,
				AA19397422E7708900429C54 /* BibliographicRecord.marc8 */,
				AA091796247AFBEE0074CF6E /* MARC8Record1.marc8 */,
				AAAFD991247B5F1F00D2D1F0 /* MARC8Record2.marc8 */,
				AAAA428820B9F32A00BDB52B /* Info.plist */,
			);
			path = BibliotekTests;
			sourceTree = "<group>";
		};
		AAAE231C212090FC00BB7E66 /* Connection */ = {
			isa = PBXGroup;
			children = (
				AA59055020AA43DD00D41982 /* BibConnection.h */,
				AA59056720AB419900D41982 /* BibConnection+Private.h */,
				AA59055120AA43DD00D41982 /* BibConnection.m */,
				AA51EA99211C181900BF28BE /* BibConnection.swift */,
				AA51EA8F211AB79A00BF28BE /* BibConnectionEndpoint.h */,
				AA51EA90211AB79A00BF28BE /* BibConnectionEndpoint.m */,
				AA51EA95211AC93C00BF28BE /* BibConnectionEndpoint.swift */,
				AA51EA89211AA98B00BF28BE /* BibConnectionOptions.h */,
				AA51EA8D211AAAEA00BF28BE /* BibConnectionOptions+Private.h */,
				AA51EA8A211AA98B00BF28BE /* BibConnectionOptions.m */,
				AA51EA97211AC9DE00BF28BE /* BibConnectionOptions.swift */,
			);
			path = Connection;
			sourceTree = "<group>";
		};
		AAAFD99D247C3A6C00D2D1F0 /* Classification */ = {
			isa = PBXGroup;
			children = (
				AAAFD999247C3A6300D2D1F0 /* BibLCCallNumber.h */,
				AAAFD99E247C3C5500D2D1F0 /* BibLCCallNumber+Internal.h */,
				AAAFD9A0247C473A00D2D1F0 /* BibLCCallNumber+Internal.c */,
				AAAFD99A247C3A6300D2D1F0 /* BibLCCallNumber.m */,
				AAAFD9A4247CDAB200D2D1F0 /* BibLCCallNumber.swift */,
			);
			path = Classification;
			sourceTree = "<group>";
		};
		AAB78655245553050018A833 /* Serialzation */ = {
			isa = PBXGroup;
			children = (
				AA19397622E8DF2D00429C54 /* BibMARCInputStream.h */,
				AA19397722E8DF2D00429C54 /* BibMARCInputStream.m */,
				AAA30B9B22F48F7900AF7AE5 /* BibMARCInputStream.swift */,
				AAB7864D2454C2D90018A833 /* BibMARCOutputStream.h */,
				AAB7864E2454C2D90018A833 /* BibMARCOutputStream.m */,
				AAB7865324550AFB0018A833 /* BibMARCOutputStream.swift */,
				AAB786562455FCEB0018A833 /* BibMARCSerialization.h */,
				AAB786572455FCEB0018A833 /* BibMARCSerialization.m */,
				AAB7865E24566E2B0018A833 /* BibMARCSerialization.swift */,
				AAAFD993247B65EC00D2D1F0 /* BibCharacterConversion.h */,
				AAAFD994247B65EC00D2D1F0 /* BibCharacterConversion.m */,
				AA382B2824439CA1009F624D /* BibMarcIO.h */,
				AA382B2924439CA1009F624D /* BibMarcIO.m */,
			);
			path = Serialzation;
			sourceTree = "<group>";
		};
		AABDC1F822DAA96C00345A58 /* Record */ = {
			isa = PBXGroup;
			children = (
				AABDC22022DAE7CD00345A58 /* BibRecord.h */,
				AABDC22122DAE7CD00345A58 /* BibRecord.m */,
				AAA4E00A22EC119A0003AF7B /* Record.swift */,
				AABDC1FE22DAB2FD00345A58 /* BibLeader.h */,
				AABDC1FD22DAB2FD00345A58 /* BibLeader.m */,
				AABDC20522DAC10500345A58 /* BibDirectoryEntry.h */,
				AABDC20422DAC10500345A58 /* BibDirectoryEntry.m */,
				AAA4E02322EE334C0003AF7B /* Primitives */,
				AABDC20C22DAC99F00345A58 /* BibControlField.h */,
				AABDC20D22DAC99F00345A58 /* BibControlField.m */,
				AAA4E00222EBFBA40003AF7B /* ControlField.swift */,
				AAA4E02022EE32CF0003AF7B /* ContentField */,
			);
			path = Record;
			sourceTree = "<group>";
		};
/* End PBXGroup section */

/* Begin PBXHeadersBuildPhase section */
		AA59F0CF20A9FACF00D41982 /* Headers */ = {
			isa = PBXHeadersBuildPhase;
			buildActionMask = 2147483647;
			files = (
				AA258AF121FB8EF200CDF88E /* NSCharacterSet+BibASCIICharacterSet.h in Headers */,
				AA59055220AA43DD00D41982 /* BibConnection.h in Headers */,
				AA79FFD924685D0100134C98 /* BibFieldPath.h in Headers */,
				AABDC20B22DAC17A00345A58 /* BibFieldTag.h in Headers */,
				AAAFD99F247C3C5500D2D1F0 /* BibLCCallNumber+Internal.h in Headers */,
				AABDC20722DAC10500345A58 /* BibDirectoryEntry.h in Headers */,
				AA59F0D720A9FACF00D41982 /* Bibliotek.h in Headers */,
				AAB786582455FCEB0018A833 /* BibMARCSerialization.h in Headers */,
				AA99BAF62301E4370055C078 /* BibHasher.h in Headers */,
				AABDC20022DAB2FD00345A58 /* BibLeader.h in Headers */,
				AA51EA8E211AAAEB00BF28BE /* BibConnectionOptions+Private.h in Headers */,
				AABDC21322DACDBC00345A58 /* BibContentIndicatorList.h in Headers */,
				AAB7864F2454C2D90018A833 /* BibMARCOutputStream.h in Headers */,
				AABDC1FC22DAAA0F00345A58 /* BibMetadata.h in Headers */,
				AA382B2A24439CA1009F624D /* BibMarcIO.h in Headers */,
				AAAFD99B247C3A6300D2D1F0 /* BibLCCallNumber.h in Headers */,
				AAAA429E20BB0E3600BDB52B /* BibConstants.h in Headers */,
				AA19396F22E6366B00429C54 /* Bibliotek+Internal.h in Headers */,
				AAA4E01C22EE0D5A0003AF7B /* BibRecordKind.h in Headers */,
				AABDC22222DAE7CD00345A58 /* BibRecord.h in Headers */,
				AA51EA91211AB79A00BF28BE /* BibConnectionEndpoint.h in Headers */,
				AAAFD995247B65EC00D2D1F0 /* BibCharacterConversion.h in Headers */,
				AA19397822E8DF2D00429C54 /* BibMARCInputStream.h in Headers */,
				AA59056820AB419C00D41982 /* BibConnection+Private.h in Headers */,
				AABDC20E22DAC99F00345A58 /* BibControlField.h in Headers */,
				AABDC21A22DAE05200345A58 /* BibSubfield.h in Headers */,
				AA6D18D620B5B6CC00603E61 /* BibFetchRequest.h in Headers */,
				AAA4E01722ED66A70003AF7B /* BibMetadata+Internal.h in Headers */,
				AAAA42A220BB156100BDB52B /* BibRecordList.h in Headers */,
				AA6D18D920B5B9FC00603E61 /* BibFetchRequest+Private.h in Headers */,
				AA99BAFE23020BE30055C078 /* BibField.h in Headers */,
				AA51EA8B211AA98B00BF28BE /* BibConnectionOptions.h in Headers */,
				AA258AFC21FE3C2A00CDF88E /* NSString+BibCharacterSetValidation.h in Headers */,
				AAAA42A520BB187000BDB52B /* BibRecordList+Private.h in Headers */,
				AABDC21E22DAE32D00345A58 /* BibContentField.h in Headers */,
			);
			runOnlyForDeploymentPostprocessing = 0;
		};
/* End PBXHeadersBuildPhase section */

/* Begin PBXLegacyTarget section */
		AA14E83020D8D10400430A87 /* config */ = {
			isa = PBXLegacyTarget;
			buildArgumentsString = "";
			buildConfigurationList = AA14E83120D8D10400430A87 /* Build configuration list for PBXLegacyTarget "config" */;
			buildPhases = (
			);
			buildToolPath = "$(PROJECT_DIR)/configure";
			buildWorkingDirectory = "$(PROJECT_DIR)";
			dependencies = (
			);
			name = config;
			passBuildSettingsInEnvironment = 1;
			productName = libyaz;
		};
		AA5900E620AA274F00D41982 /* libyaz */ = {
			isa = PBXLegacyTarget;
			buildArgumentsString = install;
			buildConfigurationList = AA5900E920AA275000D41982 /* Build configuration list for PBXLegacyTarget "libyaz" */;
			buildPhases = (
			);
			buildToolPath = /usr/bin/make;
			buildWorkingDirectory = "$(PROJECT_DIR)/libyaz";
			dependencies = (
				AA14E83520D8D13F00430A87 /* PBXTargetDependency */,
			);
			name = libyaz;
			passBuildSettingsInEnvironment = 1;
			productName = libyaz;
		};
/* End PBXLegacyTarget section */

/* Begin PBXNativeTarget section */
		AA59F0D120A9FACF00D41982 /* Bibliotek */ = {
			isa = PBXNativeTarget;
			buildConfigurationList = AA59F0DA20A9FACF00D41982 /* Build configuration list for PBXNativeTarget "Bibliotek" */;
			buildPhases = (
				AA59F0CD20A9FACF00D41982 /* Sources */,
				AA59F0CE20A9FACF00D41982 /* Frameworks */,
				AA59F0CF20A9FACF00D41982 /* Headers */,
				AA59F0D020A9FACF00D41982 /* Resources */,
				AA2F88DB212117170085A637 /* CopyFiles */,
			);
			buildRules = (
			);
			dependencies = (
				AA14E83920D8D34000430A87 /* PBXTargetDependency */,
			);
			name = Bibliotek;
			productName = YazKit;
			productReference = AA59F0D220A9FACF00D41982 /* Bibliotek.framework */;
			productType = "com.apple.product-type.framework";
		};
		AAAA428320B9F32900BDB52B /* BibliotekTests */ = {
			isa = PBXNativeTarget;
			buildConfigurationList = AAAA428C20B9F32A00BDB52B /* Build configuration list for PBXNativeTarget "BibliotekTests" */;
			buildPhases = (
				AAAA428020B9F32900BDB52B /* Sources */,
				AAAA428120B9F32900BDB52B /* Frameworks */,
				AAAA428220B9F32900BDB52B /* Resources */,
			);
			buildRules = (
			);
			dependencies = (
				AAAA428B20B9F32A00BDB52B /* PBXTargetDependency */,
			);
			name = BibliotekTests;
			productName = BibliotekTests;
			productReference = AAAA428420B9F32900BDB52B /* BibliotekTests.xctest */;
			productType = "com.apple.product-type.bundle.unit-test";
		};
/* End PBXNativeTarget section */

/* Begin PBXProject section */
		AA59F0C920A9FACF00D41982 /* Project object */ = {
			isa = PBXProject;
			attributes = {
				LastSwiftUpdateCheck = 1010;
				LastUpgradeCheck = 0930;
				ORGANIZATIONNAME = "Steve Brunwasser";
				TargetAttributes = {
					AA5900E620AA274F00D41982 = {
						CreatedOnToolsVersion = 9.3;
					};
					AA59F0D120A9FACF00D41982 = {
						CreatedOnToolsVersion = 9.3;
						LastSwiftMigration = 0940;
					};
					AAAA428320B9F32900BDB52B = {
						CreatedOnToolsVersion = 9.3.1;
						LastSwiftMigration = 1100;
					};
				};
			};
			buildConfigurationList = AA59F0CC20A9FACF00D41982 /* Build configuration list for PBXProject "Bibliotek" */;
			compatibilityVersion = "Xcode 9.3";
			developmentRegion = en;
			hasScannedForEncodings = 0;
			knownRegions = (
				en,
			);
			mainGroup = AA59F0C820A9FACF00D41982;
			productRefGroup = AA59F0D320A9FACF00D41982 /* Products */;
			projectDirPath = "";
			projectRoot = "";
			targets = (
				AA59F0D120A9FACF00D41982 /* Bibliotek */,
				AAAA428320B9F32900BDB52B /* BibliotekTests */,
				AA5900E620AA274F00D41982 /* libyaz */,
				AA14E83020D8D10400430A87 /* config */,
			);
		};
/* End PBXProject section */

/* Begin PBXResourcesBuildPhase section */
		AA59F0D020A9FACF00D41982 /* Resources */ = {
			isa = PBXResourcesBuildPhase;
			buildActionMask = 2147483647;
			files = (
			);
			runOnlyForDeploymentPostprocessing = 0;
		};
		AAAA428220B9F32900BDB52B /* Resources */ = {
			isa = PBXResourcesBuildPhase;
			buildActionMask = 2147483647;
			files = (
				AA091797247AFBEE0074CF6E /* MARC8Record1.marc8 in Resources */,
				AA19397522E7708900429C54 /* BibliographicRecord.marc8 in Resources */,
				AA19396D22E2C58000429C54 /* ClassificationRecord.marc8 in Resources */,
				AAAFD992247B5F1F00D2D1F0 /* MARC8Record2.marc8 in Resources */,
			);
			runOnlyForDeploymentPostprocessing = 0;
		};
/* End PBXResourcesBuildPhase section */

/* Begin PBXSourcesBuildPhase section */
		AA59F0CD20A9FACF00D41982 /* Sources */ = {
			isa = PBXSourcesBuildPhase;
			buildActionMask = 2147483647;
			files = (
				AA6D18D720B5B6CC00603E61 /* BibFetchRequest.m in Sources */,
				AAA4E00722EC03170003AF7B /* ContentIndicatorList.swift in Sources */,
				AAA4E00B22EC119A0003AF7B /* Record.swift in Sources */,
				AAAFD9A5247CDAB200D2D1F0 /* BibLCCallNumber.swift in Sources */,
				AAB7865F24566E2B0018A833 /* BibMARCSerialization.swift in Sources */,
				AAAFD996247B65EC00D2D1F0 /* BibCharacterConversion.m in Sources */,
				AA258AFD21FE3C2A00CDF88E /* NSString+BibCharacterSetValidation.m in Sources */,
				AA51EA8C211AA98B00BF28BE /* BibConnectionOptions.m in Sources */,
				AABDC1FF22DAB2FD00345A58 /* BibLeader.m in Sources */,
				AA51EA9A211C181900BF28BE /* BibConnection.swift in Sources */,
				AA258AF021FA2E1D00CDF88E /* NSCharacterSet+BibASCIICharacterSet.m in Sources */,
				AAB7865424550AFB0018A833 /* BibMARCOutputStream.swift in Sources */,
				AA19397922E8DF2D00429C54 /* BibMARCInputStream.m in Sources */,
				AABDC22322DAE7CD00345A58 /* BibRecord.m in Sources */,
				AAA4E01F22EE270E0003AF7B /* RecordKind.swift in Sources */,
				AAAFD9A1247C473A00D2D1F0 /* BibLCCallNumber+Internal.c in Sources */,
				AAA4E00122EBF5D20003AF7B /* FieldTag.swift in Sources */,
				AA51EA92211AB79A00BF28BE /* BibConnectionEndpoint.m in Sources */,
				AAAA429F20BB0E3600BDB52B /* BibConstants.m in Sources */,
				AA51EA98211AC9DF00BF28BE /* BibConnectionOptions.swift in Sources */,
				AA99BAF72301E4370055C078 /* BibHasher.m in Sources */,
				AAB786592455FCEB0018A833 /* BibMARCSerialization.m in Sources */,
				AAA4E00522EBFF670003AF7B /* Subfield.swift in Sources */,
				AABDC21222DACDBC00345A58 /* BibContentIndicatorList.m in Sources */,
				AA79FFDA24685D0100134C98 /* BibFieldPath.m in Sources */,
				AAA4E01922ED719F0003AF7B /* Metadata.swift in Sources */,
				AABDC20322DABA5300345A58 /* BibMetadata.m in Sources */,
				AA51EA96211AC93C00BF28BE /* BibConnectionEndpoint.swift in Sources */,
				AA79FFDC246868B300134C98 /* FieldPath.swift in Sources */,
				AA382B2B24439CA1009F624D /* BibMarcIO.m in Sources */,
				AAB786502454C2D90018A833 /* BibMARCOutputStream.m in Sources */,
				AAAFD99C247C3A6300D2D1F0 /* BibLCCallNumber.m in Sources */,
				AAA4E00922EC0C730003AF7B /* ContentField.swift in Sources */,
				AAAA42A320BB156100BDB52B /* BibRecordList.m in Sources */,
				AABDC20A22DAC17A00345A58 /* BibFieldTag.m in Sources */,
				AABDC21B22DAE05200345A58 /* BibSubfield.m in Sources */,
				AA59055320AA43DD00D41982 /* BibConnection.m in Sources */,
				AAA4E00322EBFBA40003AF7B /* ControlField.swift in Sources */,
				AABDC20622DAC10500345A58 /* BibDirectoryEntry.m in Sources */,
				AABDC21F22DAE32D00345A58 /* BibContentField.m in Sources */,
				AAA30B9C22F48F7900AF7AE5 /* BibMARCInputStream.swift in Sources */,
				AAA4E01D22EE0D5A0003AF7B /* BibRecordKind.m in Sources */,
				AA99BAFF23020BE30055C078 /* BibField.m in Sources */,
				AACEDD6420C1A946004ACA07 /* BibConstants.swift in Sources */,
				AABDC20F22DAC99F00345A58 /* BibControlField.m in Sources */,
				AADE536620CE2E8F0043CE5B /* BibRecordList.swift in Sources */,
			);
			runOnlyForDeploymentPostprocessing = 0;
		};
		AAAA428020B9F32900BDB52B /* Sources */ = {
			isa = PBXSourcesBuildPhase;
			buildActionMask = 2147483647;
			files = (
				AAAFD998247B712400D2D1F0 /* BibCharacterConversionTests.m in Sources */,
				AAB786522454F0550018A833 /* BibMARCOutputStreamTests.m in Sources */,
				AAAA429120B9F35600BDB52B /* BibliotekTests.swift in Sources */,
				AAA4DFFF22EBE2780003AF7B /* BibMARCInputStreamTests.m in Sources */,
				AAB7865D2456210F0018A833 /* BibMARCSerializationOutput.m in Sources */,
				AAAFD9A3247CC03800D2D1F0 /* BibLCCallNumberTests.m in Sources */,
				AAB7865B2456208E0018A833 /* BibMARCSerializationInput.m in Sources */,
				AA79FFDE2469A1AF00134C98 /* RecordFieldAccessTests.swift in Sources */,
			);
			runOnlyForDeploymentPostprocessing = 0;
		};
/* End PBXSourcesBuildPhase section */

/* Begin PBXTargetDependency section */
		AA14E83520D8D13F00430A87 /* PBXTargetDependency */ = {
			isa = PBXTargetDependency;
			target = AA14E83020D8D10400430A87 /* config */;
			targetProxy = AA14E83420D8D13F00430A87 /* PBXContainerItemProxy */;
		};
		AA14E83920D8D34000430A87 /* PBXTargetDependency */ = {
			isa = PBXTargetDependency;
			target = AA5900E620AA274F00D41982 /* libyaz */;
			targetProxy = AA14E83820D8D34000430A87 /* PBXContainerItemProxy */;
		};
		AAAA428B20B9F32A00BDB52B /* PBXTargetDependency */ = {
			isa = PBXTargetDependency;
			target = AA59F0D120A9FACF00D41982 /* Bibliotek */;
			targetProxy = AAAA428A20B9F32A00BDB52B /* PBXContainerItemProxy */;
		};
/* End PBXTargetDependency section */

/* Begin XCBuildConfiguration section */
		AA14E83220D8D10400430A87 /* Debug */ = {
			isa = XCBuildConfiguration;
			buildSettings = {
				CODE_SIGN_STYLE = Automatic;
				DEBUGGING_SYMBOLS = YES;
				DEBUG_INFORMATION_FORMAT = dwarf;
				GCC_GENERATE_DEBUGGING_SYMBOLS = YES;
				GCC_OPTIMIZATION_LEVEL = 0;
				OTHER_CFLAGS = (
					"-H$(SDKROOT)/usr/include/libxml2",
					"$($YAZCONFIG",
					"--cflags",
					"threads)",
				);
				OTHER_LDFLAGS = (
					"-L$(SDKROOT)/usr/lib/libxml2.dylib",
					"$($YAZCONFIG",
					"--libs",
					"threads)",
				);
				PRODUCT_NAME = "$(TARGET_NAME)";
				YAZ_CONFIG = "$(PROJECT_DIR)/libyaz/yaz-config";
				YAZ_VERSION = "yaz-5.25.0";
			};
			name = Debug;
		};
		AA14E83320D8D10400430A87 /* Release */ = {
			isa = XCBuildConfiguration;
			buildSettings = {
				CODE_SIGN_STYLE = Automatic;
				DEBUG_INFORMATION_FORMAT = "dwarf-with-dsym";
				OTHER_CFLAGS = (
					"-H$(SDKROOT)/usr/include/libxml2",
					"$($YAZCONFIG",
					"--cflags",
					"threads)",
				);
				OTHER_LDFLAGS = (
					"-L$(SDKROOT)/usr/lib/libxml2.dylib",
					"$($YAZCONFIG",
					"--libs",
					"threads)",
				);
				PRODUCT_NAME = "$(TARGET_NAME)";
				YAZ_CONFIG = "$(PROJECT_DIR)/libyaz/yaz-config";
				YAZ_VERSION = "yaz-5.25.0";
			};
			name = Release;
		};
		AA5900E720AA275000D41982 /* Debug */ = {
			isa = XCBuildConfiguration;
			buildSettings = {
				CODE_SIGN_STYLE = Automatic;
				DEBUGGING_SYMBOLS = YES;
				DEBUG_INFORMATION_FORMAT = dwarf;
				GCC_GENERATE_DEBUGGING_SYMBOLS = YES;
				GCC_OPTIMIZATION_LEVEL = 0;
				OTHER_CFLAGS = (
					"-H$(SDKROOT)/usr/include/libxml2",
					"$($YAZCONFIG",
					"--cflags",
					"threads)",
				);
				OTHER_LDFLAGS = (
					"-L$(SDKROOT)/usr/lib/libxml2.dylib",
					"$($YAZCONFIG",
					"--libs",
					"threads)",
				);
				PRODUCT_NAME = "$(TARGET_NAME)";
				YAZ_CONFIG = "$(PROJECT_DIR)/libyaz/yaz-config";
				YAZ_VERSION = "yaz-5.25.0";
			};
			name = Debug;
		};
		AA5900E820AA275000D41982 /* Release */ = {
			isa = XCBuildConfiguration;
			buildSettings = {
				CODE_SIGN_STYLE = Automatic;
				DEBUG_INFORMATION_FORMAT = "dwarf-with-dsym";
				OTHER_CFLAGS = (
					"-H$(SDKROOT)/usr/include/libxml2",
					"$($YAZCONFIG",
					"--cflags",
					"threads)",
				);
				OTHER_LDFLAGS = (
					"-L$(SDKROOT)/usr/lib/libxml2.dylib",
					"$($YAZCONFIG",
					"--libs",
					"threads)",
				);
				PRODUCT_NAME = "$(TARGET_NAME)";
				YAZ_CONFIG = "$(PROJECT_DIR)/libyaz/yaz-config";
				YAZ_VERSION = "yaz-5.25.0";
			};
			name = Release;
		};
		AA59F0D820A9FACF00D41982 /* Debug */ = {
			isa = XCBuildConfiguration;
			buildSettings = {
				ALWAYS_EMBED_SWIFT_STANDARD_LIBRARIES = NO;
				ALWAYS_SEARCH_USER_PATHS = NO;
				CLANG_ANALYZER_NONNULL = YES;
				CLANG_ANALYZER_NUMBER_OBJECT_CONVERSION = YES_AGGRESSIVE;
				CLANG_CXX_LANGUAGE_STANDARD = "gnu++14";
				CLANG_CXX_LIBRARY = "libc++";
				CLANG_ENABLE_MODULES = YES;
				CLANG_ENABLE_OBJC_ARC = YES;
				CLANG_ENABLE_OBJC_WEAK = YES;
				CLANG_WARN_BLOCK_CAPTURE_AUTORELEASING = YES;
				CLANG_WARN_BOOL_CONVERSION = YES;
				CLANG_WARN_COMMA = YES;
				CLANG_WARN_CONSTANT_CONVERSION = YES;
				CLANG_WARN_DEPRECATED_OBJC_IMPLEMENTATIONS = YES;
				CLANG_WARN_DIRECT_OBJC_ISA_USAGE = YES_ERROR;
				CLANG_WARN_DOCUMENTATION_COMMENTS = YES;
				CLANG_WARN_EMPTY_BODY = YES;
				CLANG_WARN_ENUM_CONVERSION = YES;
				CLANG_WARN_INFINITE_RECURSION = YES;
				CLANG_WARN_INT_CONVERSION = YES;
				CLANG_WARN_NON_LITERAL_NULL_CONVERSION = YES;
				CLANG_WARN_OBJC_IMPLICIT_RETAIN_SELF = YES;
				CLANG_WARN_OBJC_LITERAL_CONVERSION = YES;
				CLANG_WARN_OBJC_ROOT_CLASS = YES_ERROR;
				CLANG_WARN_RANGE_LOOP_ANALYSIS = YES;
				CLANG_WARN_STRICT_PROTOTYPES = YES;
				CLANG_WARN_SUSPICIOUS_MOVE = YES;
				CLANG_WARN_UNGUARDED_AVAILABILITY = YES_AGGRESSIVE;
				CLANG_WARN_UNREACHABLE_CODE = YES;
				CLANG_WARN__DUPLICATE_METHOD_MATCH = YES;
				CODE_SIGN_IDENTITY = "-";
				COPY_PHASE_STRIP = NO;
				CURRENT_PROJECT_VERSION = 1;
				DEBUG_INFORMATION_FORMAT = dwarf;
				ENABLE_STRICT_OBJC_MSGSEND = YES;
				ENABLE_TESTABILITY = YES;
				GCC_C_LANGUAGE_STANDARD = gnu11;
				GCC_DYNAMIC_NO_PIC = NO;
				GCC_NO_COMMON_BLOCKS = YES;
				GCC_OPTIMIZATION_LEVEL = 0;
				GCC_PREPROCESSOR_DEFINITIONS = (
					"DEBUG=1",
					"$(inherited)",
				);
				GCC_WARN_64_TO_32_BIT_CONVERSION = YES;
				GCC_WARN_ABOUT_RETURN_TYPE = YES_ERROR;
				GCC_WARN_UNDECLARED_SELECTOR = YES;
				GCC_WARN_UNINITIALIZED_AUTOS = YES_AGGRESSIVE;
				GCC_WARN_UNUSED_FUNCTION = YES;
				GCC_WARN_UNUSED_VARIABLE = YES;
				MACOSX_DEPLOYMENT_TARGET = 10.13;
				MTL_ENABLE_DEBUG_INFO = YES;
				ONLY_ACTIVE_ARCH = YES;
				SDKROOT = macosx;
				SWIFT_ACTIVE_COMPILATION_CONDITIONS = DEBUG;
				SWIFT_OPTIMIZATION_LEVEL = "-Onone";
				VERSIONING_SYSTEM = "apple-generic";
				VERSION_INFO_PREFIX = "";
			};
			name = Debug;
		};
		AA59F0D920A9FACF00D41982 /* Release */ = {
			isa = XCBuildConfiguration;
			buildSettings = {
				ALWAYS_EMBED_SWIFT_STANDARD_LIBRARIES = NO;
				ALWAYS_SEARCH_USER_PATHS = NO;
				CLANG_ANALYZER_NONNULL = YES;
				CLANG_ANALYZER_NUMBER_OBJECT_CONVERSION = YES_AGGRESSIVE;
				CLANG_CXX_LANGUAGE_STANDARD = "gnu++14";
				CLANG_CXX_LIBRARY = "libc++";
				CLANG_ENABLE_MODULES = YES;
				CLANG_ENABLE_OBJC_ARC = YES;
				CLANG_ENABLE_OBJC_WEAK = YES;
				CLANG_WARN_BLOCK_CAPTURE_AUTORELEASING = YES;
				CLANG_WARN_BOOL_CONVERSION = YES;
				CLANG_WARN_COMMA = YES;
				CLANG_WARN_CONSTANT_CONVERSION = YES;
				CLANG_WARN_DEPRECATED_OBJC_IMPLEMENTATIONS = YES;
				CLANG_WARN_DIRECT_OBJC_ISA_USAGE = YES_ERROR;
				CLANG_WARN_DOCUMENTATION_COMMENTS = YES;
				CLANG_WARN_EMPTY_BODY = YES;
				CLANG_WARN_ENUM_CONVERSION = YES;
				CLANG_WARN_INFINITE_RECURSION = YES;
				CLANG_WARN_INT_CONVERSION = YES;
				CLANG_WARN_NON_LITERAL_NULL_CONVERSION = YES;
				CLANG_WARN_OBJC_IMPLICIT_RETAIN_SELF = YES;
				CLANG_WARN_OBJC_LITERAL_CONVERSION = YES;
				CLANG_WARN_OBJC_ROOT_CLASS = YES_ERROR;
				CLANG_WARN_RANGE_LOOP_ANALYSIS = YES;
				CLANG_WARN_STRICT_PROTOTYPES = YES;
				CLANG_WARN_SUSPICIOUS_MOVE = YES;
				CLANG_WARN_UNGUARDED_AVAILABILITY = YES_AGGRESSIVE;
				CLANG_WARN_UNREACHABLE_CODE = YES;
				CLANG_WARN__DUPLICATE_METHOD_MATCH = YES;
				CODE_SIGN_IDENTITY = "-";
				COPY_PHASE_STRIP = NO;
				CURRENT_PROJECT_VERSION = 1;
				DEBUG_INFORMATION_FORMAT = "dwarf-with-dsym";
				ENABLE_NS_ASSERTIONS = NO;
				ENABLE_STRICT_OBJC_MSGSEND = YES;
				GCC_C_LANGUAGE_STANDARD = gnu11;
				GCC_NO_COMMON_BLOCKS = YES;
				GCC_WARN_64_TO_32_BIT_CONVERSION = YES;
				GCC_WARN_ABOUT_RETURN_TYPE = YES_ERROR;
				GCC_WARN_UNDECLARED_SELECTOR = YES;
				GCC_WARN_UNINITIALIZED_AUTOS = YES_AGGRESSIVE;
				GCC_WARN_UNUSED_FUNCTION = YES;
				GCC_WARN_UNUSED_VARIABLE = YES;
				MACOSX_DEPLOYMENT_TARGET = 10.13;
				MTL_ENABLE_DEBUG_INFO = NO;
				SDKROOT = macosx;
				SWIFT_COMPILATION_MODE = wholemodule;
				SWIFT_OPTIMIZATION_LEVEL = "-O";
				VERSIONING_SYSTEM = "apple-generic";
				VERSION_INFO_PREFIX = "";
			};
			name = Release;
		};
		AA59F0DB20A9FACF00D41982 /* Debug */ = {
			isa = XCBuildConfiguration;
			buildSettings = {
				ALWAYS_EMBED_SWIFT_STANDARD_LIBRARIES = NO;
				CLANG_ENABLE_MODULES = YES;
				CODE_SIGN_IDENTITY = "";
				CODE_SIGN_STYLE = Automatic;
				COMBINE_HIDPI_IMAGES = YES;
				DEFINES_MODULE = YES;
				DYLIB_COMPATIBILITY_VERSION = 1;
				DYLIB_CURRENT_VERSION = 1;
				DYLIB_INSTALL_NAME_BASE = "@rpath";
				FRAMEWORK_VERSION = A;
				HEADER_SEARCH_PATHS = "$(BUILT_PRODUCTS_DIR)/include";
				INFOPLIST_FILE = Bibliotek/Info.plist;
				INSTALL_PATH = "$(LOCAL_LIBRARY_DIR)/Frameworks";
				LD_RUNPATH_SEARCH_PATHS = (
					"$(inherited)",
					"@executable_path/../Frameworks",
					"@loader_path/Frameworks",
				);
				LIBRARY_SEARCH_PATHS = "$(BUILT_PRODUCTS_DIR)/lib";
				MACOSX_DEPLOYMENT_TARGET = 10.13;
				OTHER_CFLAGS = "";
				OTHER_LDFLAGS = "";
				PRODUCT_BUNDLE_IDENTIFIER = brun.steve.Bibliotek;
				PRODUCT_NAME = "$(TARGET_NAME:c99extidentifier)";
				SKIP_INSTALL = YES;
				SWIFT_INSTALL_OBJC_HEADER = YES;
				SWIFT_OBJC_BRIDGING_HEADER = "";
				SWIFT_OPTIMIZATION_LEVEL = "-Onone";
				SWIFT_PRECOMPILE_BRIDGING_HEADER = YES;
				SWIFT_VERSION = 5.0;
			};
			name = Debug;
		};
		AA59F0DC20A9FACF00D41982 /* Release */ = {
			isa = XCBuildConfiguration;
			buildSettings = {
				ALWAYS_EMBED_SWIFT_STANDARD_LIBRARIES = NO;
				CLANG_ENABLE_MODULES = YES;
				CODE_SIGN_IDENTITY = "";
				CODE_SIGN_STYLE = Automatic;
				COMBINE_HIDPI_IMAGES = YES;
				DEFINES_MODULE = YES;
				DYLIB_COMPATIBILITY_VERSION = 1;
				DYLIB_CURRENT_VERSION = 1;
				DYLIB_INSTALL_NAME_BASE = "@rpath";
				FRAMEWORK_VERSION = A;
				HEADER_SEARCH_PATHS = "$(BUILT_PRODUCTS_DIR)/include";
				INFOPLIST_FILE = Bibliotek/Info.plist;
				INSTALL_PATH = "$(LOCAL_LIBRARY_DIR)/Frameworks";
				LD_RUNPATH_SEARCH_PATHS = (
					"$(inherited)",
					"@executable_path/../Frameworks",
					"@loader_path/Frameworks",
				);
				LIBRARY_SEARCH_PATHS = "$(BUILT_PRODUCTS_DIR)/lib";
				MACOSX_DEPLOYMENT_TARGET = 10.13;
				OTHER_CFLAGS = "";
				OTHER_LDFLAGS = "";
				PRODUCT_BUNDLE_IDENTIFIER = brun.steve.Bibliotek;
				PRODUCT_NAME = "$(TARGET_NAME:c99extidentifier)";
				SKIP_INSTALL = YES;
				SWIFT_INSTALL_OBJC_HEADER = YES;
				SWIFT_OBJC_BRIDGING_HEADER = "";
				SWIFT_PRECOMPILE_BRIDGING_HEADER = YES;
				SWIFT_VERSION = 5.0;
			};
			name = Release;
		};
		AAAA428D20B9F32A00BDB52B /* Debug */ = {
			isa = XCBuildConfiguration;
			buildSettings = {
				ALWAYS_EMBED_SWIFT_STANDARD_LIBRARIES = YES;
				CLANG_ENABLE_MODULES = YES;
				CODE_SIGN_IDENTITY = "Mac Developer";
				CODE_SIGN_STYLE = Automatic;
				COMBINE_HIDPI_IMAGES = YES;
				DEVELOPMENT_TEAM = 8T447DZKLE;
				INFOPLIST_FILE = BibliotekTests/Info.plist;
				LD_RUNPATH_SEARCH_PATHS = (
					"$(inherited)",
					"@executable_path/../Frameworks",
					"@loader_path/../Frameworks",
				);
				PRODUCT_BUNDLE_IDENTIFIER = brun.steve.BibliotekTests;
				PRODUCT_NAME = "$(TARGET_NAME)";
				SWIFT_OBJC_BRIDGING_HEADER = "";
				SWIFT_OPTIMIZATION_LEVEL = "-Onone";
				SWIFT_VERSION = 5.0;
			};
			name = Debug;
		};
		AAAA428E20B9F32A00BDB52B /* Release */ = {
			isa = XCBuildConfiguration;
			buildSettings = {
				ALWAYS_EMBED_SWIFT_STANDARD_LIBRARIES = YES;
				CLANG_ENABLE_MODULES = YES;
				CODE_SIGN_IDENTITY = "Mac Developer";
				CODE_SIGN_STYLE = Automatic;
				COMBINE_HIDPI_IMAGES = YES;
				DEVELOPMENT_TEAM = 8T447DZKLE;
				INFOPLIST_FILE = BibliotekTests/Info.plist;
				LD_RUNPATH_SEARCH_PATHS = (
					"$(inherited)",
					"@executable_path/../Frameworks",
					"@loader_path/../Frameworks",
				);
				PRODUCT_BUNDLE_IDENTIFIER = brun.steve.BibliotekTests;
				PRODUCT_NAME = "$(TARGET_NAME)";
				SWIFT_OBJC_BRIDGING_HEADER = "";
				SWIFT_VERSION = 5.0;
			};
			name = Release;
		};
/* End XCBuildConfiguration section */

/* Begin XCConfigurationList section */
		AA14E83120D8D10400430A87 /* Build configuration list for PBXLegacyTarget "config" */ = {
			isa = XCConfigurationList;
			buildConfigurations = (
				AA14E83220D8D10400430A87 /* Debug */,
				AA14E83320D8D10400430A87 /* Release */,
			);
			defaultConfigurationIsVisible = 0;
			defaultConfigurationName = Release;
		};
		AA5900E920AA275000D41982 /* Build configuration list for PBXLegacyTarget "libyaz" */ = {
			isa = XCConfigurationList;
			buildConfigurations = (
				AA5900E720AA275000D41982 /* Debug */,
				AA5900E820AA275000D41982 /* Release */,
			);
			defaultConfigurationIsVisible = 0;
			defaultConfigurationName = Release;
		};
		AA59F0CC20A9FACF00D41982 /* Build configuration list for PBXProject "Bibliotek" */ = {
			isa = XCConfigurationList;
			buildConfigurations = (
				AA59F0D820A9FACF00D41982 /* Debug */,
				AA59F0D920A9FACF00D41982 /* Release */,
			);
			defaultConfigurationIsVisible = 0;
			defaultConfigurationName = Release;
		};
		AA59F0DA20A9FACF00D41982 /* Build configuration list for PBXNativeTarget "Bibliotek" */ = {
			isa = XCConfigurationList;
			buildConfigurations = (
				AA59F0DB20A9FACF00D41982 /* Debug */,
				AA59F0DC20A9FACF00D41982 /* Release */,
			);
			defaultConfigurationIsVisible = 0;
			defaultConfigurationName = Release;
		};
		AAAA428C20B9F32A00BDB52B /* Build configuration list for PBXNativeTarget "BibliotekTests" */ = {
			isa = XCConfigurationList;
			buildConfigurations = (
				AAAA428D20B9F32A00BDB52B /* Debug */,
				AAAA428E20B9F32A00BDB52B /* Release */,
			);
			defaultConfigurationIsVisible = 0;
			defaultConfigurationName = Release;
		};
/* End XCConfigurationList section */
	};
	rootObject = AA59F0C920A9FACF00D41982 /* Project object */;
}
