// !$*UTF8*$!
{
	archiveVersion = 1;
	classes = {
	};
	objectVersion = 50;
	objects = {

/* Begin PBXBuildFile section */
		AA0167BA25D0B4BB00860B58 /* RecordKind.strings in Resources */ = {isa = PBXBuildFile; fileRef = AA0167B925D0B4BB00860B58 /* RecordKind.strings */; };
		AA091797247AFBEE0074CF6E /* MARC8Record1.marc8 in Resources */ = {isa = PBXBuildFile; fileRef = AA091796247AFBEE0074CF6E /* MARC8Record1.marc8 */; };
		AA14E83720D8D2AD00430A87 /* libyaz.dylib in Frameworks */ = {isa = PBXBuildFile; fileRef = AA14E82A20D8C84B00430A87 /* libyaz.dylib */; };
		AA19396D22E2C58000429C54 /* ClassificationRecord.marc8 in Resources */ = {isa = PBXBuildFile; fileRef = AA19396C22E2C58000429C54 /* ClassificationRecord.marc8 */; };
		AA19396F22E6366B00429C54 /* Bibliotek+Internal.h in Headers */ = {isa = PBXBuildFile; fileRef = AA19396E22E635CF00429C54 /* Bibliotek+Internal.h */; };
		AA19397522E7708900429C54 /* BibliographicRecord.marc8 in Resources */ = {isa = PBXBuildFile; fileRef = AA19397422E7708900429C54 /* BibliographicRecord.marc8 */; };
		AA19397822E8DF2D00429C54 /* BibMARCInputStream.h in Headers */ = {isa = PBXBuildFile; fileRef = AA19397622E8DF2D00429C54 /* BibMARCInputStream.h */; settings = {ATTRIBUTES = (Public, ); }; };
		AA19397922E8DF2D00429C54 /* BibMARCInputStream.m in Sources */ = {isa = PBXBuildFile; fileRef = AA19397722E8DF2D00429C54 /* BibMARCInputStream.m */; };
		AA258AF021FA2E1D00CDF88E /* NSCharacterSet+BibASCIICharacterSet.m in Sources */ = {isa = PBXBuildFile; fileRef = AA258AEE21FA2E1D00CDF88E /* NSCharacterSet+BibASCIICharacterSet.m */; };
		AA258AF121FB8EF200CDF88E /* NSCharacterSet+BibASCIICharacterSet.h in Headers */ = {isa = PBXBuildFile; fileRef = AA258AED21FA2E1D00CDF88E /* NSCharacterSet+BibASCIICharacterSet.h */; };
		AA258AFC21FE3C2A00CDF88E /* NSString+BibCharacterSetValidation.h in Headers */ = {isa = PBXBuildFile; fileRef = AA258AFA21FE3C2A00CDF88E /* NSString+BibCharacterSetValidation.h */; };
		AA258AFD21FE3C2A00CDF88E /* NSString+BibCharacterSetValidation.m in Sources */ = {isa = PBXBuildFile; fileRef = AA258AFB21FE3C2A00CDF88E /* NSString+BibCharacterSetValidation.m */; };
		AA2E475228289FC900E2434A /* BibRecordOutputStream.h in Headers */ = {isa = PBXBuildFile; fileRef = AA2E475028289FC900E2434A /* BibRecordOutputStream.h */; settings = {ATTRIBUTES = (Public, ); }; };
		AA2E475328289FC900E2434A /* BibRecordOutputStream.m in Sources */ = {isa = PBXBuildFile; fileRef = AA2E475128289FC900E2434A /* BibRecordOutputStream.m */; };
		AA2E47552828A1CA00E2434A /* Bibliotek+Internal.m in Sources */ = {isa = PBXBuildFile; fileRef = AA2E47542828A1CA00E2434A /* Bibliotek+Internal.m */; };
		AA2E47582828C87000E2434A /* BibMARCXMLOutputStream.h in Headers */ = {isa = PBXBuildFile; fileRef = AA2E47562828C87000E2434A /* BibMARCXMLOutputStream.h */; settings = {ATTRIBUTES = (Public, ); }; };
		AA2E47592828C87000E2434A /* BibMARCXMLOutputStream.m in Sources */ = {isa = PBXBuildFile; fileRef = AA2E47572828C87000E2434A /* BibMARCXMLOutputStream.m */; };
		AA2E475E2828F52D00E2434A /* BibMARCXMLConstants.h in Headers */ = {isa = PBXBuildFile; fileRef = AA2E475C2828F52D00E2434A /* BibMARCXMLConstants.h */; };
		AA2E475F2828F52D00E2434A /* BibMARCXMLConstants.m in Sources */ = {isa = PBXBuildFile; fileRef = AA2E475D2828F52D00E2434A /* BibMARCXMLConstants.m */; };
		AA2F88DC2121171A0085A637 /* libyaz.dylib in CopyFiles */ = {isa = PBXBuildFile; fileRef = AA14E82A20D8C84B00430A87 /* libyaz.dylib */; settings = {ATTRIBUTES = (CodeSignOnCopy, ); }; };
		AA382B2A24439CA1009F624D /* BibMarcIO.h in Headers */ = {isa = PBXBuildFile; fileRef = AA382B2824439CA1009F624D /* BibMarcIO.h */; };
		AA382B2B24439CA1009F624D /* BibMarcIO.m in Sources */ = {isa = PBXBuildFile; fileRef = AA382B2924439CA1009F624D /* BibMarcIO.m */; };
		AA4D08FE26657D7900C748EE /* BibAttributes.h in Headers */ = {isa = PBXBuildFile; fileRef = AA4D08FD26657CA400C748EE /* BibAttributes.h */; settings = {ATTRIBUTES = (Public, ); }; };
		AA4D090A26658B1600C748EE /* Leader.swift in Sources */ = {isa = PBXBuildFile; fileRef = AA4D090926658B1600C748EE /* Leader.swift */; };
		AA4D093B266D591B00C748EE /* BibMARCXMLSerialization.h in Headers */ = {isa = PBXBuildFile; fileRef = AA4D0939266D591B00C748EE /* BibMARCXMLSerialization.h */; settings = {ATTRIBUTES = (Public, ); }; };
		AA4D093C266D591B00C748EE /* BibMARCXMLSerialization.m in Sources */ = {isa = PBXBuildFile; fileRef = AA4D093A266D591B00C748EE /* BibMARCXMLSerialization.m */; };
		AA4D0943266DCEBF00C748EE /* BibMARCXMLInputStream.h in Headers */ = {isa = PBXBuildFile; fileRef = AA4D0941266DCEBF00C748EE /* BibMARCXMLInputStream.h */; settings = {ATTRIBUTES = (Public, ); }; };
		AA4D0944266DCEBF00C748EE /* BibMARCXMLInputStream.m in Sources */ = {isa = PBXBuildFile; fileRef = AA4D0942266DCEBF00C748EE /* BibMARCXMLInputStream.m */; };
		AA51EA8B211AA98B00BF28BE /* BibConnectionOptions.h in Headers */ = {isa = PBXBuildFile; fileRef = AA51EA89211AA98B00BF28BE /* BibConnectionOptions.h */; settings = {ATTRIBUTES = (Public, ); }; };
		AA51EA8C211AA98B00BF28BE /* BibConnectionOptions.m in Sources */ = {isa = PBXBuildFile; fileRef = AA51EA8A211AA98B00BF28BE /* BibConnectionOptions.m */; };
		AA51EA8E211AAAEB00BF28BE /* BibConnectionOptions+Private.h in Headers */ = {isa = PBXBuildFile; fileRef = AA51EA8D211AAAEA00BF28BE /* BibConnectionOptions+Private.h */; settings = {ATTRIBUTES = (Private, ); }; };
		AA51EA91211AB79A00BF28BE /* BibConnectionEndpoint.h in Headers */ = {isa = PBXBuildFile; fileRef = AA51EA8F211AB79A00BF28BE /* BibConnectionEndpoint.h */; settings = {ATTRIBUTES = (Public, ); }; };
		AA51EA92211AB79A00BF28BE /* BibConnectionEndpoint.m in Sources */ = {isa = PBXBuildFile; fileRef = AA51EA90211AB79A00BF28BE /* BibConnectionEndpoint.m */; };
		AA51EA96211AC93C00BF28BE /* BibConnectionEndpoint.swift in Sources */ = {isa = PBXBuildFile; fileRef = AA51EA95211AC93C00BF28BE /* BibConnectionEndpoint.swift */; };
		AA51EA98211AC9DF00BF28BE /* BibConnectionOptions.swift in Sources */ = {isa = PBXBuildFile; fileRef = AA51EA97211AC9DE00BF28BE /* BibConnectionOptions.swift */; };
		AA51EA9A211C181900BF28BE /* BibConnection.swift in Sources */ = {isa = PBXBuildFile; fileRef = AA51EA99211C181900BF28BE /* BibConnection.swift */; };
		AA59055220AA43DD00D41982 /* BibConnection.h in Headers */ = {isa = PBXBuildFile; fileRef = AA59055020AA43DD00D41982 /* BibConnection.h */; settings = {ATTRIBUTES = (Public, ); }; };
		AA59055320AA43DD00D41982 /* BibConnection.m in Sources */ = {isa = PBXBuildFile; fileRef = AA59055120AA43DD00D41982 /* BibConnection.m */; };
		AA59056820AB419C00D41982 /* BibConnection+Private.h in Headers */ = {isa = PBXBuildFile; fileRef = AA59056720AB419900D41982 /* BibConnection+Private.h */; settings = {ATTRIBUTES = (Private, ); }; };
		AA59F0D720A9FACF00D41982 /* Bibliotek.h in Headers */ = {isa = PBXBuildFile; fileRef = AA59F0D520A9FACF00D41982 /* Bibliotek.h */; settings = {ATTRIBUTES = (Public, ); }; };
		AA619E17249ECD7500BB3A25 /* RecordField.swift in Sources */ = {isa = PBXBuildFile; fileRef = AA619E16249ECD7500BB3A25 /* RecordField.swift */; };
		AA619E19249ECDFB00BB3A25 /* FieldIndicator.swift in Sources */ = {isa = PBXBuildFile; fileRef = AA619E18249ECDFB00BB3A25 /* FieldIndicator.swift */; };
		AA67784224843F1300997B29 /* BibRecordField.h in Headers */ = {isa = PBXBuildFile; fileRef = AA67784024843F1300997B29 /* BibRecordField.h */; settings = {ATTRIBUTES = (Public, ); }; };
		AA67784324843F1300997B29 /* BibRecordField.m in Sources */ = {isa = PBXBuildFile; fileRef = AA67784124843F1300997B29 /* BibRecordField.m */; };
		AA677858248D63C900997B29 /* BibFieldIndicator.h in Headers */ = {isa = PBXBuildFile; fileRef = AA677856248D63C900997B29 /* BibFieldIndicator.h */; settings = {ATTRIBUTES = (Public, ); }; };
		AA677859248D63C900997B29 /* BibFieldIndicator.m in Sources */ = {isa = PBXBuildFile; fileRef = AA677857248D63C900997B29 /* BibFieldIndicator.m */; settings = {COMPILER_FLAGS = "-fno-objc-arc"; }; };
		AA6D18D620B5B6CC00603E61 /* BibFetchRequest.h in Headers */ = {isa = PBXBuildFile; fileRef = AA6D18D420B5B6CC00603E61 /* BibFetchRequest.h */; settings = {ATTRIBUTES = (Public, ); }; };
		AA6D18D720B5B6CC00603E61 /* BibFetchRequest.m in Sources */ = {isa = PBXBuildFile; fileRef = AA6D18D520B5B6CC00603E61 /* BibFetchRequest.m */; };
		AA6D18D920B5B9FC00603E61 /* BibFetchRequest+Private.h in Headers */ = {isa = PBXBuildFile; fileRef = AA6D18D820B5B9FC00603E61 /* BibFetchRequest+Private.h */; settings = {ATTRIBUTES = (Private, ); }; };
		AA79FFD924685D0100134C98 /* BibFieldPath.h in Headers */ = {isa = PBXBuildFile; fileRef = AA79FFD724685D0100134C98 /* BibFieldPath.h */; settings = {ATTRIBUTES = (Public, ); }; };
		AA79FFDA24685D0100134C98 /* BibFieldPath.m in Sources */ = {isa = PBXBuildFile; fileRef = AA79FFD824685D0100134C98 /* BibFieldPath.m */; };
		AA79FFDC246868B300134C98 /* FieldPath.swift in Sources */ = {isa = PBXBuildFile; fileRef = AA79FFDB246868B300134C98 /* FieldPath.swift */; };
		AA79FFDE2469A1AF00134C98 /* RecordFieldAccessTests.swift in Sources */ = {isa = PBXBuildFile; fileRef = AA79FFDD2469A1AF00134C98 /* RecordFieldAccessTests.swift */; };
		AA7EE07525A38D74000D3271 /* Bibliotek.framework in Frameworks */ = {isa = PBXBuildFile; fileRef = AA59F0D220A9FACF00D41982 /* Bibliotek.framework */; };
		AA7EE08025A38E5F000D3271 /* BibClassComparisonTests.m in Sources */ = {isa = PBXBuildFile; fileRef = AA7EE07F25A38E5F000D3271 /* BibClassComparisonTests.m */; };
		AA7EE08625A38EF0000D3271 /* BibClassInclusionTests.m in Sources */ = {isa = PBXBuildFile; fileRef = AA7EE08525A38EF0000D3271 /* BibClassInclusionTests.m */; };
		AA7EE08E25A39049000D3271 /* BibNumberParsingTests.m in Sources */ = {isa = PBXBuildFile; fileRef = AA7EE08D25A39049000D3271 /* BibNumberParsingTests.m */; };
		AA7EE09225A39191000D3271 /* BibCallComparisonTests.m in Sources */ = {isa = PBXBuildFile; fileRef = AA7EE09125A39191000D3271 /* BibCallComparisonTests.m */; };
		AA7EE09A25A3BC75000D3271 /* BibStringFormattingTests.m in Sources */ = {isa = PBXBuildFile; fileRef = AA7EE09925A3BC75000D3271 /* BibStringFormattingTests.m */; };
		AA7EE0A225A3ED0C000D3271 /* BibParseSubjectTests.m in Sources */ = {isa = PBXBuildFile; fileRef = AA7EE0A125A3ED0C000D3271 /* BibParseSubjectTests.m */; };
		AA7EE0A925A3EE7E000D3271 /* BibParseOrdinalTests.m in Sources */ = {isa = PBXBuildFile; fileRef = AA7EE0A825A3EE7E000D3271 /* BibParseOrdinalTests.m */; };
		AA7EE0AF25A3EFA9000D3271 /* BibParseDateTests.m in Sources */ = {isa = PBXBuildFile; fileRef = AA7EE0AE25A3EFA9000D3271 /* BibParseDateTests.m */; };
		AA7EE0B325A3F02E000D3271 /* BibParseCutterTest.m in Sources */ = {isa = PBXBuildFile; fileRef = AA7EE0B225A3F02E000D3271 /* BibParseCutterTest.m */; };
		AA7EE0B725A3F112000D3271 /* BibParseVolumeTests.m in Sources */ = {isa = PBXBuildFile; fileRef = AA7EE0B625A3F112000D3271 /* BibParseVolumeTests.m */; };
		AA7EE0BD25A3F163000D3271 /* BibParseSupplementTests.m in Sources */ = {isa = PBXBuildFile; fileRef = AA7EE0BC25A3F163000D3271 /* BibParseSupplementTests.m */; };
		AA7EE0C125A3F70B000D3271 /* BibParseSpecificationTests.m in Sources */ = {isa = PBXBuildFile; fileRef = AA7EE0C025A3F70B000D3271 /* BibParseSpecificationTests.m */; };
		AA7EE0C725A3F8C5000D3271 /* BibLexClassLettersTests.m in Sources */ = {isa = PBXBuildFile; fileRef = AA7EE0C625A3F8C5000D3271 /* BibLexClassLettersTests.m */; };
		AA7EE0CB25A3F9CC000D3271 /* BibLexSpaceTests.m in Sources */ = {isa = PBXBuildFile; fileRef = AA7EE0CA25A3F9CC000D3271 /* BibLexSpaceTests.m */; };
		AA7EE0CF25A3FA89000D3271 /* BibLexOrdinalSuffixTests.m in Sources */ = {isa = PBXBuildFile; fileRef = AA7EE0CE25A3FA89000D3271 /* BibLexOrdinalSuffixTests.m */; };
		AA7EE0D525A3FC8D000D3271 /* BibLexNumberTests.m in Sources */ = {isa = PBXBuildFile; fileRef = AA7EE0D425A3FC8D000D3271 /* BibLexNumberTests.m */; };
		AA7EE0D925A3FD88000D3271 /* BibLexReadTests.m in Sources */ = {isa = PBXBuildFile; fileRef = AA7EE0D825A3FD88000D3271 /* BibLexReadTests.m */; };
		AA83210324F18505000945B3 /* biblex.h in Headers */ = {isa = PBXBuildFile; fileRef = AA83210124F18505000945B3 /* biblex.h */; };
		AA83210424F18505000945B3 /* biblex.c in Sources */ = {isa = PBXBuildFile; fileRef = AA83210224F18505000945B3 /* biblex.c */; };
		AA83210724F18608000945B3 /* bibparse.h in Headers */ = {isa = PBXBuildFile; fileRef = AA83210524F18608000945B3 /* bibparse.h */; };
		AA83210824F18608000945B3 /* bibparse.c in Sources */ = {isa = PBXBuildFile; fileRef = AA83210624F18608000945B3 /* bibparse.c */; };
		AA83210B24F186DD000945B3 /* bibtype.h in Headers */ = {isa = PBXBuildFile; fileRef = AA83210924F186DD000945B3 /* bibtype.h */; };
		AA83210C24F186DD000945B3 /* bibtype.c in Sources */ = {isa = PBXBuildFile; fileRef = AA83210A24F186DD000945B3 /* bibtype.c */; };
		AA99BAF62301E4370055C078 /* BibHasher.h in Headers */ = {isa = PBXBuildFile; fileRef = AA99BAF42301E4370055C078 /* BibHasher.h */; };
		AA99BAF72301E4370055C078 /* BibHasher.m in Sources */ = {isa = PBXBuildFile; fileRef = AA99BAF52301E4370055C078 /* BibHasher.m */; };
		AAA14CF227C93068007DA083 /* BibliographicRecord.xml in Resources */ = {isa = PBXBuildFile; fileRef = AAA14CF127C93068007DA083 /* BibliographicRecord.xml */; };
		AAA14CF427C9398A007DA083 /* BibMARCXMLSerializationInputTests.m in Sources */ = {isa = PBXBuildFile; fileRef = AAA14CF327C9398A007DA083 /* BibMARCXMLSerializationInputTests.m */; };
		AAA4DFFF22EBE2780003AF7B /* BibMARCInputStreamTests.m in Sources */ = {isa = PBXBuildFile; fileRef = AAA4DFFE22EBE2780003AF7B /* BibMARCInputStreamTests.m */; };
		AAA4E00122EBF5D20003AF7B /* FieldTag.swift in Sources */ = {isa = PBXBuildFile; fileRef = AAA4E00022EBF5D20003AF7B /* FieldTag.swift */; };
		AAA4E00522EBFF670003AF7B /* Subfield.swift in Sources */ = {isa = PBXBuildFile; fileRef = AAA4E00422EBFF670003AF7B /* Subfield.swift */; };
		AAA4E00B22EC119A0003AF7B /* Record.swift in Sources */ = {isa = PBXBuildFile; fileRef = AAA4E00A22EC119A0003AF7B /* Record.swift */; };
		AAA4E01722ED66A70003AF7B /* BibMetadata+Internal.h in Headers */ = {isa = PBXBuildFile; fileRef = AAA4E01622ED66A70003AF7B /* BibMetadata+Internal.h */; };
		AAA4E01922ED719F0003AF7B /* Metadata.swift in Sources */ = {isa = PBXBuildFile; fileRef = AAA4E01822ED719F0003AF7B /* Metadata.swift */; };
		AAA4E01C22EE0D5A0003AF7B /* BibRecordKind.h in Headers */ = {isa = PBXBuildFile; fileRef = AAA4E01A22EE0D5A0003AF7B /* BibRecordKind.h */; settings = {ATTRIBUTES = (Public, ); }; };
		AAA4E01D22EE0D5A0003AF7B /* BibRecordKind.m in Sources */ = {isa = PBXBuildFile; fileRef = AAA4E01B22EE0D5A0003AF7B /* BibRecordKind.m */; };
		AAA4E01F22EE270E0003AF7B /* RecordKind.swift in Sources */ = {isa = PBXBuildFile; fileRef = AAA4E01E22EE270E0003AF7B /* RecordKind.swift */; };
		AAAA428920B9F32A00BDB52B /* Bibliotek.framework in Frameworks */ = {isa = PBXBuildFile; fileRef = AA59F0D220A9FACF00D41982 /* Bibliotek.framework */; };
		AAAA429120B9F35600BDB52B /* BibliotekTests.swift in Sources */ = {isa = PBXBuildFile; fileRef = AAAA429020B9F35600BDB52B /* BibliotekTests.swift */; };
		AAAA429E20BB0E3600BDB52B /* BibConstants.h in Headers */ = {isa = PBXBuildFile; fileRef = AAAA429C20BB0E3600BDB52B /* BibConstants.h */; settings = {ATTRIBUTES = (Public, ); }; };
		AAAA429F20BB0E3600BDB52B /* BibConstants.m in Sources */ = {isa = PBXBuildFile; fileRef = AAAA429D20BB0E3600BDB52B /* BibConstants.m */; };
		AAAA42A220BB156100BDB52B /* BibRecordList.h in Headers */ = {isa = PBXBuildFile; fileRef = AAAA42A020BB156100BDB52B /* BibRecordList.h */; settings = {ATTRIBUTES = (Public, ); }; };
		AAAA42A320BB156100BDB52B /* BibRecordList.m in Sources */ = {isa = PBXBuildFile; fileRef = AAAA42A120BB156100BDB52B /* BibRecordList.m */; };
		AAAA42A520BB187000BDB52B /* BibRecordList+Private.h in Headers */ = {isa = PBXBuildFile; fileRef = AAAA42A420BB187000BDB52B /* BibRecordList+Private.h */; settings = {ATTRIBUTES = (Private, ); }; };
		AAAE2EC727D51FFA00E4D6F1 /* BibRecordInputStream.h in Headers */ = {isa = PBXBuildFile; fileRef = AAAE2EC527D51FFA00E4D6F1 /* BibRecordInputStream.h */; settings = {ATTRIBUTES = (Public, ); }; };
		AAAE2EC827D51FFA00E4D6F1 /* BibRecordInputStream.m in Sources */ = {isa = PBXBuildFile; fileRef = AAAE2EC627D51FFA00E4D6F1 /* BibRecordInputStream.m */; };
		AAAE2ECB27DD480100E4D6F1 /* BibSerializationError.h in Headers */ = {isa = PBXBuildFile; fileRef = AAAE2EC927DD480100E4D6F1 /* BibSerializationError.h */; settings = {ATTRIBUTES = (Public, ); }; };
		AAAE2ECC27DD480100E4D6F1 /* BibSerializationError.m in Sources */ = {isa = PBXBuildFile; fileRef = AAAE2ECA27DD480100E4D6F1 /* BibSerializationError.m */; };
		AAAE2ECE27DD4DAC00E4D6F1 /* BibSerializationError+Internal.h in Headers */ = {isa = PBXBuildFile; fileRef = AAAE2ECD27DD4BA000E4D6F1 /* BibSerializationError+Internal.h */; };
		AAAFD992247B5F1F00D2D1F0 /* MARC8Record2.marc8 in Resources */ = {isa = PBXBuildFile; fileRef = AAAFD991247B5F1F00D2D1F0 /* MARC8Record2.marc8 */; };
		AAAFD995247B65EC00D2D1F0 /* BibCharacterConversion.h in Headers */ = {isa = PBXBuildFile; fileRef = AAAFD993247B65EC00D2D1F0 /* BibCharacterConversion.h */; };
		AAAFD996247B65EC00D2D1F0 /* BibCharacterConversion.m in Sources */ = {isa = PBXBuildFile; fileRef = AAAFD994247B65EC00D2D1F0 /* BibCharacterConversion.m */; };
		AAAFD998247B712400D2D1F0 /* BibCharacterConversionTests.m in Sources */ = {isa = PBXBuildFile; fileRef = AAAFD997247B712400D2D1F0 /* BibCharacterConversionTests.m */; };
		AAAFD99B247C3A6300D2D1F0 /* BibLCCallNumber.h in Headers */ = {isa = PBXBuildFile; fileRef = AAAFD999247C3A6300D2D1F0 /* BibLCCallNumber.h */; settings = {ATTRIBUTES = (Public, ); }; };
		AAAFD99C247C3A6300D2D1F0 /* BibLCCallNumber.m in Sources */ = {isa = PBXBuildFile; fileRef = AAAFD99A247C3A6300D2D1F0 /* BibLCCallNumber.m */; };
		AAAFD9A5247CDAB200D2D1F0 /* BibLCCallNumber.swift in Sources */ = {isa = PBXBuildFile; fileRef = AAAFD9A4247CDAB200D2D1F0 /* BibLCCallNumber.swift */; };
		AAB4367A282CDEC000A1DFA2 /* ClassificationRecord.xml in Resources */ = {isa = PBXBuildFile; fileRef = AAB43679282CDEC000A1DFA2 /* ClassificationRecord.xml */; };
		AAB6BADB263F224700E37CD4 /* Bibliotek.apinotes in Headers */ = {isa = PBXBuildFile; fileRef = AAB6BADA263F224700E37CD4 /* Bibliotek.apinotes */; settings = {ATTRIBUTES = (Public, ); }; };
		AAB7864F2454C2D90018A833 /* BibMARCOutputStream.h in Headers */ = {isa = PBXBuildFile; fileRef = AAB7864D2454C2D90018A833 /* BibMARCOutputStream.h */; settings = {ATTRIBUTES = (Public, ); }; };
		AAB786502454C2D90018A833 /* BibMARCOutputStream.m in Sources */ = {isa = PBXBuildFile; fileRef = AAB7864E2454C2D90018A833 /* BibMARCOutputStream.m */; };
		AAB786522454F0550018A833 /* BibMARCOutputStreamTests.m in Sources */ = {isa = PBXBuildFile; fileRef = AAB786512454F0550018A833 /* BibMARCOutputStreamTests.m */; };
		AAB786582455FCEB0018A833 /* BibMARCSerialization.h in Headers */ = {isa = PBXBuildFile; fileRef = AAB786562455FCEB0018A833 /* BibMARCSerialization.h */; settings = {ATTRIBUTES = (Public, ); }; };
		AAB786592455FCEB0018A833 /* BibMARCSerialization.m in Sources */ = {isa = PBXBuildFile; fileRef = AAB786572455FCEB0018A833 /* BibMARCSerialization.m */; };
		AAB7865B2456208E0018A833 /* BibMARCSerializationInputTests.m in Sources */ = {isa = PBXBuildFile; fileRef = AAB7865A2456208E0018A833 /* BibMARCSerializationInputTests.m */; };
		AAB7865D2456210F0018A833 /* BibMARCSerializationOutputTests.m in Sources */ = {isa = PBXBuildFile; fileRef = AAB7865C2456210F0018A833 /* BibMARCSerializationOutputTests.m */; };
		AABDC1FC22DAAA0F00345A58 /* BibMetadata.h in Headers */ = {isa = PBXBuildFile; fileRef = AABDC1FA22DAAA0E00345A58 /* BibMetadata.h */; settings = {ATTRIBUTES = (Public, ); }; };
		AABDC1FF22DAB2FD00345A58 /* BibLeader.m in Sources */ = {isa = PBXBuildFile; fileRef = AABDC1FD22DAB2FD00345A58 /* BibLeader.m */; };
		AABDC20022DAB2FD00345A58 /* BibLeader.h in Headers */ = {isa = PBXBuildFile; fileRef = AABDC1FE22DAB2FD00345A58 /* BibLeader.h */; settings = {ATTRIBUTES = (Public, ); }; };
		AABDC20322DABA5300345A58 /* BibMetadata.m in Sources */ = {isa = PBXBuildFile; fileRef = AABDC1F922DAAA0E00345A58 /* BibMetadata.m */; };
		AABDC20A22DAC17A00345A58 /* BibFieldTag.m in Sources */ = {isa = PBXBuildFile; fileRef = AABDC20822DAC17A00345A58 /* BibFieldTag.m */; };
		AABDC20B22DAC17A00345A58 /* BibFieldTag.h in Headers */ = {isa = PBXBuildFile; fileRef = AABDC20922DAC17A00345A58 /* BibFieldTag.h */; settings = {ATTRIBUTES = (Public, ); }; };
		AABDC21A22DAE05200345A58 /* BibSubfield.h in Headers */ = {isa = PBXBuildFile; fileRef = AABDC21822DAE05200345A58 /* BibSubfield.h */; settings = {ATTRIBUTES = (Public, ); }; };
		AABDC21B22DAE05200345A58 /* BibSubfield.m in Sources */ = {isa = PBXBuildFile; fileRef = AABDC21922DAE05200345A58 /* BibSubfield.m */; };
		AABDC22222DAE7CD00345A58 /* BibRecord.h in Headers */ = {isa = PBXBuildFile; fileRef = AABDC22022DAE7CD00345A58 /* BibRecord.h */; settings = {ATTRIBUTES = (Public, ); }; };
		AABDC22322DAE7CD00345A58 /* BibRecord.m in Sources */ = {isa = PBXBuildFile; fileRef = AABDC22122DAE7CD00345A58 /* BibRecord.m */; };
		AACEDD6420C1A946004ACA07 /* BibConstants.swift in Sources */ = {isa = PBXBuildFile; fileRef = AACEDD6320C1A946004ACA07 /* BibConstants.swift */; };
		AADE536620CE2E8F0043CE5B /* BibRecordList.swift in Sources */ = {isa = PBXBuildFile; fileRef = AADE536520CE2E8F0043CE5B /* BibRecordList.swift */; };
		AAE5A69F259A2955007FFD79 /* bibtypeio.h in Headers */ = {isa = PBXBuildFile; fileRef = AAE5A69D259A2955007FFD79 /* bibtypeio.h */; };
		AAE5A6A0259A2955007FFD79 /* bibtypeio.c in Sources */ = {isa = PBXBuildFile; fileRef = AAE5A69E259A2955007FFD79 /* bibtypeio.c */; };
/* End PBXBuildFile section */

/* Begin PBXContainerItemProxy section */
		AA14E83420D8D13F00430A87 /* PBXContainerItemProxy */ = {
			isa = PBXContainerItemProxy;
			containerPortal = AA59F0C920A9FACF00D41982 /* Project object */;
			proxyType = 1;
			remoteGlobalIDString = AA14E83020D8D10400430A87;
			remoteInfo = "yaz-config";
		};
		AA14E83820D8D34000430A87 /* PBXContainerItemProxy */ = {
			isa = PBXContainerItemProxy;
			containerPortal = AA59F0C920A9FACF00D41982 /* Project object */;
			proxyType = 1;
			remoteGlobalIDString = AA5900E620AA274F00D41982;
			remoteInfo = libyaz;
		};
		AA7EE07625A38D74000D3271 /* PBXContainerItemProxy */ = {
			isa = PBXContainerItemProxy;
			containerPortal = AA59F0C920A9FACF00D41982 /* Project object */;
			proxyType = 1;
			remoteGlobalIDString = AA59F0D120A9FACF00D41982;
			remoteInfo = Bibliotek;
		};
		AAAA428A20B9F32A00BDB52B /* PBXContainerItemProxy */ = {
			isa = PBXContainerItemProxy;
			containerPortal = AA59F0C920A9FACF00D41982 /* Project object */;
			proxyType = 1;
			remoteGlobalIDString = AA59F0D120A9FACF00D41982;
			remoteInfo = Bibliotek;
		};
/* End PBXContainerItemProxy section */

/* Begin PBXCopyFilesBuildPhase section */
		AA2F88DB212117170085A637 /* CopyFiles */ = {
			isa = PBXCopyFilesBuildPhase;
			buildActionMask = 2147483647;
			dstPath = "";
			dstSubfolderSpec = 10;
			files = (
				AA2F88DC2121171A0085A637 /* libyaz.dylib in CopyFiles */,
			);
			runOnlyForDeploymentPostprocessing = 0;
		};
/* End PBXCopyFilesBuildPhase section */

/* Begin PBXFileReference section */
		AA0167B925D0B4BB00860B58 /* RecordKind.strings */ = {isa = PBXFileReference; lastKnownFileType = text.plist.strings; path = RecordKind.strings; sourceTree = "<group>"; };
		AA091796247AFBEE0074CF6E /* MARC8Record1.marc8 */ = {isa = PBXFileReference; lastKnownFileType = text; path = MARC8Record1.marc8; sourceTree = "<group>"; };
		AA14E82720D8C2FD00430A87 /* configure */ = {isa = PBXFileReference; lastKnownFileType = text.script.sh; path = configure; sourceTree = "<group>"; };
		AA14E82A20D8C84B00430A87 /* libyaz.dylib */ = {isa = PBXFileReference; lastKnownFileType = "compiled.mach-o.dylib"; name = libyaz.dylib; path = lib/libyaz.dylib; sourceTree = BUILT_PRODUCTS_DIR; };
		AA19396C22E2C58000429C54 /* ClassificationRecord.marc8 */ = {isa = PBXFileReference; fileEncoding = 4; lastKnownFileType = text; path = ClassificationRecord.marc8; sourceTree = "<group>"; };
		AA19396E22E635CF00429C54 /* Bibliotek+Internal.h */ = {isa = PBXFileReference; lastKnownFileType = sourcecode.c.h; path = "Bibliotek+Internal.h"; sourceTree = "<group>"; };
		AA19397422E7708900429C54 /* BibliographicRecord.marc8 */ = {isa = PBXFileReference; fileEncoding = 4; lastKnownFileType = text; path = BibliographicRecord.marc8; sourceTree = "<group>"; };
		AA19397622E8DF2D00429C54 /* BibMARCInputStream.h */ = {isa = PBXFileReference; lastKnownFileType = sourcecode.c.h; path = BibMARCInputStream.h; sourceTree = "<group>"; };
		AA19397722E8DF2D00429C54 /* BibMARCInputStream.m */ = {isa = PBXFileReference; lastKnownFileType = sourcecode.c.objc; path = BibMARCInputStream.m; sourceTree = "<group>"; };
		AA258AED21FA2E1D00CDF88E /* NSCharacterSet+BibASCIICharacterSet.h */ = {isa = PBXFileReference; lastKnownFileType = sourcecode.c.h; path = "NSCharacterSet+BibASCIICharacterSet.h"; sourceTree = "<group>"; };
		AA258AEE21FA2E1D00CDF88E /* NSCharacterSet+BibASCIICharacterSet.m */ = {isa = PBXFileReference; lastKnownFileType = sourcecode.c.objc; path = "NSCharacterSet+BibASCIICharacterSet.m"; sourceTree = "<group>"; };
		AA258AFA21FE3C2A00CDF88E /* NSString+BibCharacterSetValidation.h */ = {isa = PBXFileReference; lastKnownFileType = sourcecode.c.h; path = "NSString+BibCharacterSetValidation.h"; sourceTree = "<group>"; };
		AA258AFB21FE3C2A00CDF88E /* NSString+BibCharacterSetValidation.m */ = {isa = PBXFileReference; lastKnownFileType = sourcecode.c.objc; path = "NSString+BibCharacterSetValidation.m"; sourceTree = "<group>"; };
		AA2E475028289FC900E2434A /* BibRecordOutputStream.h */ = {isa = PBXFileReference; lastKnownFileType = sourcecode.c.h; path = BibRecordOutputStream.h; sourceTree = "<group>"; };
		AA2E475128289FC900E2434A /* BibRecordOutputStream.m */ = {isa = PBXFileReference; lastKnownFileType = sourcecode.c.objc; path = BibRecordOutputStream.m; sourceTree = "<group>"; };
		AA2E47542828A1CA00E2434A /* Bibliotek+Internal.m */ = {isa = PBXFileReference; fileEncoding = 4; lastKnownFileType = sourcecode.c.objc; path = "Bibliotek+Internal.m"; sourceTree = "<group>"; };
		AA2E47562828C87000E2434A /* BibMARCXMLOutputStream.h */ = {isa = PBXFileReference; lastKnownFileType = sourcecode.c.h; path = BibMARCXMLOutputStream.h; sourceTree = "<group>"; };
		AA2E47572828C87000E2434A /* BibMARCXMLOutputStream.m */ = {isa = PBXFileReference; lastKnownFileType = sourcecode.c.objc; path = BibMARCXMLOutputStream.m; sourceTree = "<group>"; };
		AA2E475C2828F52D00E2434A /* BibMARCXMLConstants.h */ = {isa = PBXFileReference; lastKnownFileType = sourcecode.c.h; path = BibMARCXMLConstants.h; sourceTree = "<group>"; };
		AA2E475D2828F52D00E2434A /* BibMARCXMLConstants.m */ = {isa = PBXFileReference; lastKnownFileType = sourcecode.c.objc; path = BibMARCXMLConstants.m; sourceTree = "<group>"; };
		AA37678820CDB34000CF101D /* Brewfile */ = {isa = PBXFileReference; lastKnownFileType = text; path = Brewfile; sourceTree = "<group>"; };
		AA382B2824439CA1009F624D /* BibMarcIO.h */ = {isa = PBXFileReference; lastKnownFileType = sourcecode.c.h; path = BibMarcIO.h; sourceTree = "<group>"; };
		AA382B2924439CA1009F624D /* BibMarcIO.m */ = {isa = PBXFileReference; lastKnownFileType = sourcecode.c.objc; path = BibMarcIO.m; sourceTree = "<group>"; };
		AA4D08FD26657CA400C748EE /* BibAttributes.h */ = {isa = PBXFileReference; lastKnownFileType = sourcecode.c.h; path = BibAttributes.h; sourceTree = "<group>"; };
		AA4D090926658B1600C748EE /* Leader.swift */ = {isa = PBXFileReference; lastKnownFileType = sourcecode.swift; path = Leader.swift; sourceTree = "<group>"; };
		AA4D0939266D591B00C748EE /* BibMARCXMLSerialization.h */ = {isa = PBXFileReference; lastKnownFileType = sourcecode.c.h; path = BibMARCXMLSerialization.h; sourceTree = "<group>"; };
		AA4D093A266D591B00C748EE /* BibMARCXMLSerialization.m */ = {isa = PBXFileReference; lastKnownFileType = sourcecode.c.objc; path = BibMARCXMLSerialization.m; sourceTree = "<group>"; };
		AA4D0941266DCEBF00C748EE /* BibMARCXMLInputStream.h */ = {isa = PBXFileReference; lastKnownFileType = sourcecode.c.h; path = BibMARCXMLInputStream.h; sourceTree = "<group>"; };
		AA4D0942266DCEBF00C748EE /* BibMARCXMLInputStream.m */ = {isa = PBXFileReference; lastKnownFileType = sourcecode.c.objc; path = BibMARCXMLInputStream.m; sourceTree = "<group>"; };
		AA51EA89211AA98B00BF28BE /* BibConnectionOptions.h */ = {isa = PBXFileReference; lastKnownFileType = sourcecode.c.h; path = BibConnectionOptions.h; sourceTree = "<group>"; };
		AA51EA8A211AA98B00BF28BE /* BibConnectionOptions.m */ = {isa = PBXFileReference; lastKnownFileType = sourcecode.c.objc; path = BibConnectionOptions.m; sourceTree = "<group>"; };
		AA51EA8D211AAAEA00BF28BE /* BibConnectionOptions+Private.h */ = {isa = PBXFileReference; lastKnownFileType = sourcecode.c.h; path = "BibConnectionOptions+Private.h"; sourceTree = "<group>"; };
		AA51EA8F211AB79A00BF28BE /* BibConnectionEndpoint.h */ = {isa = PBXFileReference; lastKnownFileType = sourcecode.c.h; path = BibConnectionEndpoint.h; sourceTree = "<group>"; };
		AA51EA90211AB79A00BF28BE /* BibConnectionEndpoint.m */ = {isa = PBXFileReference; lastKnownFileType = sourcecode.c.objc; path = BibConnectionEndpoint.m; sourceTree = "<group>"; };
		AA51EA95211AC93C00BF28BE /* BibConnectionEndpoint.swift */ = {isa = PBXFileReference; lastKnownFileType = sourcecode.swift; path = BibConnectionEndpoint.swift; sourceTree = "<group>"; };
		AA51EA97211AC9DE00BF28BE /* BibConnectionOptions.swift */ = {isa = PBXFileReference; lastKnownFileType = sourcecode.swift; path = BibConnectionOptions.swift; sourceTree = "<group>"; };
		AA51EA99211C181900BF28BE /* BibConnection.swift */ = {isa = PBXFileReference; lastKnownFileType = sourcecode.swift; path = BibConnection.swift; sourceTree = "<group>"; };
		AA59055020AA43DD00D41982 /* BibConnection.h */ = {isa = PBXFileReference; lastKnownFileType = sourcecode.c.h; path = BibConnection.h; sourceTree = "<group>"; };
		AA59055120AA43DD00D41982 /* BibConnection.m */ = {isa = PBXFileReference; lastKnownFileType = sourcecode.c.objc; path = BibConnection.m; sourceTree = "<group>"; };
		AA59056720AB419900D41982 /* BibConnection+Private.h */ = {isa = PBXFileReference; lastKnownFileType = sourcecode.c.h; path = "BibConnection+Private.h"; sourceTree = "<group>"; };
		AA59F0D220A9FACF00D41982 /* Bibliotek.framework */ = {isa = PBXFileReference; explicitFileType = wrapper.framework; includeInIndex = 0; path = Bibliotek.framework; sourceTree = BUILT_PRODUCTS_DIR; };
		AA59F0D520A9FACF00D41982 /* Bibliotek.h */ = {isa = PBXFileReference; lastKnownFileType = sourcecode.c.h; path = Bibliotek.h; sourceTree = "<group>"; };
		AA59F0D620A9FACF00D41982 /* Info.plist */ = {isa = PBXFileReference; lastKnownFileType = text.plist.xml; path = Info.plist; sourceTree = "<group>"; };
		AA619E16249ECD7500BB3A25 /* RecordField.swift */ = {isa = PBXFileReference; lastKnownFileType = sourcecode.swift; path = RecordField.swift; sourceTree = "<group>"; };
		AA619E18249ECDFB00BB3A25 /* FieldIndicator.swift */ = {isa = PBXFileReference; lastKnownFileType = sourcecode.swift; path = FieldIndicator.swift; sourceTree = "<group>"; };
		AA67784024843F1300997B29 /* BibRecordField.h */ = {isa = PBXFileReference; lastKnownFileType = sourcecode.c.h; path = BibRecordField.h; sourceTree = "<group>"; };
		AA67784124843F1300997B29 /* BibRecordField.m */ = {isa = PBXFileReference; lastKnownFileType = sourcecode.c.objc; path = BibRecordField.m; sourceTree = "<group>"; };
		AA677856248D63C900997B29 /* BibFieldIndicator.h */ = {isa = PBXFileReference; lastKnownFileType = sourcecode.c.h; path = BibFieldIndicator.h; sourceTree = "<group>"; };
		AA677857248D63C900997B29 /* BibFieldIndicator.m */ = {isa = PBXFileReference; lastKnownFileType = sourcecode.c.objc; path = BibFieldIndicator.m; sourceTree = "<group>"; };
		AA6D18D420B5B6CC00603E61 /* BibFetchRequest.h */ = {isa = PBXFileReference; lastKnownFileType = sourcecode.c.h; path = BibFetchRequest.h; sourceTree = "<group>"; };
		AA6D18D520B5B6CC00603E61 /* BibFetchRequest.m */ = {isa = PBXFileReference; lastKnownFileType = sourcecode.c.objc; path = BibFetchRequest.m; sourceTree = "<group>"; };
		AA6D18D820B5B9FC00603E61 /* BibFetchRequest+Private.h */ = {isa = PBXFileReference; lastKnownFileType = sourcecode.c.h; path = "BibFetchRequest+Private.h"; sourceTree = "<group>"; };
		AA79FFD724685D0100134C98 /* BibFieldPath.h */ = {isa = PBXFileReference; lastKnownFileType = sourcecode.c.h; path = BibFieldPath.h; sourceTree = "<group>"; };
		AA79FFD824685D0100134C98 /* BibFieldPath.m */ = {isa = PBXFileReference; lastKnownFileType = sourcecode.c.objc; path = BibFieldPath.m; sourceTree = "<group>"; };
		AA79FFDB246868B300134C98 /* FieldPath.swift */ = {isa = PBXFileReference; lastKnownFileType = sourcecode.swift; path = FieldPath.swift; sourceTree = "<group>"; };
		AA79FFDD2469A1AF00134C98 /* RecordFieldAccessTests.swift */ = {isa = PBXFileReference; lastKnownFileType = sourcecode.swift; path = RecordFieldAccessTests.swift; sourceTree = "<group>"; };
		AA7EE07025A38D74000D3271 /* LCCallNumberTests.xctest */ = {isa = PBXFileReference; explicitFileType = wrapper.cfbundle; includeInIndex = 0; path = LCCallNumberTests.xctest; sourceTree = BUILT_PRODUCTS_DIR; };
		AA7EE07425A38D74000D3271 /* Info.plist */ = {isa = PBXFileReference; lastKnownFileType = text.plist.xml; path = Info.plist; sourceTree = "<group>"; };
		AA7EE07F25A38E5F000D3271 /* BibClassComparisonTests.m */ = {isa = PBXFileReference; lastKnownFileType = sourcecode.c.objc; path = BibClassComparisonTests.m; sourceTree = "<group>"; };
		AA7EE08525A38EF0000D3271 /* BibClassInclusionTests.m */ = {isa = PBXFileReference; lastKnownFileType = sourcecode.c.objc; path = BibClassInclusionTests.m; sourceTree = "<group>"; };
		AA7EE08D25A39049000D3271 /* BibNumberParsingTests.m */ = {isa = PBXFileReference; lastKnownFileType = sourcecode.c.objc; path = BibNumberParsingTests.m; sourceTree = "<group>"; };
		AA7EE09125A39191000D3271 /* BibCallComparisonTests.m */ = {isa = PBXFileReference; lastKnownFileType = sourcecode.c.objc; path = BibCallComparisonTests.m; sourceTree = "<group>"; };
		AA7EE09925A3BC75000D3271 /* BibStringFormattingTests.m */ = {isa = PBXFileReference; lastKnownFileType = sourcecode.c.objc; path = BibStringFormattingTests.m; sourceTree = "<group>"; };
		AA7EE0A125A3ED0C000D3271 /* BibParseSubjectTests.m */ = {isa = PBXFileReference; lastKnownFileType = sourcecode.c.objc; path = BibParseSubjectTests.m; sourceTree = "<group>"; };
		AA7EE0A725A3ED6E000D3271 /* BibTestUtils.h */ = {isa = PBXFileReference; lastKnownFileType = sourcecode.c.h; path = BibTestUtils.h; sourceTree = "<group>"; };
		AA7EE0A825A3EE7E000D3271 /* BibParseOrdinalTests.m */ = {isa = PBXFileReference; lastKnownFileType = sourcecode.c.objc; path = BibParseOrdinalTests.m; sourceTree = "<group>"; };
		AA7EE0AE25A3EFA9000D3271 /* BibParseDateTests.m */ = {isa = PBXFileReference; lastKnownFileType = sourcecode.c.objc; path = BibParseDateTests.m; sourceTree = "<group>"; };
		AA7EE0B225A3F02E000D3271 /* BibParseCutterTest.m */ = {isa = PBXFileReference; lastKnownFileType = sourcecode.c.objc; path = BibParseCutterTest.m; sourceTree = "<group>"; };
		AA7EE0B625A3F112000D3271 /* BibParseVolumeTests.m */ = {isa = PBXFileReference; lastKnownFileType = sourcecode.c.objc; path = BibParseVolumeTests.m; sourceTree = "<group>"; };
		AA7EE0BC25A3F163000D3271 /* BibParseSupplementTests.m */ = {isa = PBXFileReference; lastKnownFileType = sourcecode.c.objc; path = BibParseSupplementTests.m; sourceTree = "<group>"; };
		AA7EE0C025A3F70B000D3271 /* BibParseSpecificationTests.m */ = {isa = PBXFileReference; lastKnownFileType = sourcecode.c.objc; path = BibParseSpecificationTests.m; sourceTree = "<group>"; };
		AA7EE0C625A3F8C5000D3271 /* BibLexClassLettersTests.m */ = {isa = PBXFileReference; lastKnownFileType = sourcecode.c.objc; path = BibLexClassLettersTests.m; sourceTree = "<group>"; };
		AA7EE0CA25A3F9CC000D3271 /* BibLexSpaceTests.m */ = {isa = PBXFileReference; lastKnownFileType = sourcecode.c.objc; path = BibLexSpaceTests.m; sourceTree = "<group>"; };
		AA7EE0CE25A3FA89000D3271 /* BibLexOrdinalSuffixTests.m */ = {isa = PBXFileReference; lastKnownFileType = sourcecode.c.objc; path = BibLexOrdinalSuffixTests.m; sourceTree = "<group>"; };
		AA7EE0D425A3FC8D000D3271 /* BibLexNumberTests.m */ = {isa = PBXFileReference; lastKnownFileType = sourcecode.c.objc; path = BibLexNumberTests.m; sourceTree = "<group>"; };
		AA7EE0D825A3FD88000D3271 /* BibLexReadTests.m */ = {isa = PBXFileReference; lastKnownFileType = sourcecode.c.objc; path = BibLexReadTests.m; sourceTree = "<group>"; };
		AA83210124F18505000945B3 /* biblex.h */ = {isa = PBXFileReference; lastKnownFileType = sourcecode.c.h; path = biblex.h; sourceTree = "<group>"; };
		AA83210224F18505000945B3 /* biblex.c */ = {isa = PBXFileReference; lastKnownFileType = sourcecode.c.c; path = biblex.c; sourceTree = "<group>"; };
		AA83210524F18608000945B3 /* bibparse.h */ = {isa = PBXFileReference; lastKnownFileType = sourcecode.c.h; path = bibparse.h; sourceTree = "<group>"; };
		AA83210624F18608000945B3 /* bibparse.c */ = {isa = PBXFileReference; lastKnownFileType = sourcecode.c.c; path = bibparse.c; sourceTree = "<group>"; };
		AA83210924F186DD000945B3 /* bibtype.h */ = {isa = PBXFileReference; lastKnownFileType = sourcecode.c.h; path = bibtype.h; sourceTree = "<group>"; };
		AA83210A24F186DD000945B3 /* bibtype.c */ = {isa = PBXFileReference; lastKnownFileType = sourcecode.c.c; path = bibtype.c; sourceTree = "<group>"; };
		AA83210D24F39835000945B3 /* BibLCCallNumber.bnf */ = {isa = PBXFileReference; lastKnownFileType = text; path = BibLCCallNumber.bnf; sourceTree = "<group>"; xcLanguageSpecificationIdentifier = "<none>"; };
		AA99BAF42301E4370055C078 /* BibHasher.h */ = {isa = PBXFileReference; lastKnownFileType = sourcecode.c.h; path = BibHasher.h; sourceTree = "<group>"; };
		AA99BAF52301E4370055C078 /* BibHasher.m */ = {isa = PBXFileReference; lastKnownFileType = sourcecode.c.objc; path = BibHasher.m; sourceTree = "<group>"; };
		AA9F66D120D0C0F000CE4DA7 /* Bibliotek.playground */ = {isa = PBXFileReference; lastKnownFileType = file.playground; path = Bibliotek.playground; sourceTree = "<group>"; xcLanguageSpecificationIdentifier = xcode.lang.swift; };
		AAA14CF127C93068007DA083 /* BibliographicRecord.xml */ = {isa = PBXFileReference; lastKnownFileType = text.xml; path = BibliographicRecord.xml; sourceTree = "<group>"; };
		AAA14CF327C9398A007DA083 /* BibMARCXMLSerializationInputTests.m */ = {isa = PBXFileReference; fileEncoding = 4; lastKnownFileType = sourcecode.c.objc; path = BibMARCXMLSerializationInputTests.m; sourceTree = "<group>"; };
		AAA4DFFE22EBE2780003AF7B /* BibMARCInputStreamTests.m */ = {isa = PBXFileReference; lastKnownFileType = sourcecode.c.objc; path = BibMARCInputStreamTests.m; sourceTree = "<group>"; };
		AAA4E00022EBF5D20003AF7B /* FieldTag.swift */ = {isa = PBXFileReference; lastKnownFileType = sourcecode.swift; path = FieldTag.swift; sourceTree = "<group>"; };
		AAA4E00422EBFF670003AF7B /* Subfield.swift */ = {isa = PBXFileReference; lastKnownFileType = sourcecode.swift; path = Subfield.swift; sourceTree = "<group>"; };
		AAA4E00A22EC119A0003AF7B /* Record.swift */ = {isa = PBXFileReference; lastKnownFileType = sourcecode.swift; path = Record.swift; sourceTree = "<group>"; };
		AAA4E01622ED66A70003AF7B /* BibMetadata+Internal.h */ = {isa = PBXFileReference; lastKnownFileType = sourcecode.c.h; path = "BibMetadata+Internal.h"; sourceTree = "<group>"; };
		AAA4E01822ED719F0003AF7B /* Metadata.swift */ = {isa = PBXFileReference; lastKnownFileType = sourcecode.swift; path = Metadata.swift; sourceTree = "<group>"; };
		AAA4E01A22EE0D5A0003AF7B /* BibRecordKind.h */ = {isa = PBXFileReference; lastKnownFileType = sourcecode.c.h; path = BibRecordKind.h; sourceTree = "<group>"; };
		AAA4E01B22EE0D5A0003AF7B /* BibRecordKind.m */ = {isa = PBXFileReference; lastKnownFileType = sourcecode.c.objc; path = BibRecordKind.m; sourceTree = "<group>"; };
		AAA4E01E22EE270E0003AF7B /* RecordKind.swift */ = {isa = PBXFileReference; lastKnownFileType = sourcecode.swift; path = RecordKind.swift; sourceTree = "<group>"; };
		AAAA428420B9F32900BDB52B /* BibliotekTests.xctest */ = {isa = PBXFileReference; explicitFileType = wrapper.cfbundle; includeInIndex = 0; path = BibliotekTests.xctest; sourceTree = BUILT_PRODUCTS_DIR; };
		AAAA428820B9F32A00BDB52B /* Info.plist */ = {isa = PBXFileReference; lastKnownFileType = text.plist.xml; path = Info.plist; sourceTree = "<group>"; };
		AAAA429020B9F35600BDB52B /* BibliotekTests.swift */ = {isa = PBXFileReference; lastKnownFileType = sourcecode.swift; path = BibliotekTests.swift; sourceTree = "<group>"; };
		AAAA429C20BB0E3600BDB52B /* BibConstants.h */ = {isa = PBXFileReference; lastKnownFileType = sourcecode.c.h; path = BibConstants.h; sourceTree = "<group>"; };
		AAAA429D20BB0E3600BDB52B /* BibConstants.m */ = {isa = PBXFileReference; lastKnownFileType = sourcecode.c.objc; path = BibConstants.m; sourceTree = "<group>"; };
		AAAA42A020BB156100BDB52B /* BibRecordList.h */ = {isa = PBXFileReference; lastKnownFileType = sourcecode.c.h; path = BibRecordList.h; sourceTree = "<group>"; };
		AAAA42A120BB156100BDB52B /* BibRecordList.m */ = {isa = PBXFileReference; lastKnownFileType = sourcecode.c.objc; path = BibRecordList.m; sourceTree = "<group>"; };
		AAAA42A420BB187000BDB52B /* BibRecordList+Private.h */ = {isa = PBXFileReference; lastKnownFileType = sourcecode.c.h; path = "BibRecordList+Private.h"; sourceTree = "<group>"; };
		AAAE2EC527D51FFA00E4D6F1 /* BibRecordInputStream.h */ = {isa = PBXFileReference; lastKnownFileType = sourcecode.c.h; path = BibRecordInputStream.h; sourceTree = "<group>"; };
		AAAE2EC627D51FFA00E4D6F1 /* BibRecordInputStream.m */ = {isa = PBXFileReference; lastKnownFileType = sourcecode.c.objc; path = BibRecordInputStream.m; sourceTree = "<group>"; };
		AAAE2EC927DD480100E4D6F1 /* BibSerializationError.h */ = {isa = PBXFileReference; lastKnownFileType = sourcecode.c.h; path = BibSerializationError.h; sourceTree = "<group>"; };
		AAAE2ECA27DD480100E4D6F1 /* BibSerializationError.m */ = {isa = PBXFileReference; lastKnownFileType = sourcecode.c.objc; path = BibSerializationError.m; sourceTree = "<group>"; };
		AAAE2ECD27DD4BA000E4D6F1 /* BibSerializationError+Internal.h */ = {isa = PBXFileReference; lastKnownFileType = sourcecode.c.h; path = "BibSerializationError+Internal.h"; sourceTree = "<group>"; };
		AAAFD991247B5F1F00D2D1F0 /* MARC8Record2.marc8 */ = {isa = PBXFileReference; fileEncoding = 4; lastKnownFileType = text; path = MARC8Record2.marc8; sourceTree = "<group>"; };
		AAAFD993247B65EC00D2D1F0 /* BibCharacterConversion.h */ = {isa = PBXFileReference; lastKnownFileType = sourcecode.c.h; path = BibCharacterConversion.h; sourceTree = "<group>"; };
		AAAFD994247B65EC00D2D1F0 /* BibCharacterConversion.m */ = {isa = PBXFileReference; lastKnownFileType = sourcecode.c.objc; path = BibCharacterConversion.m; sourceTree = "<group>"; };
		AAAFD997247B712400D2D1F0 /* BibCharacterConversionTests.m */ = {isa = PBXFileReference; lastKnownFileType = sourcecode.c.objc; path = BibCharacterConversionTests.m; sourceTree = "<group>"; };
		AAAFD999247C3A6300D2D1F0 /* BibLCCallNumber.h */ = {isa = PBXFileReference; lastKnownFileType = sourcecode.c.h; path = BibLCCallNumber.h; sourceTree = "<group>"; };
		AAAFD99A247C3A6300D2D1F0 /* BibLCCallNumber.m */ = {isa = PBXFileReference; lastKnownFileType = sourcecode.c.objc; path = BibLCCallNumber.m; sourceTree = "<group>"; };
		AAAFD9A4247CDAB200D2D1F0 /* BibLCCallNumber.swift */ = {isa = PBXFileReference; lastKnownFileType = sourcecode.swift; path = BibLCCallNumber.swift; sourceTree = "<group>"; };
		AAB43679282CDEC000A1DFA2 /* ClassificationRecord.xml */ = {isa = PBXFileReference; fileEncoding = 4; lastKnownFileType = text.xml; path = ClassificationRecord.xml; sourceTree = "<group>"; };
		AAB6BADA263F224700E37CD4 /* Bibliotek.apinotes */ = {isa = PBXFileReference; lastKnownFileType = text.apinotes; path = Bibliotek.apinotes; sourceTree = "<group>"; };
		AAB7864D2454C2D90018A833 /* BibMARCOutputStream.h */ = {isa = PBXFileReference; lastKnownFileType = sourcecode.c.h; path = BibMARCOutputStream.h; sourceTree = "<group>"; };
		AAB7864E2454C2D90018A833 /* BibMARCOutputStream.m */ = {isa = PBXFileReference; lastKnownFileType = sourcecode.c.objc; path = BibMARCOutputStream.m; sourceTree = "<group>"; };
		AAB786512454F0550018A833 /* BibMARCOutputStreamTests.m */ = {isa = PBXFileReference; fileEncoding = 4; lastKnownFileType = sourcecode.c.objc; path = BibMARCOutputStreamTests.m; sourceTree = "<group>"; };
		AAB786562455FCEB0018A833 /* BibMARCSerialization.h */ = {isa = PBXFileReference; lastKnownFileType = sourcecode.c.h; path = BibMARCSerialization.h; sourceTree = "<group>"; };
		AAB786572455FCEB0018A833 /* BibMARCSerialization.m */ = {isa = PBXFileReference; lastKnownFileType = sourcecode.c.objc; path = BibMARCSerialization.m; sourceTree = "<group>"; };
		AAB7865A2456208E0018A833 /* BibMARCSerializationInputTests.m */ = {isa = PBXFileReference; lastKnownFileType = sourcecode.c.objc; path = BibMARCSerializationInputTests.m; sourceTree = "<group>"; };
		AAB7865C2456210F0018A833 /* BibMARCSerializationOutputTests.m */ = {isa = PBXFileReference; fileEncoding = 4; lastKnownFileType = sourcecode.c.objc; path = BibMARCSerializationOutputTests.m; sourceTree = "<group>"; };
		AABDC1F922DAAA0E00345A58 /* BibMetadata.m */ = {isa = PBXFileReference; fileEncoding = 4; lastKnownFileType = sourcecode.c.objc; path = BibMetadata.m; sourceTree = "<group>"; };
		AABDC1FA22DAAA0E00345A58 /* BibMetadata.h */ = {isa = PBXFileReference; fileEncoding = 4; lastKnownFileType = sourcecode.c.h; path = BibMetadata.h; sourceTree = "<group>"; };
		AABDC1FD22DAB2FD00345A58 /* BibLeader.m */ = {isa = PBXFileReference; fileEncoding = 4; lastKnownFileType = sourcecode.c.objc; path = BibLeader.m; sourceTree = "<group>"; };
		AABDC1FE22DAB2FD00345A58 /* BibLeader.h */ = {isa = PBXFileReference; fileEncoding = 4; lastKnownFileType = sourcecode.c.h; path = BibLeader.h; sourceTree = "<group>"; };
		AABDC20822DAC17A00345A58 /* BibFieldTag.m */ = {isa = PBXFileReference; fileEncoding = 4; lastKnownFileType = sourcecode.c.objc; path = BibFieldTag.m; sourceTree = "<group>"; };
		AABDC20922DAC17A00345A58 /* BibFieldTag.h */ = {isa = PBXFileReference; fileEncoding = 4; lastKnownFileType = sourcecode.c.h; path = BibFieldTag.h; sourceTree = "<group>"; };
		AABDC21822DAE05200345A58 /* BibSubfield.h */ = {isa = PBXFileReference; fileEncoding = 4; lastKnownFileType = sourcecode.c.h; path = BibSubfield.h; sourceTree = "<group>"; };
		AABDC21922DAE05200345A58 /* BibSubfield.m */ = {isa = PBXFileReference; fileEncoding = 4; lastKnownFileType = sourcecode.c.objc; path = BibSubfield.m; sourceTree = "<group>"; };
		AABDC22022DAE7CD00345A58 /* BibRecord.h */ = {isa = PBXFileReference; fileEncoding = 4; lastKnownFileType = sourcecode.c.h; path = BibRecord.h; sourceTree = "<group>"; };
		AABDC22122DAE7CD00345A58 /* BibRecord.m */ = {isa = PBXFileReference; fileEncoding = 4; lastKnownFileType = sourcecode.c.objc; path = BibRecord.m; sourceTree = "<group>"; };
		AACEDD6320C1A946004ACA07 /* BibConstants.swift */ = {isa = PBXFileReference; lastKnownFileType = sourcecode.swift; path = BibConstants.swift; sourceTree = "<group>"; };
		AACEDD6520C4757A004ACA07 /* LICENSE */ = {isa = PBXFileReference; lastKnownFileType = text; path = LICENSE; sourceTree = "<group>"; };
		AACEDD6620C47583004ACA07 /* README.md */ = {isa = PBXFileReference; lastKnownFileType = net.daringfireball.markdown; path = README.md; sourceTree = "<group>"; };
		AADE536520CE2E8F0043CE5B /* BibRecordList.swift */ = {isa = PBXFileReference; lastKnownFileType = sourcecode.swift; path = BibRecordList.swift; sourceTree = "<group>"; };
		AAE5A69D259A2955007FFD79 /* bibtypeio.h */ = {isa = PBXFileReference; lastKnownFileType = sourcecode.c.h; path = bibtypeio.h; sourceTree = "<group>"; };
		AAE5A69E259A2955007FFD79 /* bibtypeio.c */ = {isa = PBXFileReference; lastKnownFileType = sourcecode.c.c; path = bibtypeio.c; sourceTree = "<group>"; };
/* End PBXFileReference section */

/* Begin PBXFrameworksBuildPhase section */
		AA59F0CE20A9FACF00D41982 /* Frameworks */ = {
			isa = PBXFrameworksBuildPhase;
			buildActionMask = 2147483647;
			files = (
				AA14E83720D8D2AD00430A87 /* libyaz.dylib in Frameworks */,
			);
			runOnlyForDeploymentPostprocessing = 0;
		};
		AA7EE06D25A38D74000D3271 /* Frameworks */ = {
			isa = PBXFrameworksBuildPhase;
			buildActionMask = 2147483647;
			files = (
				AA7EE07525A38D74000D3271 /* Bibliotek.framework in Frameworks */,
			);
			runOnlyForDeploymentPostprocessing = 0;
		};
		AAAA428120B9F32900BDB52B /* Frameworks */ = {
			isa = PBXFrameworksBuildPhase;
			buildActionMask = 2147483647;
			files = (
				AAAA428920B9F32A00BDB52B /* Bibliotek.framework in Frameworks */,
			);
			runOnlyForDeploymentPostprocessing = 0;
		};
/* End PBXFrameworksBuildPhase section */

/* Begin PBXGroup section */
		AA14E83620D8D2AD00430A87 /* Frameworks */ = {
			isa = PBXGroup;
			children = (
			);
			name = Frameworks;
			sourceTree = "<group>";
		};
		AA258B0722079B4200CDF88E /* Foundation */ = {
			isa = PBXGroup;
			children = (
				AA258AED21FA2E1D00CDF88E /* NSCharacterSet+BibASCIICharacterSet.h */,
				AA258AEE21FA2E1D00CDF88E /* NSCharacterSet+BibASCIICharacterSet.m */,
				AA258AFA21FE3C2A00CDF88E /* NSString+BibCharacterSetValidation.h */,
				AA258AFB21FE3C2A00CDF88E /* NSString+BibCharacterSetValidation.m */,
				AA99BAF42301E4370055C078 /* BibHasher.h */,
				AA99BAF52301E4370055C078 /* BibHasher.m */,
			);
			path = Foundation;
			sourceTree = "<group>";
		};
		AA2F88D3212092000085A637 /* FetchRequest */ = {
			isa = PBXGroup;
			children = (
				AA6D18D420B5B6CC00603E61 /* BibFetchRequest.h */,
				AA6D18D820B5B9FC00603E61 /* BibFetchRequest+Private.h */,
				AA6D18D520B5B6CC00603E61 /* BibFetchRequest.m */,
			);
			path = FetchRequest;
			sourceTree = "<group>";
		};
		AA2F88D42120920C0085A637 /* RecordList */ = {
			isa = PBXGroup;
			children = (
				AAAA42A020BB156100BDB52B /* BibRecordList.h */,
				AAAA42A420BB187000BDB52B /* BibRecordList+Private.h */,
				AAAA42A120BB156100BDB52B /* BibRecordList.m */,
				AADE536520CE2E8F0043CE5B /* BibRecordList.swift */,
			);
			path = RecordList;
			sourceTree = "<group>";
		};
		AA59F0C820A9FACF00D41982 = {
			isa = PBXGroup;
			children = (
				AA59F0D420A9FACF00D41982 /* Bibliotek */,
				AAAA428520B9F32A00BDB52B /* BibliotekTests */,
				AA9F66D120D0C0F000CE4DA7 /* Bibliotek.playground */,
				AA7EE07125A38D74000D3271 /* LCCallNumberTests */,
				AA59F0D320A9FACF00D41982 /* Products */,
				AA14E82720D8C2FD00430A87 /* configure */,
				AACEDD6520C4757A004ACA07 /* LICENSE */,
				AACEDD6620C47583004ACA07 /* README.md */,
				AA37678820CDB34000CF101D /* Brewfile */,
				AA14E82A20D8C84B00430A87 /* libyaz.dylib */,
				AA14E83620D8D2AD00430A87 /* Frameworks */,
			);
			sourceTree = "<group>";
		};
		AA59F0D320A9FACF00D41982 /* Products */ = {
			isa = PBXGroup;
			children = (
				AA59F0D220A9FACF00D41982 /* Bibliotek.framework */,
				AAAA428420B9F32900BDB52B /* BibliotekTests.xctest */,
				AA7EE07025A38D74000D3271 /* LCCallNumberTests.xctest */,
			);
			name = Products;
			sourceTree = "<group>";
		};
		AA59F0D420A9FACF00D41982 /* Bibliotek */ = {
			isa = PBXGroup;
			children = (
				AA59F0D520A9FACF00D41982 /* Bibliotek.h */,
				AAB6BADA263F224700E37CD4 /* Bibliotek.apinotes */,
				AA19396E22E635CF00429C54 /* Bibliotek+Internal.h */,
				AA2E47542828A1CA00E2434A /* Bibliotek+Internal.m */,
				AA4D08FD26657CA400C748EE /* BibAttributes.h */,
				AAAA429C20BB0E3600BDB52B /* BibConstants.h */,
				AAAA429D20BB0E3600BDB52B /* BibConstants.m */,
				AACEDD6320C1A946004ACA07 /* BibConstants.swift */,
				AAAFD99D247C3A6C00D2D1F0 /* Classification */,
				AAAE231C212090FC00BB7E66 /* Connection */,
				AA2F88D3212092000085A637 /* FetchRequest */,
				AA258B0722079B4200CDF88E /* Foundation */,
				AABDC1F822DAA96C00345A58 /* Record */,
				AA2F88D42120920C0085A637 /* RecordList */,
				AAB78655245553050018A833 /* Serialzation */,
				AA59F0D620A9FACF00D41982 /* Info.plist */,
			);
			path = Bibliotek;
			sourceTree = "<group>";
		};
		AA67783F24843EF500997B29 /* RecordField */ = {
			isa = PBXGroup;
			children = (
				AA67784024843F1300997B29 /* BibRecordField.h */,
				AA67784124843F1300997B29 /* BibRecordField.m */,
				AA619E16249ECD7500BB3A25 /* RecordField.swift */,
				AA677856248D63C900997B29 /* BibFieldIndicator.h */,
				AA677857248D63C900997B29 /* BibFieldIndicator.m */,
				AA619E18249ECDFB00BB3A25 /* FieldIndicator.swift */,
				AABDC21822DAE05200345A58 /* BibSubfield.h */,
				AABDC21922DAE05200345A58 /* BibSubfield.m */,
				AAA4E00422EBFF670003AF7B /* Subfield.swift */,
			);
			path = RecordField;
			sourceTree = "<group>";
		};
		AA7EE07125A38D74000D3271 /* LCCallNumberTests */ = {
			isa = PBXGroup;
			children = (
				AA7EE09125A39191000D3271 /* BibCallComparisonTests.m */,
				AA7EE07F25A38E5F000D3271 /* BibClassComparisonTests.m */,
				AA7EE08525A38EF0000D3271 /* BibClassInclusionTests.m */,
				AA7EE08D25A39049000D3271 /* BibNumberParsingTests.m */,
				AA7EE09925A3BC75000D3271 /* BibStringFormattingTests.m */,
				AA7EE0C625A3F8C5000D3271 /* BibLexClassLettersTests.m */,
				AA7EE0CE25A3FA89000D3271 /* BibLexOrdinalSuffixTests.m */,
				AA7EE0D425A3FC8D000D3271 /* BibLexNumberTests.m */,
				AA7EE0D825A3FD88000D3271 /* BibLexReadTests.m */,
				AA7EE0CA25A3F9CC000D3271 /* BibLexSpaceTests.m */,
				AA7EE0AE25A3EFA9000D3271 /* BibParseDateTests.m */,
				AA7EE0B225A3F02E000D3271 /* BibParseCutterTest.m */,
				AA7EE0A825A3EE7E000D3271 /* BibParseOrdinalTests.m */,
				AA7EE0C025A3F70B000D3271 /* BibParseSpecificationTests.m */,
				AA7EE0A125A3ED0C000D3271 /* BibParseSubjectTests.m */,
				AA7EE0BC25A3F163000D3271 /* BibParseSupplementTests.m */,
				AA7EE0B625A3F112000D3271 /* BibParseVolumeTests.m */,
				AA7EE0A725A3ED6E000D3271 /* BibTestUtils.h */,
				AA7EE07425A38D74000D3271 /* Info.plist */,
			);
			path = LCCallNumberTests;
			sourceTree = "<group>";
		};
		AAA4BDF925E2D050000DF08E /* MARC8 */ = {
			isa = PBXGroup;
			children = (
			);
			path = MARC8;
			sourceTree = "<group>";
		};
		AAA4E02322EE334C0003AF7B /* Primitives */ = {
			isa = PBXGroup;
			children = (
				AABDC1FA22DAAA0E00345A58 /* BibMetadata.h */,
				AAA4E01622ED66A70003AF7B /* BibMetadata+Internal.h */,
				AABDC1F922DAAA0E00345A58 /* BibMetadata.m */,
				AAA4E01822ED719F0003AF7B /* Metadata.swift */,
				AAA4E01A22EE0D5A0003AF7B /* BibRecordKind.h */,
				AAA4E01B22EE0D5A0003AF7B /* BibRecordKind.m */,
				AAA4E01E22EE270E0003AF7B /* RecordKind.swift */,
				AA0167B925D0B4BB00860B58 /* RecordKind.strings */,
				AABDC20922DAC17A00345A58 /* BibFieldTag.h */,
				AABDC20822DAC17A00345A58 /* BibFieldTag.m */,
				AAA4E00022EBF5D20003AF7B /* FieldTag.swift */,
				AA79FFD724685D0100134C98 /* BibFieldPath.h */,
				AA79FFD824685D0100134C98 /* BibFieldPath.m */,
				AA79FFDB246868B300134C98 /* FieldPath.swift */,
			);
			path = Primitives;
			sourceTree = "<group>";
		};
		AAAA428520B9F32A00BDB52B /* BibliotekTests */ = {
			isa = PBXGroup;
			children = (
				AAAA429020B9F35600BDB52B /* BibliotekTests.swift */,
				AA79FFDD2469A1AF00134C98 /* RecordFieldAccessTests.swift */,
				AAA4DFFE22EBE2780003AF7B /* BibMARCInputStreamTests.m */,
				AAB786512454F0550018A833 /* BibMARCOutputStreamTests.m */,
				AAB7865A2456208E0018A833 /* BibMARCSerializationInputTests.m */,
				AAA14CF327C9398A007DA083 /* BibMARCXMLSerializationInputTests.m */,
				AAB7865C2456210F0018A833 /* BibMARCSerializationOutputTests.m */,
				AAAFD997247B712400D2D1F0 /* BibCharacterConversionTests.m */,
				AA19396C22E2C58000429C54 /* ClassificationRecord.marc8 */,
				AA19397422E7708900429C54 /* BibliographicRecord.marc8 */,
				AAA14CF127C93068007DA083 /* BibliographicRecord.xml */,
				AAB43679282CDEC000A1DFA2 /* ClassificationRecord.xml */,
				AA091796247AFBEE0074CF6E /* MARC8Record1.marc8 */,
				AAAFD991247B5F1F00D2D1F0 /* MARC8Record2.marc8 */,
				AAAA428820B9F32A00BDB52B /* Info.plist */,
			);
			path = BibliotekTests;
			sourceTree = "<group>";
		};
		AAAE231C212090FC00BB7E66 /* Connection */ = {
			isa = PBXGroup;
			children = (
				AA59055020AA43DD00D41982 /* BibConnection.h */,
				AA59056720AB419900D41982 /* BibConnection+Private.h */,
				AA59055120AA43DD00D41982 /* BibConnection.m */,
				AA51EA99211C181900BF28BE /* BibConnection.swift */,
				AA51EA8F211AB79A00BF28BE /* BibConnectionEndpoint.h */,
				AA51EA90211AB79A00BF28BE /* BibConnectionEndpoint.m */,
				AA51EA95211AC93C00BF28BE /* BibConnectionEndpoint.swift */,
				AA51EA89211AA98B00BF28BE /* BibConnectionOptions.h */,
				AA51EA8D211AAAEA00BF28BE /* BibConnectionOptions+Private.h */,
				AA51EA8A211AA98B00BF28BE /* BibConnectionOptions.m */,
				AA51EA97211AC9DE00BF28BE /* BibConnectionOptions.swift */,
			);
			path = Connection;
			sourceTree = "<group>";
		};
		AAAE2ECF27DD683500E4D6F1 /* SerializationError */ = {
			isa = PBXGroup;
			children = (
				AAAE2EC927DD480100E4D6F1 /* BibSerializationError.h */,
				AAAE2ECD27DD4BA000E4D6F1 /* BibSerializationError+Internal.h */,
				AAAE2ECA27DD480100E4D6F1 /* BibSerializationError.m */,
			);
			path = SerializationError;
			sourceTree = "<group>";
		};
		AAAFD99D247C3A6C00D2D1F0 /* Classification */ = {
			isa = PBXGroup;
			children = (
				AA83210D24F39835000945B3 /* BibLCCallNumber.bnf */,
				AAAFD999247C3A6300D2D1F0 /* BibLCCallNumber.h */,
				AAAFD99A247C3A6300D2D1F0 /* BibLCCallNumber.m */,
				AAAFD9A4247CDAB200D2D1F0 /* BibLCCallNumber.swift */,
				AA83210124F18505000945B3 /* biblex.h */,
				AA83210224F18505000945B3 /* biblex.c */,
				AA83210524F18608000945B3 /* bibparse.h */,
				AA83210624F18608000945B3 /* bibparse.c */,
				AA83210924F186DD000945B3 /* bibtype.h */,
				AA83210A24F186DD000945B3 /* bibtype.c */,
				AAE5A69D259A2955007FFD79 /* bibtypeio.h */,
				AAE5A69E259A2955007FFD79 /* bibtypeio.c */,
			);
			path = Classification;
			sourceTree = "<group>";
		};
		AAB78655245553050018A833 /* Serialzation */ = {
			isa = PBXGroup;
			children = (
				AAAE2ECF27DD683500E4D6F1 /* SerializationError */,
				AAAE2EC527D51FFA00E4D6F1 /* BibRecordInputStream.h */,
				AAAE2EC627D51FFA00E4D6F1 /* BibRecordInputStream.m */,
				AA19397622E8DF2D00429C54 /* BibMARCInputStream.h */,
				AA19397722E8DF2D00429C54 /* BibMARCInputStream.m */,
				AA4D0941266DCEBF00C748EE /* BibMARCXMLInputStream.h */,
				AA4D0942266DCEBF00C748EE /* BibMARCXMLInputStream.m */,
				AA2E475028289FC900E2434A /* BibRecordOutputStream.h */,
				AA2E475128289FC900E2434A /* BibRecordOutputStream.m */,
				AAB7864D2454C2D90018A833 /* BibMARCOutputStream.h */,
				AAB7864E2454C2D90018A833 /* BibMARCOutputStream.m */,
				AAB786562455FCEB0018A833 /* BibMARCSerialization.h */,
				AAB786572455FCEB0018A833 /* BibMARCSerialization.m */,
				AA4D0939266D591B00C748EE /* BibMARCXMLSerialization.h */,
				AA4D093A266D591B00C748EE /* BibMARCXMLSerialization.m */,
				AA2E475C2828F52D00E2434A /* BibMARCXMLConstants.h */,
				AA2E475D2828F52D00E2434A /* BibMARCXMLConstants.m */,
				AAAFD993247B65EC00D2D1F0 /* BibCharacterConversion.h */,
				AAAFD994247B65EC00D2D1F0 /* BibCharacterConversion.m */,
				AA382B2824439CA1009F624D /* BibMarcIO.h */,
				AA382B2924439CA1009F624D /* BibMarcIO.m */,
			);
			path = Serialzation;
			sourceTree = "<group>";
		};
		AABDC1F822DAA96C00345A58 /* Record */ = {
			isa = PBXGroup;
			children = (
				AAA4BDF925E2D050000DF08E /* MARC8 */,
				AABDC22022DAE7CD00345A58 /* BibRecord.h */,
				AABDC22122DAE7CD00345A58 /* BibRecord.m */,
				AAA4E00A22EC119A0003AF7B /* Record.swift */,
				AABDC1FE22DAB2FD00345A58 /* BibLeader.h */,
				AABDC1FD22DAB2FD00345A58 /* BibLeader.m */,
				AA4D090926658B1600C748EE /* Leader.swift */,
				AA67783F24843EF500997B29 /* RecordField */,
				AAA4E02322EE334C0003AF7B /* Primitives */,
			);
			path = Record;
			sourceTree = "<group>";
		};
/* End PBXGroup section */

/* Begin PBXHeadersBuildPhase section */
		AA59F0CF20A9FACF00D41982 /* Headers */ = {
			isa = PBXHeadersBuildPhase;
			buildActionMask = 2147483647;
			files = (
				AA258AF121FB8EF200CDF88E /* NSCharacterSet+BibASCIICharacterSet.h in Headers */,
				AAB6BADB263F224700E37CD4 /* Bibliotek.apinotes in Headers */,
				AA59055220AA43DD00D41982 /* BibConnection.h in Headers */,
				AA4D08FE26657D7900C748EE /* BibAttributes.h in Headers */,
				AA79FFD924685D0100134C98 /* BibFieldPath.h in Headers */,
				AABDC20B22DAC17A00345A58 /* BibFieldTag.h in Headers */,
				AA59F0D720A9FACF00D41982 /* Bibliotek.h in Headers */,
				AAAE2ECB27DD480100E4D6F1 /* BibSerializationError.h in Headers */,
				AAB786582455FCEB0018A833 /* BibMARCSerialization.h in Headers */,
				AA99BAF62301E4370055C078 /* BibHasher.h in Headers */,
				AABDC20022DAB2FD00345A58 /* BibLeader.h in Headers */,
				AA51EA8E211AAAEB00BF28BE /* BibConnectionOptions+Private.h in Headers */,
				AAE5A69F259A2955007FFD79 /* bibtypeio.h in Headers */,
				AA83210324F18505000945B3 /* biblex.h in Headers */,
				AAB7864F2454C2D90018A833 /* BibMARCOutputStream.h in Headers */,
				AABDC1FC22DAAA0F00345A58 /* BibMetadata.h in Headers */,
				AA382B2A24439CA1009F624D /* BibMarcIO.h in Headers */,
				AAAFD99B247C3A6300D2D1F0 /* BibLCCallNumber.h in Headers */,
				AA2E475E2828F52D00E2434A /* BibMARCXMLConstants.h in Headers */,
				AAAA429E20BB0E3600BDB52B /* BibConstants.h in Headers */,
				AAAE2ECE27DD4DAC00E4D6F1 /* BibSerializationError+Internal.h in Headers */,
				AA19396F22E6366B00429C54 /* Bibliotek+Internal.h in Headers */,
				AA83210B24F186DD000945B3 /* bibtype.h in Headers */,
				AAA4E01C22EE0D5A0003AF7B /* BibRecordKind.h in Headers */,
				AABDC22222DAE7CD00345A58 /* BibRecord.h in Headers */,
				AA4D0943266DCEBF00C748EE /* BibMARCXMLInputStream.h in Headers */,
				AA51EA91211AB79A00BF28BE /* BibConnectionEndpoint.h in Headers */,
				AAAFD995247B65EC00D2D1F0 /* BibCharacterConversion.h in Headers */,
				AA19397822E8DF2D00429C54 /* BibMARCInputStream.h in Headers */,
				AA59056820AB419C00D41982 /* BibConnection+Private.h in Headers */,
				AA4D093B266D591B00C748EE /* BibMARCXMLSerialization.h in Headers */,
				AAAE2EC727D51FFA00E4D6F1 /* BibRecordInputStream.h in Headers */,
				AABDC21A22DAE05200345A58 /* BibSubfield.h in Headers */,
				AA2E475228289FC900E2434A /* BibRecordOutputStream.h in Headers */,
				AA67784224843F1300997B29 /* BibRecordField.h in Headers */,
				AA677858248D63C900997B29 /* BibFieldIndicator.h in Headers */,
				AA6D18D620B5B6CC00603E61 /* BibFetchRequest.h in Headers */,
				AAA4E01722ED66A70003AF7B /* BibMetadata+Internal.h in Headers */,
				AA83210724F18608000945B3 /* bibparse.h in Headers */,
				AAAA42A220BB156100BDB52B /* BibRecordList.h in Headers */,
				AA6D18D920B5B9FC00603E61 /* BibFetchRequest+Private.h in Headers */,
				AA51EA8B211AA98B00BF28BE /* BibConnectionOptions.h in Headers */,
				AA258AFC21FE3C2A00CDF88E /* NSString+BibCharacterSetValidation.h in Headers */,
				AAAA42A520BB187000BDB52B /* BibRecordList+Private.h in Headers */,
			);
			runOnlyForDeploymentPostprocessing = 0;
		};
/* End PBXHeadersBuildPhase section */

/* Begin PBXLegacyTarget section */
		AA14E83020D8D10400430A87 /* config */ = {
			isa = PBXLegacyTarget;
			buildArgumentsString = "";
			buildConfigurationList = AA14E83120D8D10400430A87 /* Build configuration list for PBXLegacyTarget "config" */;
			buildPhases = (
			);
			buildToolPath = "$(PROJECT_DIR)/configure";
			buildWorkingDirectory = "$(PROJECT_DIR)";
			dependencies = (
			);
			name = config;
			passBuildSettingsInEnvironment = 1;
			productName = libyaz;
		};
		AA5900E620AA274F00D41982 /* libyaz */ = {
			isa = PBXLegacyTarget;
			buildArgumentsString = install;
			buildConfigurationList = AA5900E920AA275000D41982 /* Build configuration list for PBXLegacyTarget "libyaz" */;
			buildPhases = (
			);
			buildToolPath = /usr/bin/make;
			buildWorkingDirectory = "$(PROJECT_DIR)/libyaz";
			dependencies = (
				AA14E83520D8D13F00430A87 /* PBXTargetDependency */,
			);
			name = libyaz;
			passBuildSettingsInEnvironment = 1;
			productName = libyaz;
		};
/* End PBXLegacyTarget section */

/* Begin PBXNativeTarget section */
		AA59F0D120A9FACF00D41982 /* Bibliotek */ = {
			isa = PBXNativeTarget;
			buildConfigurationList = AA59F0DA20A9FACF00D41982 /* Build configuration list for PBXNativeTarget "Bibliotek" */;
			buildPhases = (
				AA59F0CD20A9FACF00D41982 /* Sources */,
				AA59F0CE20A9FACF00D41982 /* Frameworks */,
				AA59F0CF20A9FACF00D41982 /* Headers */,
				AA59F0D020A9FACF00D41982 /* Resources */,
				AA2F88DB212117170085A637 /* CopyFiles */,
			);
			buildRules = (
			);
			dependencies = (
				AA14E83920D8D34000430A87 /* PBXTargetDependency */,
			);
			name = Bibliotek;
			productName = YazKit;
			productReference = AA59F0D220A9FACF00D41982 /* Bibliotek.framework */;
			productType = "com.apple.product-type.framework";
		};
		AA7EE06F25A38D74000D3271 /* LCCallNumberTests */ = {
			isa = PBXNativeTarget;
			buildConfigurationList = AA7EE07825A38D74000D3271 /* Build configuration list for PBXNativeTarget "LCCallNumberTests" */;
			buildPhases = (
				AA7EE06C25A38D74000D3271 /* Sources */,
				AA7EE06D25A38D74000D3271 /* Frameworks */,
				AA7EE06E25A38D74000D3271 /* Resources */,
			);
			buildRules = (
			);
			dependencies = (
				AA7EE07725A38D74000D3271 /* PBXTargetDependency */,
			);
			name = LCCallNumberTests;
			productName = LCCallNumberTests;
			productReference = AA7EE07025A38D74000D3271 /* LCCallNumberTests.xctest */;
			productType = "com.apple.product-type.bundle.unit-test";
		};
		AAAA428320B9F32900BDB52B /* BibliotekTests */ = {
			isa = PBXNativeTarget;
			buildConfigurationList = AAAA428C20B9F32A00BDB52B /* Build configuration list for PBXNativeTarget "BibliotekTests" */;
			buildPhases = (
				AAAA428020B9F32900BDB52B /* Sources */,
				AAAA428120B9F32900BDB52B /* Frameworks */,
				AAAA428220B9F32900BDB52B /* Resources */,
			);
			buildRules = (
			);
			dependencies = (
				AAAA428B20B9F32A00BDB52B /* PBXTargetDependency */,
			);
			name = BibliotekTests;
			productName = BibliotekTests;
			productReference = AAAA428420B9F32900BDB52B /* BibliotekTests.xctest */;
			productType = "com.apple.product-type.bundle.unit-test";
		};
/* End PBXNativeTarget section */

/* Begin PBXProject section */
		AA59F0C920A9FACF00D41982 /* Project object */ = {
			isa = PBXProject;
			attributes = {
				LastSwiftUpdateCheck = 1010;
				LastUpgradeCheck = 0930;
				ORGANIZATIONNAME = "Steve Brunwasser";
				TargetAttributes = {
					AA5900E620AA274F00D41982 = {
						CreatedOnToolsVersion = 9.3;
					};
					AA59F0D120A9FACF00D41982 = {
						CreatedOnToolsVersion = 9.3;
						LastSwiftMigration = 0940;
					};
					AA7EE06F25A38D74000D3271 = {
						CreatedOnToolsVersion = 12.3;
					};
					AAAA428320B9F32900BDB52B = {
						CreatedOnToolsVersion = 9.3.1;
						LastSwiftMigration = 1100;
					};
				};
			};
			buildConfigurationList = AA59F0CC20A9FACF00D41982 /* Build configuration list for PBXProject "Bibliotek" */;
			compatibilityVersion = "Xcode 9.3";
			developmentRegion = en;
			hasScannedForEncodings = 0;
			knownRegions = (
				en,
			);
			mainGroup = AA59F0C820A9FACF00D41982;
			productRefGroup = AA59F0D320A9FACF00D41982 /* Products */;
			projectDirPath = "";
			projectRoot = "";
			targets = (
				AA59F0D120A9FACF00D41982 /* Bibliotek */,
				AAAA428320B9F32900BDB52B /* BibliotekTests */,
				AA7EE06F25A38D74000D3271 /* LCCallNumberTests */,
				AA5900E620AA274F00D41982 /* libyaz */,
				AA14E83020D8D10400430A87 /* config */,
			);
		};
/* End PBXProject section */

/* Begin PBXResourcesBuildPhase section */
		AA59F0D020A9FACF00D41982 /* Resources */ = {
			isa = PBXResourcesBuildPhase;
			buildActionMask = 2147483647;
			files = (
				AA0167BA25D0B4BB00860B58 /* RecordKind.strings in Resources */,
			);
			runOnlyForDeploymentPostprocessing = 0;
		};
		AA7EE06E25A38D74000D3271 /* Resources */ = {
			isa = PBXResourcesBuildPhase;
			buildActionMask = 2147483647;
			files = (
			);
			runOnlyForDeploymentPostprocessing = 0;
		};
		AAAA428220B9F32900BDB52B /* Resources */ = {
			isa = PBXResourcesBuildPhase;
			buildActionMask = 2147483647;
			files = (
				AAB4367A282CDEC000A1DFA2 /* ClassificationRecord.xml in Resources */,
				AA091797247AFBEE0074CF6E /* MARC8Record1.marc8 in Resources */,
				AA19397522E7708900429C54 /* BibliographicRecord.marc8 in Resources */,
				AA19396D22E2C58000429C54 /* ClassificationRecord.marc8 in Resources */,
				AAA14CF227C93068007DA083 /* BibliographicRecord.xml in Resources */,
				AAAFD992247B5F1F00D2D1F0 /* MARC8Record2.marc8 in Resources */,
			);
			runOnlyForDeploymentPostprocessing = 0;
		};
/* End PBXResourcesBuildPhase section */

/* Begin PBXSourcesBuildPhase section */
		AA59F0CD20A9FACF00D41982 /* Sources */ = {
			isa = PBXSourcesBuildPhase;
			buildActionMask = 2147483647;
			files = (
				AA6D18D720B5B6CC00603E61 /* BibFetchRequest.m in Sources */,
				AA4D090A26658B1600C748EE /* Leader.swift in Sources */,
				AAA4E00B22EC119A0003AF7B /* Record.swift in Sources */,
				AA4D093C266D591B00C748EE /* BibMARCXMLSerialization.m in Sources */,
				AA2E475F2828F52D00E2434A /* BibMARCXMLConstants.m in Sources */,
				AAAFD9A5247CDAB200D2D1F0 /* BibLCCallNumber.swift in Sources */,
				AA677859248D63C900997B29 /* BibFieldIndicator.m in Sources */,
				AAAFD996247B65EC00D2D1F0 /* BibCharacterConversion.m in Sources */,
				AA258AFD21FE3C2A00CDF88E /* NSString+BibCharacterSetValidation.m in Sources */,
				AA51EA8C211AA98B00BF28BE /* BibConnectionOptions.m in Sources */,
				AABDC1FF22DAB2FD00345A58 /* BibLeader.m in Sources */,
				AA51EA9A211C181900BF28BE /* BibConnection.swift in Sources */,
				AA2E475328289FC900E2434A /* BibRecordOutputStream.m in Sources */,
				AA258AF021FA2E1D00CDF88E /* NSCharacterSet+BibASCIICharacterSet.m in Sources */,
				AA19397922E8DF2D00429C54 /* BibMARCInputStream.m in Sources */,
				AABDC22322DAE7CD00345A58 /* BibRecord.m in Sources */,
				AAA4E01F22EE270E0003AF7B /* RecordKind.swift in Sources */,
				AA2E47552828A1CA00E2434A /* Bibliotek+Internal.m in Sources */,
				AAA4E00122EBF5D20003AF7B /* FieldTag.swift in Sources */,
				AA51EA92211AB79A00BF28BE /* BibConnectionEndpoint.m in Sources */,
				AAAA429F20BB0E3600BDB52B /* BibConstants.m in Sources */,
				AA51EA98211AC9DF00BF28BE /* BibConnectionOptions.swift in Sources */,
				AA99BAF72301E4370055C078 /* BibHasher.m in Sources */,
				AAB786592455FCEB0018A833 /* BibMARCSerialization.m in Sources */,
				AAA4E00522EBFF670003AF7B /* Subfield.swift in Sources */,
				AA4D0944266DCEBF00C748EE /* BibMARCXMLInputStream.m in Sources */,
				AA79FFDA24685D0100134C98 /* BibFieldPath.m in Sources */,
				AAA4E01922ED719F0003AF7B /* Metadata.swift in Sources */,
				AABDC20322DABA5300345A58 /* BibMetadata.m in Sources */,
				AAAE2EC827D51FFA00E4D6F1 /* BibRecordInputStream.m in Sources */,
				AAAE2ECC27DD480100E4D6F1 /* BibSerializationError.m in Sources */,
				AA51EA96211AC93C00BF28BE /* BibConnectionEndpoint.swift in Sources */,
				AA79FFDC246868B300134C98 /* FieldPath.swift in Sources */,
				AA83210824F18608000945B3 /* bibparse.c in Sources */,
				AA382B2B24439CA1009F624D /* BibMarcIO.m in Sources */,
				AAB786502454C2D90018A833 /* BibMARCOutputStream.m in Sources */,
				AAAFD99C247C3A6300D2D1F0 /* BibLCCallNumber.m in Sources */,
				AAAA42A320BB156100BDB52B /* BibRecordList.m in Sources */,
				AA67784324843F1300997B29 /* BibRecordField.m in Sources */,
				AABDC20A22DAC17A00345A58 /* BibFieldTag.m in Sources */,
				AA83210424F18505000945B3 /* biblex.c in Sources */,
				AABDC21B22DAE05200345A58 /* BibSubfield.m in Sources */,
				AA59055320AA43DD00D41982 /* BibConnection.m in Sources */,
				AA619E17249ECD7500BB3A25 /* RecordField.swift in Sources */,
				AA619E19249ECDFB00BB3A25 /* FieldIndicator.swift in Sources */,
				AAA4E01D22EE0D5A0003AF7B /* BibRecordKind.m in Sources */,
				AAE5A6A0259A2955007FFD79 /* bibtypeio.c in Sources */,
				AACEDD6420C1A946004ACA07 /* BibConstants.swift in Sources */,
				AA83210C24F186DD000945B3 /* bibtype.c in Sources */,
				AADE536620CE2E8F0043CE5B /* BibRecordList.swift in Sources */,
			);
			runOnlyForDeploymentPostprocessing = 0;
		};
		AA7EE06C25A38D74000D3271 /* Sources */ = {
			isa = PBXSourcesBuildPhase;
			buildActionMask = 2147483647;
			files = (
				AA7EE0D525A3FC8D000D3271 /* BibLexNumberTests.m in Sources */,
				AA7EE09A25A3BC75000D3271 /* BibStringFormattingTests.m in Sources */,
				AA7EE0B725A3F112000D3271 /* BibParseVolumeTests.m in Sources */,
				AA7EE08025A38E5F000D3271 /* BibClassComparisonTests.m in Sources */,
				AA7EE09225A39191000D3271 /* BibCallComparisonTests.m in Sources */,
				AA7EE0BD25A3F163000D3271 /* BibParseSupplementTests.m in Sources */,
				AA7EE08625A38EF0000D3271 /* BibClassInclusionTests.m in Sources */,
				AA7EE0CB25A3F9CC000D3271 /* BibLexSpaceTests.m in Sources */,
				AA7EE0B325A3F02E000D3271 /* BibParseCutterTest.m in Sources */,
				AA7EE0D925A3FD88000D3271 /* BibLexReadTests.m in Sources */,
				AA7EE08E25A39049000D3271 /* BibNumberParsingTests.m in Sources */,
				AA7EE0A225A3ED0C000D3271 /* BibParseSubjectTests.m in Sources */,
				AA7EE0A925A3EE7E000D3271 /* BibParseOrdinalTests.m in Sources */,
				AA7EE0CF25A3FA89000D3271 /* BibLexOrdinalSuffixTests.m in Sources */,
				AA7EE0C725A3F8C5000D3271 /* BibLexClassLettersTests.m in Sources */,
				AA7EE0AF25A3EFA9000D3271 /* BibParseDateTests.m in Sources */,
				AA7EE0C125A3F70B000D3271 /* BibParseSpecificationTests.m in Sources */,
			);
			runOnlyForDeploymentPostprocessing = 0;
		};
		AAAA428020B9F32900BDB52B /* Sources */ = {
			isa = PBXSourcesBuildPhase;
			buildActionMask = 2147483647;
			files = (
				AAA14CF427C9398A007DA083 /* BibMARCXMLSerializationInputTests.m in Sources */,
				AAAFD998247B712400D2D1F0 /* BibCharacterConversionTests.m in Sources */,
				AAB786522454F0550018A833 /* BibMARCOutputStreamTests.m in Sources */,
				AAAA429120B9F35600BDB52B /* BibliotekTests.swift in Sources */,
				AAA4DFFF22EBE2780003AF7B /* BibMARCInputStreamTests.m in Sources */,
				AAB7865D2456210F0018A833 /* BibMARCSerializationOutputTests.m in Sources */,
				AAB7865B2456208E0018A833 /* BibMARCSerializationInputTests.m in Sources */,
				AA79FFDE2469A1AF00134C98 /* RecordFieldAccessTests.swift in Sources */,
			);
			runOnlyForDeploymentPostprocessing = 0;
		};
/* End PBXSourcesBuildPhase section */

/* Begin PBXTargetDependency section */
		AA14E83520D8D13F00430A87 /* PBXTargetDependency */ = {
			isa = PBXTargetDependency;
			target = AA14E83020D8D10400430A87 /* config */;
			targetProxy = AA14E83420D8D13F00430A87 /* PBXContainerItemProxy */;
		};
		AA14E83920D8D34000430A87 /* PBXTargetDependency */ = {
			isa = PBXTargetDependency;
			target = AA5900E620AA274F00D41982 /* libyaz */;
			targetProxy = AA14E83820D8D34000430A87 /* PBXContainerItemProxy */;
		};
		AA7EE07725A38D74000D3271 /* PBXTargetDependency */ = {
			isa = PBXTargetDependency;
			target = AA59F0D120A9FACF00D41982 /* Bibliotek */;
			targetProxy = AA7EE07625A38D74000D3271 /* PBXContainerItemProxy */;
		};
		AAAA428B20B9F32A00BDB52B /* PBXTargetDependency */ = {
			isa = PBXTargetDependency;
			target = AA59F0D120A9FACF00D41982 /* Bibliotek */;
			targetProxy = AAAA428A20B9F32A00BDB52B /* PBXContainerItemProxy */;
		};
/* End PBXTargetDependency section */

/* Begin XCBuildConfiguration section */
		AA14E83220D8D10400430A87 /* Debug */ = {
			isa = XCBuildConfiguration;
			buildSettings = {
				CODE_SIGN_STYLE = Automatic;
				DEBUGGING_SYMBOLS = YES;
				DEBUG_INFORMATION_FORMAT = dwarf;
				GCC_GENERATE_DEBUGGING_SYMBOLS = YES;
				GCC_OPTIMIZATION_LEVEL = 0;
				OTHER_CFLAGS = (
					"-H$(SDKROOT)/usr/include/libxml2",
					"$($YAZCONFIG",
					"--cflags",
					"threads)",
				);
				OTHER_LDFLAGS = (
					"-L$(SDKROOT)/usr/lib/libxml2.dylib",
					"$($YAZCONFIG",
					"--libs",
					"threads)",
				);
				PRODUCT_NAME = "$(TARGET_NAME)";
				YAZ_CONFIG = "$(PROJECT_DIR)/libyaz/yaz-config";
				YAZ_VERSION = "yaz-5.25.0";
			};
			name = Debug;
		};
		AA14E83320D8D10400430A87 /* Release */ = {
			isa = XCBuildConfiguration;
			buildSettings = {
				CODE_SIGN_STYLE = Automatic;
				DEBUG_INFORMATION_FORMAT = "dwarf-with-dsym";
				OTHER_CFLAGS = (
					"-H$(SDKROOT)/usr/include/libxml2",
					"$($YAZCONFIG",
					"--cflags",
					"threads)",
				);
				OTHER_LDFLAGS = (
					"-L$(SDKROOT)/usr/lib/libxml2.dylib",
					"$($YAZCONFIG",
					"--libs",
					"threads)",
				);
				PRODUCT_NAME = "$(TARGET_NAME)";
				YAZ_CONFIG = "$(PROJECT_DIR)/libyaz/yaz-config";
				YAZ_VERSION = "yaz-5.25.0";
			};
			name = Release;
		};
		AA5900E720AA275000D41982 /* Debug */ = {
			isa = XCBuildConfiguration;
			buildSettings = {
				CODE_SIGN_STYLE = Automatic;
				DEBUGGING_SYMBOLS = YES;
				DEBUG_INFORMATION_FORMAT = dwarf;
				GCC_GENERATE_DEBUGGING_SYMBOLS = YES;
				GCC_OPTIMIZATION_LEVEL = 0;
				OTHER_CFLAGS = (
					"-H$(SDKROOT)/usr/include/libxml2",
					"$($YAZCONFIG",
					"--cflags",
					"threads)",
				);
				OTHER_LDFLAGS = (
					"-L$(SDKROOT)/usr/lib/libxml2.dylib",
					"$($YAZCONFIG",
					"--libs",
					"threads)",
				);
				PRODUCT_NAME = "$(TARGET_NAME)";
				YAZ_CONFIG = "$(PROJECT_DIR)/libyaz/yaz-config";
				YAZ_VERSION = "yaz-5.25.0";
			};
			name = Debug;
		};
		AA5900E820AA275000D41982 /* Release */ = {
			isa = XCBuildConfiguration;
			buildSettings = {
				CODE_SIGN_STYLE = Automatic;
				DEBUG_INFORMATION_FORMAT = "dwarf-with-dsym";
				OTHER_CFLAGS = (
					"-H$(SDKROOT)/usr/include/libxml2",
					"$($YAZCONFIG",
					"--cflags",
					"threads)",
				);
				OTHER_LDFLAGS = (
					"-L$(SDKROOT)/usr/lib/libxml2.dylib",
					"$($YAZCONFIG",
					"--libs",
					"threads)",
				);
				PRODUCT_NAME = "$(TARGET_NAME)";
				YAZ_CONFIG = "$(PROJECT_DIR)/libyaz/yaz-config";
				YAZ_VERSION = "yaz-5.25.0";
			};
			name = Release;
		};
		AA59F0D820A9FACF00D41982 /* Debug */ = {
			isa = XCBuildConfiguration;
			buildSettings = {
				ALWAYS_EMBED_SWIFT_STANDARD_LIBRARIES = NO;
				ALWAYS_SEARCH_USER_PATHS = NO;
				CLANG_ANALYZER_NONNULL = YES;
				CLANG_ANALYZER_NUMBER_OBJECT_CONVERSION = YES_AGGRESSIVE;
				CLANG_CXX_LANGUAGE_STANDARD = "gnu++14";
				CLANG_CXX_LIBRARY = "libc++";
				CLANG_ENABLE_MODULES = YES;
				CLANG_ENABLE_OBJC_ARC = YES;
				CLANG_ENABLE_OBJC_WEAK = YES;
				CLANG_WARN_BLOCK_CAPTURE_AUTORELEASING = YES;
				CLANG_WARN_BOOL_CONVERSION = YES;
				CLANG_WARN_COMMA = YES;
				CLANG_WARN_CONSTANT_CONVERSION = YES;
				CLANG_WARN_DEPRECATED_OBJC_IMPLEMENTATIONS = YES;
				CLANG_WARN_DIRECT_OBJC_ISA_USAGE = YES_ERROR;
				CLANG_WARN_DOCUMENTATION_COMMENTS = YES;
				CLANG_WARN_EMPTY_BODY = YES;
				CLANG_WARN_ENUM_CONVERSION = YES;
				CLANG_WARN_INFINITE_RECURSION = YES;
				CLANG_WARN_INT_CONVERSION = YES;
				CLANG_WARN_NON_LITERAL_NULL_CONVERSION = YES;
				CLANG_WARN_OBJC_IMPLICIT_RETAIN_SELF = YES;
				CLANG_WARN_OBJC_LITERAL_CONVERSION = YES;
				CLANG_WARN_OBJC_ROOT_CLASS = YES_ERROR;
				CLANG_WARN_RANGE_LOOP_ANALYSIS = YES;
				CLANG_WARN_STRICT_PROTOTYPES = YES;
				CLANG_WARN_SUSPICIOUS_MOVE = YES;
				CLANG_WARN_UNGUARDED_AVAILABILITY = YES_AGGRESSIVE;
				CLANG_WARN_UNREACHABLE_CODE = YES;
				CLANG_WARN__DUPLICATE_METHOD_MATCH = YES;
				CODE_SIGN_IDENTITY = "-";
				COPY_PHASE_STRIP = NO;
				CURRENT_PROJECT_VERSION = 1;
				DEBUG_INFORMATION_FORMAT = dwarf;
				ENABLE_STRICT_OBJC_MSGSEND = YES;
				ENABLE_TESTABILITY = YES;
				GCC_C_LANGUAGE_STANDARD = gnu11;
				GCC_DYNAMIC_NO_PIC = NO;
				GCC_NO_COMMON_BLOCKS = YES;
				GCC_OPTIMIZATION_LEVEL = 0;
				GCC_PREPROCESSOR_DEFINITIONS = (
					"DEBUG=1",
					"$(inherited)",
				);
				GCC_WARN_64_TO_32_BIT_CONVERSION = YES;
				GCC_WARN_ABOUT_RETURN_TYPE = YES_ERROR;
				GCC_WARN_UNDECLARED_SELECTOR = YES;
				GCC_WARN_UNINITIALIZED_AUTOS = YES_AGGRESSIVE;
				GCC_WARN_UNUSED_FUNCTION = YES;
				GCC_WARN_UNUSED_VARIABLE = YES;
				MACOSX_DEPLOYMENT_TARGET = 10.13;
				MTL_ENABLE_DEBUG_INFO = YES;
				ONLY_ACTIVE_ARCH = YES;
				SDKROOT = macosx;
				SWIFT_ACTIVE_COMPILATION_CONDITIONS = DEBUG;
				SWIFT_OPTIMIZATION_LEVEL = "-Onone";
				VERSIONING_SYSTEM = "apple-generic";
				VERSION_INFO_PREFIX = "";
			};
			name = Debug;
		};
		AA59F0D920A9FACF00D41982 /* Release */ = {
			isa = XCBuildConfiguration;
			buildSettings = {
				ALWAYS_EMBED_SWIFT_STANDARD_LIBRARIES = NO;
				ALWAYS_SEARCH_USER_PATHS = NO;
				CLANG_ANALYZER_NONNULL = YES;
				CLANG_ANALYZER_NUMBER_OBJECT_CONVERSION = YES_AGGRESSIVE;
				CLANG_CXX_LANGUAGE_STANDARD = "gnu++14";
				CLANG_CXX_LIBRARY = "libc++";
				CLANG_ENABLE_MODULES = YES;
				CLANG_ENABLE_OBJC_ARC = YES;
				CLANG_ENABLE_OBJC_WEAK = YES;
				CLANG_WARN_BLOCK_CAPTURE_AUTORELEASING = YES;
				CLANG_WARN_BOOL_CONVERSION = YES;
				CLANG_WARN_COMMA = YES;
				CLANG_WARN_CONSTANT_CONVERSION = YES;
				CLANG_WARN_DEPRECATED_OBJC_IMPLEMENTATIONS = YES;
				CLANG_WARN_DIRECT_OBJC_ISA_USAGE = YES_ERROR;
				CLANG_WARN_DOCUMENTATION_COMMENTS = YES;
				CLANG_WARN_EMPTY_BODY = YES;
				CLANG_WARN_ENUM_CONVERSION = YES;
				CLANG_WARN_INFINITE_RECURSION = YES;
				CLANG_WARN_INT_CONVERSION = YES;
				CLANG_WARN_NON_LITERAL_NULL_CONVERSION = YES;
				CLANG_WARN_OBJC_IMPLICIT_RETAIN_SELF = YES;
				CLANG_WARN_OBJC_LITERAL_CONVERSION = YES;
				CLANG_WARN_OBJC_ROOT_CLASS = YES_ERROR;
				CLANG_WARN_RANGE_LOOP_ANALYSIS = YES;
				CLANG_WARN_STRICT_PROTOTYPES = YES;
				CLANG_WARN_SUSPICIOUS_MOVE = YES;
				CLANG_WARN_UNGUARDED_AVAILABILITY = YES_AGGRESSIVE;
				CLANG_WARN_UNREACHABLE_CODE = YES;
				CLANG_WARN__DUPLICATE_METHOD_MATCH = YES;
				CODE_SIGN_IDENTITY = "-";
				COPY_PHASE_STRIP = NO;
				CURRENT_PROJECT_VERSION = 1;
				DEBUG_INFORMATION_FORMAT = "dwarf-with-dsym";
				ENABLE_NS_ASSERTIONS = NO;
				ENABLE_STRICT_OBJC_MSGSEND = YES;
				GCC_C_LANGUAGE_STANDARD = gnu11;
				GCC_NO_COMMON_BLOCKS = YES;
				GCC_WARN_64_TO_32_BIT_CONVERSION = YES;
				GCC_WARN_ABOUT_RETURN_TYPE = YES_ERROR;
				GCC_WARN_UNDECLARED_SELECTOR = YES;
				GCC_WARN_UNINITIALIZED_AUTOS = YES_AGGRESSIVE;
				GCC_WARN_UNUSED_FUNCTION = YES;
				GCC_WARN_UNUSED_VARIABLE = YES;
				MACOSX_DEPLOYMENT_TARGET = 10.13;
				MTL_ENABLE_DEBUG_INFO = NO;
				SDKROOT = macosx;
				SWIFT_COMPILATION_MODE = wholemodule;
				SWIFT_OPTIMIZATION_LEVEL = "-O";
				VERSIONING_SYSTEM = "apple-generic";
				VERSION_INFO_PREFIX = "";
			};
			name = Release;
		};
		AA59F0DB20A9FACF00D41982 /* Debug */ = {
			isa = XCBuildConfiguration;
			buildSettings = {
				ALWAYS_EMBED_SWIFT_STANDARD_LIBRARIES = NO;
				CLANG_ENABLE_MODULES = YES;
				CODE_SIGN_IDENTITY = "";
				CODE_SIGN_STYLE = Automatic;
				COMBINE_HIDPI_IMAGES = YES;
				DEFINES_MODULE = YES;
				DYLIB_COMPATIBILITY_VERSION = 1;
				DYLIB_CURRENT_VERSION = 1;
				DYLIB_INSTALL_NAME_BASE = "@rpath";
				FRAMEWORK_VERSION = A;
				HEADER_SEARCH_PATHS = "$(BUILT_PRODUCTS_DIR)/include";
				INFOPLIST_FILE = Bibliotek/Info.plist;
				INSTALL_PATH = "$(LOCAL_LIBRARY_DIR)/Frameworks";
				LD_RUNPATH_SEARCH_PATHS = (
					"$(inherited)",
					"@executable_path/../Frameworks",
					"@loader_path/Frameworks",
				);
				LIBRARY_SEARCH_PATHS = "$(BUILT_PRODUCTS_DIR)/lib";
				MACOSX_DEPLOYMENT_TARGET = 10.13;
				MARKETING_VERSION = 0.3.0;
				OTHER_CFLAGS = "";
				OTHER_LDFLAGS = "";
				PRODUCT_BUNDLE_IDENTIFIER = brun.steve.Bibliotek;
				PRODUCT_NAME = "$(TARGET_NAME:c99extidentifier)";
				SKIP_INSTALL = YES;
				SWIFT_INSTALL_OBJC_HEADER = YES;
				SWIFT_OBJC_BRIDGING_HEADER = "";
				SWIFT_OPTIMIZATION_LEVEL = "-Onone";
				SWIFT_PRECOMPILE_BRIDGING_HEADER = YES;
				SWIFT_VERSION = 5.0;
			};
			name = Debug;
		};
		AA59F0DC20A9FACF00D41982 /* Release */ = {
			isa = XCBuildConfiguration;
			buildSettings = {
				ALWAYS_EMBED_SWIFT_STANDARD_LIBRARIES = NO;
				CLANG_ENABLE_MODULES = YES;
				CODE_SIGN_IDENTITY = "";
				CODE_SIGN_STYLE = Automatic;
				COMBINE_HIDPI_IMAGES = YES;
				DEFINES_MODULE = YES;
				DYLIB_COMPATIBILITY_VERSION = 1;
				DYLIB_CURRENT_VERSION = 1;
				DYLIB_INSTALL_NAME_BASE = "@rpath";
				FRAMEWORK_VERSION = A;
				HEADER_SEARCH_PATHS = "$(BUILT_PRODUCTS_DIR)/include";
				INFOPLIST_FILE = Bibliotek/Info.plist;
				INSTALL_PATH = "$(LOCAL_LIBRARY_DIR)/Frameworks";
				LD_RUNPATH_SEARCH_PATHS = (
					"$(inherited)",
					"@executable_path/../Frameworks",
					"@loader_path/Frameworks",
				);
				LIBRARY_SEARCH_PATHS = "$(BUILT_PRODUCTS_DIR)/lib";
				MACOSX_DEPLOYMENT_TARGET = 10.13;
				MARKETING_VERSION = 0.3.0;
				OTHER_CFLAGS = "";
				OTHER_LDFLAGS = "";
				PRODUCT_BUNDLE_IDENTIFIER = brun.steve.Bibliotek;
				PRODUCT_NAME = "$(TARGET_NAME:c99extidentifier)";
				SKIP_INSTALL = YES;
				SWIFT_INSTALL_OBJC_HEADER = YES;
				SWIFT_OBJC_BRIDGING_HEADER = "";
				SWIFT_PRECOMPILE_BRIDGING_HEADER = YES;
				SWIFT_VERSION = 5.0;
			};
			name = Release;
		};
		AA7EE07925A38D74000D3271 /* Debug */ = {
			isa = XCBuildConfiguration;
			buildSettings = {
				ALWAYS_EMBED_SWIFT_STANDARD_LIBRARIES = YES;
				CLANG_WARN_QUOTED_INCLUDE_IN_FRAMEWORK_HEADER = YES;
				CODE_SIGN_STYLE = Automatic;
				COMBINE_HIDPI_IMAGES = YES;
				DEVELOPMENT_TEAM = 8T447DZKLE;
				INFOPLIST_FILE = LCCallNumberTests/Info.plist;
				LD_RUNPATH_SEARCH_PATHS = (
					"$(inherited)",
					"@executable_path/../Frameworks",
					"@loader_path/../Frameworks",
				);
				MACOSX_DEPLOYMENT_TARGET = 10.15;
				MTL_ENABLE_DEBUG_INFO = INCLUDE_SOURCE;
				MTL_FAST_MATH = YES;
				PRODUCT_BUNDLE_IDENTIFIER = dev.stevebrun.LCCallNumberTests;
				PRODUCT_NAME = "$(TARGET_NAME)";
			};
			name = Debug;
		};
		AA7EE07A25A38D74000D3271 /* Release */ = {
			isa = XCBuildConfiguration;
			buildSettings = {
				ALWAYS_EMBED_SWIFT_STANDARD_LIBRARIES = YES;
				CLANG_WARN_QUOTED_INCLUDE_IN_FRAMEWORK_HEADER = YES;
				CODE_SIGN_STYLE = Automatic;
				COMBINE_HIDPI_IMAGES = YES;
				DEVELOPMENT_TEAM = 8T447DZKLE;
				INFOPLIST_FILE = LCCallNumberTests/Info.plist;
				LD_RUNPATH_SEARCH_PATHS = (
					"$(inherited)",
					"@executable_path/../Frameworks",
					"@loader_path/../Frameworks",
				);
				MACOSX_DEPLOYMENT_TARGET = 10.15;
				MTL_FAST_MATH = YES;
				PRODUCT_BUNDLE_IDENTIFIER = dev.stevebrun.LCCallNumberTests;
				PRODUCT_NAME = "$(TARGET_NAME)";
			};
			name = Release;
		};
		AAAA428D20B9F32A00BDB52B /* Debug */ = {
			isa = XCBuildConfiguration;
			buildSettings = {
				ALWAYS_EMBED_SWIFT_STANDARD_LIBRARIES = YES;
				CLANG_ENABLE_MODULES = YES;
				CODE_SIGN_IDENTITY = "Mac Developer";
				CODE_SIGN_STYLE = Automatic;
				COMBINE_HIDPI_IMAGES = YES;
				DEVELOPMENT_TEAM = 8T447DZKLE;
				INFOPLIST_FILE = BibliotekTests/Info.plist;
				LD_RUNPATH_SEARCH_PATHS = (
					"$(inherited)",
					"@executable_path/../Frameworks",
					"@loader_path/../Frameworks",
				);
				PRODUCT_BUNDLE_IDENTIFIER = brun.steve.BibliotekTests;
				PRODUCT_NAME = "$(TARGET_NAME)";
				SWIFT_OBJC_BRIDGING_HEADER = "";
				SWIFT_OPTIMIZATION_LEVEL = "-Onone";
				SWIFT_VERSION = 5.0;
			};
			name = Debug;
		};
		AAAA428E20B9F32A00BDB52B /* Release */ = {
			isa = XCBuildConfiguration;
			buildSettings = {
				ALWAYS_EMBED_SWIFT_STANDARD_LIBRARIES = YES;
				CLANG_ENABLE_MODULES = YES;
				CODE_SIGN_IDENTITY = "Mac Developer";
				CODE_SIGN_STYLE = Automatic;
				COMBINE_HIDPI_IMAGES = YES;
				DEVELOPMENT_TEAM = 8T447DZKLE;
				INFOPLIST_FILE = BibliotekTests/Info.plist;
				LD_RUNPATH_SEARCH_PATHS = (
					"$(inherited)",
					"@executable_path/../Frameworks",
					"@loader_path/../Frameworks",
				);
				PRODUCT_BUNDLE_IDENTIFIER = brun.steve.BibliotekTests;
				PRODUCT_NAME = "$(TARGET_NAME)";
				SWIFT_OBJC_BRIDGING_HEADER = "";
				SWIFT_VERSION = 5.0;
			};
			name = Release;
		};
/* End XCBuildConfiguration section */

/* Begin XCConfigurationList section */
		AA14E83120D8D10400430A87 /* Build configuration list for PBXLegacyTarget "config" */ = {
			isa = XCConfigurationList;
			buildConfigurations = (
				AA14E83220D8D10400430A87 /* Debug */,
				AA14E83320D8D10400430A87 /* Release */,
			);
			defaultConfigurationIsVisible = 0;
			defaultConfigurationName = Release;
		};
		AA5900E920AA275000D41982 /* Build configuration list for PBXLegacyTarget "libyaz" */ = {
			isa = XCConfigurationList;
			buildConfigurations = (
				AA5900E720AA275000D41982 /* Debug */,
				AA5900E820AA275000D41982 /* Release */,
			);
			defaultConfigurationIsVisible = 0;
			defaultConfigurationName = Release;
		};
		AA59F0CC20A9FACF00D41982 /* Build configuration list for PBXProject "Bibliotek" */ = {
			isa = XCConfigurationList;
			buildConfigurations = (
				AA59F0D820A9FACF00D41982 /* Debug */,
				AA59F0D920A9FACF00D41982 /* Release */,
			);
			defaultConfigurationIsVisible = 0;
			defaultConfigurationName = Release;
		};
		AA59F0DA20A9FACF00D41982 /* Build configuration list for PBXNativeTarget "Bibliotek" */ = {
			isa = XCConfigurationList;
			buildConfigurations = (
				AA59F0DB20A9FACF00D41982 /* Debug */,
				AA59F0DC20A9FACF00D41982 /* Release */,
			);
			defaultConfigurationIsVisible = 0;
			defaultConfigurationName = Release;
		};
		AA7EE07825A38D74000D3271 /* Build configuration list for PBXNativeTarget "LCCallNumberTests" */ = {
			isa = XCConfigurationList;
			buildConfigurations = (
				AA7EE07925A38D74000D3271 /* Debug */,
				AA7EE07A25A38D74000D3271 /* Release */,
			);
			defaultConfigurationIsVisible = 0;
			defaultConfigurationName = Release;
		};
		AAAA428C20B9F32A00BDB52B /* Build configuration list for PBXNativeTarget "BibliotekTests" */ = {
			isa = XCConfigurationList;
			buildConfigurations = (
				AAAA428D20B9F32A00BDB52B /* Debug */,
				AAAA428E20B9F32A00BDB52B /* Release */,
			);
			defaultConfigurationIsVisible = 0;
			defaultConfigurationName = Release;
		};
/* End XCConfigurationList section */
	};
	rootObject = AA59F0C920A9FACF00D41982 /* Project object */;
}
