// !$*UTF8*$!
{
	archiveVersion = 1;
	classes = {
	};
	objectVersion = 50;
	objects = {

/* Begin PBXBuildFile section */
		AA4282BD221883D400FC829F /* BibCoding.framework in Frameworks */ = {isa = PBXBuildFile; fileRef = AA4282B3221883D400FC829F /* BibCoding.framework */; };
		AA4282C2221883D400FC829F /* BibCodingTests.m in Sources */ = {isa = PBXBuildFile; fileRef = AA4282C1221883D400FC829F /* BibCodingTests.m */; };
		AA4282C4221883D400FC829F /* BibCoding.h in Headers */ = {isa = PBXBuildFile; fileRef = AA4282B6221883D400FC829F /* BibCoding.h */; settings = {ATTRIBUTES = (Public, ); }; };
		AA4282E32218843600FC829F /* BibDecoder.h in Headers */ = {isa = PBXBuildFile; fileRef = AA4282E2221883EC00FC829F /* BibDecoder.h */; settings = {ATTRIBUTES = (Public, ); }; };
		AA4282E42218843600FC829F /* BibDecodable.h in Headers */ = {isa = PBXBuildFile; fileRef = AA4282E1221883EC00FC829F /* BibDecodable.h */; settings = {ATTRIBUTES = (Public, ); }; };
		AA4282E52218843600FC829F /* BibJSONDecoder.h in Headers */ = {isa = PBXBuildFile; fileRef = AA4282D6221883EC00FC829F /* BibJSONDecoder.h */; settings = {ATTRIBUTES = (Public, ); }; };
		AA4282E72218843600FC829F /* BibJSONKeyedValueDecodingContainer.h in Headers */ = {isa = PBXBuildFile; fileRef = AA4282DA221883EC00FC829F /* BibJSONKeyedValueDecodingContainer.h */; };
		AA4282E82218843600FC829F /* BibJSONUnkeyedValueDecodingContainer.h in Headers */ = {isa = PBXBuildFile; fileRef = AA4282DC221883EC00FC829F /* BibJSONUnkeyedValueDecodingContainer.h */; };
		AA4282E92218843600FC829F /* BibJSONSingleValueDecodingContainer.h in Headers */ = {isa = PBXBuildFile; fileRef = AA4282DE221883EC00FC829F /* BibJSONSingleValueDecodingContainer.h */; };
		AA4282EC22188C9200FC829F /* BibDecoder.m in Sources */ = {isa = PBXBuildFile; fileRef = AA4282EA2218867B00FC829F /* BibDecoder.m */; };
		AA4282F022188D5A00FC829F /* BibDecoderError.h in Headers */ = {isa = PBXBuildFile; fileRef = AA4282EE22188D5A00FC829F /* BibDecoderError.h */; settings = {ATTRIBUTES = (Public, ); }; };
		AA4282F122188D5A00FC829F /* BibDecoderError.m in Sources */ = {isa = PBXBuildFile; fileRef = AA4282EF22188D5A00FC829F /* BibDecoderError.m */; };
		AA4282F52218BC5B00FC829F /* BibJSONDecoder.m in Sources */ = {isa = PBXBuildFile; fileRef = AA4282D7221883EC00FC829F /* BibJSONDecoder.m */; };
		AA4282F62218BC5B00FC829F /* BibJSONKeyedValueDecodingContainer.m in Sources */ = {isa = PBXBuildFile; fileRef = AA4282DB221883EC00FC829F /* BibJSONKeyedValueDecodingContainer.m */; };
		AA4282F72218BC5B00FC829F /* BibJSONUnkeyedValueDecodingContainer.m in Sources */ = {isa = PBXBuildFile; fileRef = AA4282DD221883EC00FC829F /* BibJSONUnkeyedValueDecodingContainer.m */; };
		AA4282F82218BC5B00FC829F /* BibJSONSingleValueDecoder.m in Sources */ = {isa = PBXBuildFile; fileRef = AA4282DF221883EC00FC829F /* BibJSONSingleValueDecoder.m */; };
/* End PBXBuildFile section */

/* Begin PBXContainerItemProxy section */
		AA4282BE221883D400FC829F /* PBXContainerItemProxy */ = {
			isa = PBXContainerItemProxy;
			containerPortal = AA4282AA221883D400FC829F /* Project object */;
			proxyType = 1;
			remoteGlobalIDString = AA4282B2221883D400FC829F;
			remoteInfo = BibCoding;
		};
/* End PBXContainerItemProxy section */

/* Begin PBXFileReference section */
		AA4282B3221883D400FC829F /* BibCoding.framework */ = {isa = PBXFileReference; explicitFileType = wrapper.framework; includeInIndex = 0; path = BibCoding.framework; sourceTree = BUILT_PRODUCTS_DIR; };
		AA4282B6221883D400FC829F /* BibCoding.h */ = {isa = PBXFileReference; lastKnownFileType = sourcecode.c.h; path = BibCoding.h; sourceTree = "<group>"; };
		AA4282B7221883D400FC829F /* Info.plist */ = {isa = PBXFileReference; lastKnownFileType = text.plist.xml; path = Info.plist; sourceTree = "<group>"; };
		AA4282BC221883D400FC829F /* BibCodingTests.xctest */ = {isa = PBXFileReference; explicitFileType = wrapper.cfbundle; includeInIndex = 0; path = BibCodingTests.xctest; sourceTree = BUILT_PRODUCTS_DIR; };
		AA4282C1221883D400FC829F /* BibCodingTests.m */ = {isa = PBXFileReference; lastKnownFileType = sourcecode.c.objc; path = BibCodingTests.m; sourceTree = "<group>"; };
		AA4282C3221883D400FC829F /* Info.plist */ = {isa = PBXFileReference; lastKnownFileType = text.plist.xml; path = Info.plist; sourceTree = "<group>"; };
		AA4282D6221883EC00FC829F /* BibJSONDecoder.h */ = {isa = PBXFileReference; lastKnownFileType = sourcecode.c.h; path = BibJSONDecoder.h; sourceTree = "<group>"; };
		AA4282D7221883EC00FC829F /* BibJSONDecoder.m */ = {isa = PBXFileReference; lastKnownFileType = sourcecode.c.objc; path = BibJSONDecoder.m; sourceTree = "<group>"; };
		AA4282DA221883EC00FC829F /* BibJSONKeyedValueDecodingContainer.h */ = {isa = PBXFileReference; lastKnownFileType = sourcecode.c.h; path = BibJSONKeyedValueDecodingContainer.h; sourceTree = "<group>"; };
		AA4282DB221883EC00FC829F /* BibJSONKeyedValueDecodingContainer.m */ = {isa = PBXFileReference; lastKnownFileType = sourcecode.c.objc; path = BibJSONKeyedValueDecodingContainer.m; sourceTree = "<group>"; };
		AA4282DC221883EC00FC829F /* BibJSONUnkeyedValueDecodingContainer.h */ = {isa = PBXFileReference; lastKnownFileType = sourcecode.c.h; path = BibJSONUnkeyedValueDecodingContainer.h; sourceTree = "<group>"; };
		AA4282DD221883EC00FC829F /* BibJSONUnkeyedValueDecodingContainer.m */ = {isa = PBXFileReference; lastKnownFileType = sourcecode.c.objc; path = BibJSONUnkeyedValueDecodingContainer.m; sourceTree = "<group>"; };
		AA4282DE221883EC00FC829F /* BibJSONSingleValueDecodingContainer.h */ = {isa = PBXFileReference; lastKnownFileType = sourcecode.c.h; path = BibJSONSingleValueDecodingContainer.h; sourceTree = "<group>"; };
		AA4282DF221883EC00FC829F /* BibJSONSingleValueDecoder.m */ = {isa = PBXFileReference; lastKnownFileType = sourcecode.c.objc; path = BibJSONSingleValueDecoder.m; sourceTree = "<group>"; };
		AA4282E1221883EC00FC829F /* BibDecodable.h */ = {isa = PBXFileReference; lastKnownFileType = sourcecode.c.h; path = BibDecodable.h; sourceTree = "<group>"; };
		AA4282E2221883EC00FC829F /* BibDecoder.h */ = {isa = PBXFileReference; lastKnownFileType = sourcecode.c.h; path = BibDecoder.h; sourceTree = "<group>"; };
		AA4282EA2218867B00FC829F /* BibDecoder.m */ = {isa = PBXFileReference; lastKnownFileType = sourcecode.c.objc; path = BibDecoder.m; sourceTree = "<group>"; };
		AA4282EE22188D5A00FC829F /* BibDecoderError.h */ = {isa = PBXFileReference; lastKnownFileType = sourcecode.c.h; path = BibDecoderError.h; sourceTree = "<group>"; };
		AA4282EF22188D5A00FC829F /* BibDecoderError.m */ = {isa = PBXFileReference; lastKnownFileType = sourcecode.c.objc; path = BibDecoderError.m; sourceTree = "<group>"; };
/* End PBXFileReference section */

/* Begin PBXFrameworksBuildPhase section */
		AA4282B0221883D400FC829F /* Frameworks */ = {
			isa = PBXFrameworksBuildPhase;
			buildActionMask = 2147483647;
			files = (
			);
			runOnlyForDeploymentPostprocessing = 0;
		};
		AA4282B9221883D400FC829F /* Frameworks */ = {
			isa = PBXFrameworksBuildPhase;
			buildActionMask = 2147483647;
			files = (
				AA4282BD221883D400FC829F /* BibCoding.framework in Frameworks */,
			);
			runOnlyForDeploymentPostprocessing = 0;
		};
/* End PBXFrameworksBuildPhase section */

/* Begin PBXGroup section */
		AA4282A9221883D400FC829F = {
			isa = PBXGroup;
			children = (
				AA4282B5221883D400FC829F /* BibCoding */,
				AA4282C0221883D400FC829F /* BibCodingTests */,
				AA4282B4221883D400FC829F /* Products */,
			);
			sourceTree = "<group>";
		};
		AA4282B4221883D400FC829F /* Products */ = {
			isa = PBXGroup;
			children = (
				AA4282B3221883D400FC829F /* BibCoding.framework */,
				AA4282BC221883D400FC829F /* BibCodingTests.xctest */,
			);
			name = Products;
			sourceTree = "<group>";
		};
		AA4282B5221883D400FC829F /* BibCoding */ = {
			isa = PBXGroup;
			children = (
				AA4282B6221883D400FC829F /* BibCoding.h */,
				AA4282E1221883EC00FC829F /* BibDecodable.h */,
				AA4282E2221883EC00FC829F /* BibDecoder.h */,
				AA4282EA2218867B00FC829F /* BibDecoder.m */,
				AA4282EE22188D5A00FC829F /* BibDecoderError.h */,
				AA4282EF22188D5A00FC829F /* BibDecoderError.m */,
				AA4282E0221883EC00FC829F /* JSONDecoder */,
				AA4282B7221883D400FC829F /* Info.plist */,
			);
			path = BibCoding;
			sourceTree = "<group>";
		};
		AA4282C0221883D400FC829F /* BibCodingTests */ = {
			isa = PBXGroup;
			children = (
				AA4282C1221883D400FC829F /* BibCodingTests.m */,
				AA4282C3221883D400FC829F /* Info.plist */,
			);
			path = BibCodingTests;
			sourceTree = "<group>";
		};
		AA4282E0221883EC00FC829F /* JSONDecoder */ = {
			isa = PBXGroup;
			children = (
				AA4282D6221883EC00FC829F /* BibJSONDecoder.h */,
				AA4282D7221883EC00FC829F /* BibJSONDecoder.m */,
				AA4282DA221883EC00FC829F /* BibJSONKeyedValueDecodingContainer.h */,
				AA4282DB221883EC00FC829F /* BibJSONKeyedValueDecodingContainer.m */,
				AA4282DC221883EC00FC829F /* BibJSONUnkeyedValueDecodingContainer.h */,
				AA4282DD221883EC00FC829F /* BibJSONUnkeyedValueDecodingContainer.m */,
				AA4282DE221883EC00FC829F /* BibJSONSingleValueDecodingContainer.h */,
				AA4282DF221883EC00FC829F /* BibJSONSingleValueDecoder.m */,
			);
			path = JSONDecoder;
			sourceTree = "<group>";
		};
/* End PBXGroup section */

/* Begin PBXHeadersBuildPhase section */
		AA4282AE221883D400FC829F /* Headers */ = {
			isa = PBXHeadersBuildPhase;
			buildActionMask = 2147483647;
			files = (
				AA4282E82218843600FC829F /* BibJSONUnkeyedValueDecodingContainer.h in Headers */,
				AA4282C4221883D400FC829F /* BibCoding.h in Headers */,
				AA4282E42218843600FC829F /* BibDecodable.h in Headers */,
				AA4282F022188D5A00FC829F /* BibDecoderError.h in Headers */,
				AA4282E32218843600FC829F /* BibDecoder.h in Headers */,
				AA4282E92218843600FC829F /* BibJSONSingleValueDecodingContainer.h in Headers */,
				AA4282E72218843600FC829F /* BibJSONKeyedValueDecodingContainer.h in Headers */,
				AA4282E52218843600FC829F /* BibJSONDecoder.h in Headers */,
			);
			runOnlyForDeploymentPostprocessing = 0;
		};
/* End PBXHeadersBuildPhase section */

/* Begin PBXNativeTarget section */
		AA4282B2221883D400FC829F /* BibCoding */ = {
			isa = PBXNativeTarget;
			buildConfigurationList = AA4282C7221883D400FC829F /* Build configuration list for PBXNativeTarget "BibCoding" */;
			buildPhases = (
				AA4282AE221883D400FC829F /* Headers */,
				AA4282AF221883D400FC829F /* Sources */,
				AA4282B0221883D400FC829F /* Frameworks */,
				AA4282B1221883D400FC829F /* Resources */,
			);
			buildRules = (
			);
			dependencies = (
			);
			name = BibCoding;
			productName = BibCoding;
			productReference = AA4282B3221883D400FC829F /* BibCoding.framework */;
			productType = "com.apple.product-type.framework";
		};
		AA4282BB221883D400FC829F /* BibCodingTests */ = {
			isa = PBXNativeTarget;
			buildConfigurationList = AA4282CA221883D400FC829F /* Build configuration list for PBXNativeTarget "BibCodingTests" */;
			buildPhases = (
				AA4282B8221883D400FC829F /* Sources */,
				AA4282B9221883D400FC829F /* Frameworks */,
				AA4282BA221883D400FC829F /* Resources */,
			);
			buildRules = (
			);
			dependencies = (
				AA4282BF221883D400FC829F /* PBXTargetDependency */,
			);
			name = BibCodingTests;
			productName = BibCodingTests;
			productReference = AA4282BC221883D400FC829F /* BibCodingTests.xctest */;
			productType = "com.apple.product-type.bundle.unit-test";
		};
/* End PBXNativeTarget section */

/* Begin PBXProject section */
		AA4282AA221883D400FC829F /* Project object */ = {
			isa = PBXProject;
			attributes = {
				LastUpgradeCheck = 1010;
				ORGANIZATIONNAME = "Steve Brunwasser";
				TargetAttributes = {
					AA4282B2221883D400FC829F = {
						CreatedOnToolsVersion = 10.1;
					};
					AA4282BB221883D400FC829F = {
						CreatedOnToolsVersion = 10.1;
					};
				};
			};
			buildConfigurationList = AA4282AD221883D400FC829F /* Build configuration list for PBXProject "BibCoding" */;
			compatibilityVersion = "Xcode 9.3";
			developmentRegion = en;
			hasScannedForEncodings = 0;
			knownRegions = (
				en,
			);
			mainGroup = AA4282A9221883D400FC829F;
			productRefGroup = AA4282B4221883D400FC829F /* Products */;
			projectDirPath = "";
			projectRoot = "";
			targets = (
				AA4282B2221883D400FC829F /* BibCoding */,
				AA4282BB221883D400FC829F /* BibCodingTests */,
			);
		};
/* End PBXProject section */

/* Begin PBXResourcesBuildPhase section */
		AA4282B1221883D400FC829F /* Resources */ = {
			isa = PBXResourcesBuildPhase;
			buildActionMask = 2147483647;
			files = (
			);
			runOnlyForDeploymentPostprocessing = 0;
		};
		AA4282BA221883D400FC829F /* Resources */ = {
			isa = PBXResourcesBuildPhase;
			buildActionMask = 2147483647;
			files = (
			);
			runOnlyForDeploymentPostprocessing = 0;
		};
/* End PBXResourcesBuildPhase section */

/* Begin PBXSourcesBuildPhase section */
		AA4282AF221883D400FC829F /* Sources */ = {
			isa = PBXSourcesBuildPhase;
			buildActionMask = 2147483647;
			files = (
				AA4282F72218BC5B00FC829F /* BibJSONUnkeyedValueDecodingContainer.m in Sources */,
				AA4282F52218BC5B00FC829F /* BibJSONDecoder.m in Sources */,
				AA4282F82218BC5B00FC829F /* BibJSONSingleValueDecoder.m in Sources */,
				AA4282F62218BC5B00FC829F /* BibJSONKeyedValueDecodingContainer.m in Sources */,
				AA4282EC22188C9200FC829F /* BibDecoder.m in Sources */,
				AA4282F122188D5A00FC829F /* BibDecoderError.m in Sources */,
			);
			runOnlyForDeploymentPostprocessing = 0;
		};
		AA4282B8221883D400FC829F /* Sources */ = {
			isa = PBXSourcesBuildPhase;
			buildActionMask = 2147483647;
			files = (
				AA4282C2221883D400FC829F /* BibCodingTests.m in Sources */,
			);
			runOnlyForDeploymentPostprocessing = 0;
		};
/* End PBXSourcesBuildPhase section */

/* Begin PBXTargetDependency section */
		AA4282BF221883D400FC829F /* PBXTargetDependency */ = {
			isa = PBXTargetDependency;
			target = AA4282B2221883D400FC829F /* BibCoding */;
			targetProxy = AA4282BE221883D400FC829F /* PBXContainerItemProxy */;
		};
/* End PBXTargetDependency section */

/* Begin XCBuildConfiguration section */
		AA4282C5221883D400FC829F /* Debug */ = {
			isa = XCBuildConfiguration;
			buildSettings = {
				ALWAYS_SEARCH_USER_PATHS = NO;
				CLANG_ANALYZER_NONNULL = YES;
				CLANG_ANALYZER_NUMBER_OBJECT_CONVERSION = YES_AGGRESSIVE;
				CLANG_CXX_LANGUAGE_STANDARD = "gnu++14";
				CLANG_CXX_LIBRARY = "libc++";
				CLANG_ENABLE_MODULES = YES;
				CLANG_ENABLE_OBJC_ARC = YES;
				CLANG_ENABLE_OBJC_WEAK = YES;
				CLANG_WARN_BLOCK_CAPTURE_AUTORELEASING = YES;
				CLANG_WARN_BOOL_CONVERSION = YES;
				CLANG_WARN_COMMA = YES;
				CLANG_WARN_CONSTANT_CONVERSION = YES;
				CLANG_WARN_DEPRECATED_OBJC_IMPLEMENTATIONS = YES;
				CLANG_WARN_DIRECT_OBJC_ISA_USAGE = YES_ERROR;
				CLANG_WARN_DOCUMENTATION_COMMENTS = YES;
				CLANG_WARN_EMPTY_BODY = YES;
				CLANG_WARN_ENUM_CONVERSION = YES;
				CLANG_WARN_INFINITE_RECURSION = YES;
				CLANG_WARN_INT_CONVERSION = YES;
				CLANG_WARN_NON_LITERAL_NULL_CONVERSION = YES;
				CLANG_WARN_OBJC_IMPLICIT_RETAIN_SELF = YES;
				CLANG_WARN_OBJC_LITERAL_CONVERSION = YES;
				CLANG_WARN_OBJC_ROOT_CLASS = YES_ERROR;
				CLANG_WARN_RANGE_LOOP_ANALYSIS = YES;
				CLANG_WARN_STRICT_PROTOTYPES = YES;
				CLANG_WARN_SUSPICIOUS_MOVE = YES;
				CLANG_WARN_UNGUARDED_AVAILABILITY = YES_AGGRESSIVE;
				CLANG_WARN_UNREACHABLE_CODE = YES;
				CLANG_WARN__DUPLICATE_METHOD_MATCH = YES;
				CODE_SIGN_IDENTITY = "Mac Developer";
				COPY_PHASE_STRIP = NO;
				CURRENT_PROJECT_VERSION = 1;
				DEBUG_INFORMATION_FORMAT = dwarf;
				ENABLE_STRICT_OBJC_MSGSEND = YES;
				ENABLE_TESTABILITY = YES;
				GCC_C_LANGUAGE_STANDARD = gnu11;
				GCC_DYNAMIC_NO_PIC = NO;
				GCC_NO_COMMON_BLOCKS = YES;
				GCC_OPTIMIZATION_LEVEL = 0;
				GCC_PREPROCESSOR_DEFINITIONS = (
					"DEBUG=1",
					"$(inherited)",
				);
				GCC_WARN_64_TO_32_BIT_CONVERSION = YES;
				GCC_WARN_ABOUT_RETURN_TYPE = YES_ERROR;
				GCC_WARN_UNDECLARED_SELECTOR = YES;
				GCC_WARN_UNINITIALIZED_AUTOS = YES_AGGRESSIVE;
				GCC_WARN_UNUSED_FUNCTION = YES;
				GCC_WARN_UNUSED_VARIABLE = YES;
				MACOSX_DEPLOYMENT_TARGET = 10.14;
				MTL_ENABLE_DEBUG_INFO = INCLUDE_SOURCE;
				MTL_FAST_MATH = YES;
				ONLY_ACTIVE_ARCH = YES;
				SDKROOT = macosx;
				VERSIONING_SYSTEM = "apple-generic";
				VERSION_INFO_PREFIX = "";
			};
			name = Debug;
		};
		AA4282C6221883D400FC829F /* Release */ = {
			isa = XCBuildConfiguration;
			buildSettings = {
				ALWAYS_SEARCH_USER_PATHS = NO;
				CLANG_ANALYZER_NONNULL = YES;
				CLANG_ANALYZER_NUMBER_OBJECT_CONVERSION = YES_AGGRESSIVE;
				CLANG_CXX_LANGUAGE_STANDARD = "gnu++14";
				CLANG_CXX_LIBRARY = "libc++";
				CLANG_ENABLE_MODULES = YES;
				CLANG_ENABLE_OBJC_ARC = YES;
				CLANG_ENABLE_OBJC_WEAK = YES;
				CLANG_WARN_BLOCK_CAPTURE_AUTORELEASING = YES;
				CLANG_WARN_BOOL_CONVERSION = YES;
				CLANG_WARN_COMMA = YES;
				CLANG_WARN_CONSTANT_CONVERSION = YES;
				CLANG_WARN_DEPRECATED_OBJC_IMPLEMENTATIONS = YES;
				CLANG_WARN_DIRECT_OBJC_ISA_USAGE = YES_ERROR;
				CLANG_WARN_DOCUMENTATION_COMMENTS = YES;
				CLANG_WARN_EMPTY_BODY = YES;
				CLANG_WARN_ENUM_CONVERSION = YES;
				CLANG_WARN_INFINITE_RECURSION = YES;
				CLANG_WARN_INT_CONVERSION = YES;
				CLANG_WARN_NON_LITERAL_NULL_CONVERSION = YES;
				CLANG_WARN_OBJC_IMPLICIT_RETAIN_SELF = YES;
				CLANG_WARN_OBJC_LITERAL_CONVERSION = YES;
				CLANG_WARN_OBJC_ROOT_CLASS = YES_ERROR;
				CLANG_WARN_RANGE_LOOP_ANALYSIS = YES;
				CLANG_WARN_STRICT_PROTOTYPES = YES;
				CLANG_WARN_SUSPICIOUS_MOVE = YES;
				CLANG_WARN_UNGUARDED_AVAILABILITY = YES_AGGRESSIVE;
				CLANG_WARN_UNREACHABLE_CODE = YES;
				CLANG_WARN__DUPLICATE_METHOD_MATCH = YES;
				CODE_SIGN_IDENTITY = "Mac Developer";
				COPY_PHASE_STRIP = NO;
				CURRENT_PROJECT_VERSION = 1;
				DEBUG_INFORMATION_FORMAT = "dwarf-with-dsym";
				ENABLE_NS_ASSERTIONS = NO;
				ENABLE_STRICT_OBJC_MSGSEND = YES;
				GCC_C_LANGUAGE_STANDARD = gnu11;
				GCC_NO_COMMON_BLOCKS = YES;
				GCC_WARN_64_TO_32_BIT_CONVERSION = YES;
				GCC_WARN_ABOUT_RETURN_TYPE = YES_ERROR;
				GCC_WARN_UNDECLARED_SELECTOR = YES;
				GCC_WARN_UNINITIALIZED_AUTOS = YES_AGGRESSIVE;
				GCC_WARN_UNUSED_FUNCTION = YES;
				GCC_WARN_UNUSED_VARIABLE = YES;
				MACOSX_DEPLOYMENT_TARGET = 10.14;
				MTL_ENABLE_DEBUG_INFO = NO;
				MTL_FAST_MATH = YES;
				SDKROOT = macosx;
				VERSIONING_SYSTEM = "apple-generic";
				VERSION_INFO_PREFIX = "";
			};
			name = Release;
		};
		AA4282C8221883D400FC829F /* Debug */ = {
			isa = XCBuildConfiguration;
			buildSettings = {
				CODE_SIGN_IDENTITY = "";
				CODE_SIGN_STYLE = Automatic;
				COMBINE_HIDPI_IMAGES = YES;
				DEFINES_MODULE = YES;
				DEVELOPMENT_TEAM = 8T447DZKLE;
				DYLIB_COMPATIBILITY_VERSION = 1;
				DYLIB_CURRENT_VERSION = 1;
				DYLIB_INSTALL_NAME_BASE = "@rpath";
				FRAMEWORK_VERSION = A;
				INFOPLIST_FILE = BibCoding/Info.plist;
				INSTALL_PATH = "$(LOCAL_LIBRARY_DIR)/Frameworks";
				LD_RUNPATH_SEARCH_PATHS = (
					"$(inherited)",
					"@executable_path/../Frameworks",
					"@loader_path/Frameworks",
				);
				PRODUCT_BUNDLE_IDENTIFIER = brun.steve.BibCoding;
				PRODUCT_NAME = "$(TARGET_NAME:c99extidentifier)";
				SKIP_INSTALL = YES;
			};
			name = Debug;
		};
		AA4282C9221883D400FC829F /* Release */ = {
			isa = XCBuildConfiguration;
			buildSettings = {
				CODE_SIGN_IDENTITY = "";
				CODE_SIGN_STYLE = Automatic;
				COMBINE_HIDPI_IMAGES = YES;
				DEFINES_MODULE = YES;
				DEVELOPMENT_TEAM = 8T447DZKLE;
				DYLIB_COMPATIBILITY_VERSION = 1;
				DYLIB_CURRENT_VERSION = 1;
				DYLIB_INSTALL_NAME_BASE = "@rpath";
				FRAMEWORK_VERSION = A;
				INFOPLIST_FILE = BibCoding/Info.plist;
				INSTALL_PATH = "$(LOCAL_LIBRARY_DIR)/Frameworks";
				LD_RUNPATH_SEARCH_PATHS = (
					"$(inherited)",
					"@executable_path/../Frameworks",
					"@loader_path/Frameworks",
				);
				PRODUCT_BUNDLE_IDENTIFIER = brun.steve.BibCoding;
				PRODUCT_NAME = "$(TARGET_NAME:c99extidentifier)";
				SKIP_INSTALL = YES;
			};
			name = Release;
		};
		AA4282CB221883D400FC829F /* Debug */ = {
			isa = XCBuildConfiguration;
			buildSettings = {
				CODE_SIGN_STYLE = Automatic;
				COMBINE_HIDPI_IMAGES = YES;
				DEVELOPMENT_TEAM = 8T447DZKLE;
				INFOPLIST_FILE = BibCodingTests/Info.plist;
				LD_RUNPATH_SEARCH_PATHS = (
					"$(inherited)",
					"@executable_path/../Frameworks",
					"@loader_path/../Frameworks",
				);
				PRODUCT_BUNDLE_IDENTIFIER = brun.steve.BibCodingTests;
				PRODUCT_NAME = "$(TARGET_NAME)";
			};
			name = Debug;
		};
		AA4282CC221883D400FC829F /* Release */ = {
			isa = XCBuildConfiguration;
			buildSettings = {
				CODE_SIGN_STYLE = Automatic;
				COMBINE_HIDPI_IMAGES = YES;
				DEVELOPMENT_TEAM = 8T447DZKLE;
				INFOPLIST_FILE = BibCodingTests/Info.plist;
				LD_RUNPATH_SEARCH_PATHS = (
					"$(inherited)",
					"@executable_path/../Frameworks",
					"@loader_path/../Frameworks",
				);
				PRODUCT_BUNDLE_IDENTIFIER = brun.steve.BibCodingTests;
				PRODUCT_NAME = "$(TARGET_NAME)";
			};
			name = Release;
		};
/* End XCBuildConfiguration section */

/* Begin XCConfigurationList section */
		AA4282AD221883D400FC829F /* Build configuration list for PBXProject "BibCoding" */ = {
			isa = XCConfigurationList;
			buildConfigurations = (
				AA4282C5221883D400FC829F /* Debug */,
				AA4282C6221883D400FC829F /* Release */,
			);
			defaultConfigurationIsVisible = 0;
			defaultConfigurationName = Release;
		};
		AA4282C7221883D400FC829F /* Build configuration list for PBXNativeTarget "BibCoding" */ = {
			isa = XCConfigurationList;
			buildConfigurations = (
				AA4282C8221883D400FC829F /* Debug */,
				AA4282C9221883D400FC829F /* Release */,
			);
			defaultConfigurationIsVisible = 0;
			defaultConfigurationName = Release;
		};
		AA4282CA221883D400FC829F /* Build configuration list for PBXNativeTarget "BibCodingTests" */ = {
			isa = XCConfigurationList;
			buildConfigurations = (
				AA4282CB221883D400FC829F /* Debug */,
				AA4282CC221883D400FC829F /* Release */,
			);
			defaultConfigurationIsVisible = 0;
			defaultConfigurationName = Release;
		};
/* End XCConfigurationList section */
	};
	rootObject = AA4282AA221883D400FC829F /* Project object */;
}
